{
  "format_version": "1.0",
  "provider_schemas": {
    "registry.terraform.io/hashicorp/local": {
      "provider": {
        "version": 0,
        "block": {
          "description_kind": "plain"
        }
      },
      "resource_schemas": {
        "local_file": {
          "version": 0,
          "block": {
            "attributes": {
              "content": {
                "type": "string",
                "description": "Content to store in the file, expected to be an UTF-8 encoded string.",
                "description_kind": "plain",
                "optional": true
              },
              "content_base64": {
                "type": "string",
                "description": "Content to store in the file, expected to be binary encoded as base64 string.",
                "description_kind": "plain",
                "optional": true
              },
              "directory_permission": {
                "type": "string",
                "description": "Permissions to set for directories created (in numeric notation).",
                "description_kind": "plain",
                "optional": true
              },
              "file_permission": {
                "type": "string",
                "description": "Permissions to set for the output file (in numeric notation).",
                "description_kind": "plain",
                "optional": true
              },
              "filename": {
                "type": "string",
                "description": "\n\t\t\t\t\tThe path to the file that will be created.\n\t\t\t\t\tMissing parent directories will be created.\n\t\t\t\t\tIf the file already exists, it will be overridden with the given content.\n\t\t\t\t",
                "description_kind": "plain",
                "required": true
              },
              "id": {
                "type": "string",
                "description_kind": "plain",
                "optional": true,
                "computed": true
              },
              "sensitive_content": {
                "type": "string",
                "description": "Sensitive content to store in the file, expected to be an UTF-8 encoded string.",
                "description_kind": "plain",
                "deprecated": true,
                "optional": true,
                "sensitive": true
              },
              "source": {
                "type": "string",
                "description": "Path to file to use as source for the one we are creating.",
                "description_kind": "plain",
                "optional": true
              }
            },
            "description": "Generates a local file with the given content.",
            "description_kind": "plain"
          }
        },
        "local_sensitive_file": {
          "version": 0,
          "block": {
            "attributes": {
              "content": {
                "type": "string",
                "description": "Sensitive content to store in the file, expected to be an UTF-8 encoded string.",
                "description_kind": "plain",
                "optional": true,
                "sensitive": true
              },
              "content_base64": {
                "type": "string",
                "description": "Sensitive content to store in the file, expected to be binary encoded as base64 string.",
                "description_kind": "plain",
                "optional": true,
                "sensitive": true
              },
              "directory_permission": {
                "type": "string",
                "description": "Permissions to set for directories created (in numeric notation).",
                "description_kind": "plain",
                "optional": true
              },
              "file_permission": {
                "type": "string",
                "description": "Permissions to set for the output file (in numeric notation).",
                "description_kind": "plain",
                "optional": true
              },
              "filename": {
                "type": "string",
                "description": "\n\t\t\t\t\tThe path to the file that will be created.\n\t\t\t\t\tMissing parent directories will be created.\n\t\t\t\t\tIf the file already exists, it will be overridden with the given content.\n\t\t\t\t",
                "description_kind": "plain",
                "required": true
              },
              "id": {
                "type": "string",
                "description_kind": "plain",
                "optional": true,
                "computed": true
              },
              "source": {
                "type": "string",
                "description": "Path to file to use as source for the one we are creating.",
                "description_kind": "plain",
                "optional": true
              }
            },
            "description": "Generates a local file with the given sensitive content.",
            "description_kind": "plain"
          }
        }
      },
      "data_source_schemas": {
        "local_file": {
          "version": 0,
          "block": {
            "attributes": {
              "content": {
                "type": "string",
                "description": "Raw content of the file that was read, as UTF-8 encoded string.",
                "description_kind": "plain",
                "computed": true
              },
              "content_base64": {
                "type": "string",
                "description": "Base64 encoded version of the file content (use this when dealing with binary data).",
                "description_kind": "plain",
                "computed": true
              },
              "filename": {
                "type": "string",
                "description": "Path to the file that will be read. The data source will return an error if the file does not exist.",
                "description_kind": "plain",
                "required": true
              },
              "id": {
                "type": "string",
                "description_kind": "plain",
                "optional": true,
                "computed": true
              }
            },
            "description": "Reads a file from the local filesystem.",
            "description_kind": "plain"
          }
        },
        "local_sensitive_file": {
          "version": 0,
          "block": {
            "attributes": {
              "content": {
                "type": "string",
                "description": "Raw content of the file that was read, as UTF-8 encoded string.",
                "description_kind": "plain",
                "computed": true,
                "sensitive": true
              },
              "content_base64": {
                "type": "string",
                "description": "Base64 encoded version of the file raw content (use this when dealing with binary data).",
                "description_kind": "plain",
                "computed": true,
                "sensitive": true
              },
              "filename": {
                "type": "string",
                "description": "Path to the file that will be read. The data source will return an error if the file does not exist.",
                "description_kind": "plain",
                "required": true
              },
              "id": {
                "type": "string",
                "description_kind": "plain",
                "optional": true,
                "computed": true
              }
            },
            "description": "Reads a file that contains sensitive data, from the local filesystem.",
            "description_kind": "plain"
          }
        }
      }
    }
  }
}