{
  "format_version": "0.1",
  "provider_schemas": {
    "google": {
      "provider": {
        "version": 0,
        "block": {
          "attributes": {
            "access_context_manager_custom_endpoint": {
              "type": "string",
              "optional": true
            },
            "access_token": {
              "type": "string",
              "optional": true
            },
            "app_engine_custom_endpoint": {
              "type": "string",
              "optional": true
            },
            "big_query_custom_endpoint": {
              "type": "string",
              "optional": true
            },
            "bigquery_data_transfer_custom_endpoint": {
              "type": "string",
              "optional": true
            },
            "bigtable_custom_endpoint": {
              "type": "string",
              "optional": true
            },
            "binary_authorization_custom_endpoint": {
              "type": "string",
              "optional": true
            },
            "cloud_billing_custom_endpoint": {
              "type": "string",
              "optional": true
            },
            "cloud_build_custom_endpoint": {
              "type": "string",
              "optional": true
            },
            "cloud_functions_custom_endpoint": {
              "type": "string",
              "optional": true
            },
            "cloud_iot_custom_endpoint": {
              "type": "string",
              "optional": true
            },
            "cloud_scheduler_custom_endpoint": {
              "type": "string",
              "optional": true
            },
            "composer_custom_endpoint": {
              "type": "string",
              "optional": true
            },
            "compute_beta_custom_endpoint": {
              "type": "string",
              "optional": true
            },
            "compute_custom_endpoint": {
              "type": "string",
              "optional": true
            },
            "container_analysis_custom_endpoint": {
              "type": "string",
              "optional": true
            },
            "container_beta_custom_endpoint": {
              "type": "string",
              "optional": true
            },
            "container_custom_endpoint": {
              "type": "string",
              "optional": true
            },
            "credentials": {
              "type": "string",
              "optional": true
            },
            "dataflow_custom_endpoint": {
              "type": "string",
              "optional": true
            },
            "dataproc_beta_custom_endpoint": {
              "type": "string",
              "optional": true
            },
            "dataproc_custom_endpoint": {
              "type": "string",
              "optional": true
            },
            "dns_beta_custom_endpoint": {
              "type": "string",
              "optional": true
            },
            "dns_custom_endpoint": {
              "type": "string",
              "optional": true
            },
            "filestore_custom_endpoint": {
              "type": "string",
              "optional": true
            },
            "firestore_custom_endpoint": {
              "type": "string",
              "optional": true
            },
            "iam_credentials_custom_endpoint": {
              "type": "string",
              "optional": true
            },
            "iam_custom_endpoint": {
              "type": "string",
              "optional": true
            },
            "iap_custom_endpoint": {
              "type": "string",
              "optional": true
            },
            "kms_custom_endpoint": {
              "type": "string",
              "optional": true
            },
            "logging_custom_endpoint": {
              "type": "string",
              "optional": true
            },
            "ml_engine_custom_endpoint": {
              "type": "string",
              "optional": true
            },
            "monitoring_custom_endpoint": {
              "type": "string",
              "optional": true
            },
            "project": {
              "type": "string",
              "optional": true
            },
            "pubsub_custom_endpoint": {
              "type": "string",
              "optional": true
            },
            "redis_custom_endpoint": {
              "type": "string",
              "optional": true
            },
            "region": {
              "type": "string",
              "optional": true
            },
            "resource_manager_custom_endpoint": {
              "type": "string",
              "optional": true
            },
            "resource_manager_v2beta1_custom_endpoint": {
              "type": "string",
              "optional": true
            },
            "runtime_config_custom_endpoint": {
              "type": "string",
              "optional": true
            },
            "runtimeconfig_custom_endpoint": {
              "type": "string",
              "optional": true
            },
            "scopes": {
              "type": ["list", "string"],
              "optional": true
            },
            "security_center_custom_endpoint": {
              "type": "string",
              "optional": true
            },
            "service_management_custom_endpoint": {
              "type": "string",
              "optional": true
            },
            "service_networking_custom_endpoint": {
              "type": "string",
              "optional": true
            },
            "service_usage_custom_endpoint": {
              "type": "string",
              "optional": true
            },
            "source_repo_custom_endpoint": {
              "type": "string",
              "optional": true
            },
            "spanner_custom_endpoint": {
              "type": "string",
              "optional": true
            },
            "sql_custom_endpoint": {
              "type": "string",
              "optional": true
            },
            "storage_custom_endpoint": {
              "type": "string",
              "optional": true
            },
            "storage_transfer_custom_endpoint": {
              "type": "string",
              "optional": true
            },
            "tpu_custom_endpoint": {
              "type": "string",
              "optional": true
            },
            "user_project_override": {
              "type": "bool",
              "optional": true
            },
            "zone": {
              "type": "string",
              "optional": true
            }
          },
          "block_types": {
            "batching": {
              "nesting_mode": "list",
              "block": {
                "attributes": {
                  "enable_batching": {
                    "type": "bool",
                    "optional": true
                  },
                  "send_after": {
                    "type": "string",
                    "optional": true
                  }
                }
              },
              "max_items": 1
            }
          }
        }
      },
      "resource_schemas": {
        "google_access_context_manager_access_level": {
          "version": 0,
          "block": {
            "attributes": {
              "description": {
                "type": "string",
                "optional": true
              },
              "id": {
                "type": "string",
                "optional": true,
                "computed": true
              },
              "name": {
                "type": "string",
                "required": true
              },
              "parent": {
                "type": "string",
                "required": true
              },
              "title": {
                "type": "string",
                "required": true
              }
            },
            "block_types": {
              "basic": {
                "nesting_mode": "list",
                "block": {
                  "attributes": {
                    "combining_function": {
                      "type": "string",
                      "optional": true
                    }
                  },
                  "block_types": {
                    "conditions": {
                      "nesting_mode": "list",
                      "block": {
                        "attributes": {
                          "ip_subnetworks": {
                            "type": ["list", "string"],
                            "optional": true
                          },
                          "members": {
                            "type": ["list", "string"],
                            "optional": true
                          },
                          "negate": {
                            "type": "bool",
                            "optional": true
                          },
                          "required_access_levels": {
                            "type": ["list", "string"],
                            "optional": true
                          }
                        },
                        "block_types": {
                          "device_policy": {
                            "nesting_mode": "list",
                            "block": {
                              "attributes": {
                                "allowed_device_management_levels": {
                                  "type": ["list", "string"],
                                  "optional": true
                                },
                                "allowed_encryption_statuses": {
                                  "type": ["list", "string"],
                                  "optional": true
                                },
                                "require_screen_lock": {
                                  "type": "bool",
                                  "optional": true
                                }
                              },
                              "block_types": {
                                "os_constraints": {
                                  "nesting_mode": "list",
                                  "block": {
                                    "attributes": {
                                      "minimum_version": {
                                        "type": "string",
                                        "optional": true
                                      },
                                      "os_type": {
                                        "type": "string",
                                        "optional": true
                                      }
                                    }
                                  }
                                }
                              }
                            },
                            "max_items": 1
                          }
                        }
                      },
                      "min_items": 1
                    }
                  }
                },
                "max_items": 1
              },
              "timeouts": {
                "nesting_mode": "single",
                "block": {
                  "attributes": {
                    "create": {
                      "type": "string",
                      "optional": true
                    },
                    "delete": {
                      "type": "string",
                      "optional": true
                    },
                    "update": {
                      "type": "string",
                      "optional": true
                    }
                  }
                }
              }
            }
          }
        },
        "google_access_context_manager_access_policy": {
          "version": 0,
          "block": {
            "attributes": {
              "create_time": {
                "type": "string",
                "computed": true
              },
              "id": {
                "type": "string",
                "optional": true,
                "computed": true
              },
              "name": {
                "type": "string",
                "computed": true
              },
              "parent": {
                "type": "string",
                "required": true
              },
              "title": {
                "type": "string",
                "required": true
              },
              "update_time": {
                "type": "string",
                "computed": true
              }
            },
            "block_types": {
              "timeouts": {
                "nesting_mode": "single",
                "block": {
                  "attributes": {
                    "create": {
                      "type": "string",
                      "optional": true
                    },
                    "delete": {
                      "type": "string",
                      "optional": true
                    },
                    "update": {
                      "type": "string",
                      "optional": true
                    }
                  }
                }
              }
            }
          }
        },
        "google_access_context_manager_service_perimeter": {
          "version": 0,
          "block": {
            "attributes": {
              "create_time": {
                "type": "string",
                "computed": true
              },
              "description": {
                "type": "string",
                "optional": true
              },
              "id": {
                "type": "string",
                "optional": true,
                "computed": true
              },
              "name": {
                "type": "string",
                "required": true
              },
              "parent": {
                "type": "string",
                "required": true
              },
              "perimeter_type": {
                "type": "string",
                "optional": true
              },
              "title": {
                "type": "string",
                "required": true
              },
              "update_time": {
                "type": "string",
                "computed": true
              }
            },
            "block_types": {
              "status": {
                "nesting_mode": "list",
                "block": {
                  "attributes": {
                    "access_levels": {
                      "type": ["list", "string"],
                      "optional": true
                    },
                    "resources": {
                      "type": ["list", "string"],
                      "optional": true
                    },
                    "restricted_services": {
                      "type": ["list", "string"],
                      "optional": true
                    }
                  }
                },
                "max_items": 1
              },
              "timeouts": {
                "nesting_mode": "single",
                "block": {
                  "attributes": {
                    "create": {
                      "type": "string",
                      "optional": true
                    },
                    "delete": {
                      "type": "string",
                      "optional": true
                    },
                    "update": {
                      "type": "string",
                      "optional": true
                    }
                  }
                }
              }
            }
          }
        },
        "google_app_engine_application": {
          "version": 0,
          "block": {
            "attributes": {
              "app_id": {
                "type": "string",
                "computed": true
              },
              "auth_domain": {
                "type": "string",
                "optional": true,
                "computed": true
              },
              "code_bucket": {
                "type": "string",
                "computed": true
              },
              "default_bucket": {
                "type": "string",
                "computed": true
              },
              "default_hostname": {
                "type": "string",
                "computed": true
              },
              "gcr_domain": {
                "type": "string",
                "computed": true
              },
              "id": {
                "type": "string",
                "optional": true,
                "computed": true
              },
              "location_id": {
                "type": "string",
                "required": true
              },
              "name": {
                "type": "string",
                "computed": true
              },
              "project": {
                "type": "string",
                "optional": true,
                "computed": true
              },
              "serving_status": {
                "type": "string",
                "optional": true,
                "computed": true
              },
              "url_dispatch_rule": {
                "type": ["list", ["object", {
                      "domain": "string",
                      "path": "string",
                      "service": "string"
                    }
                  ]],
                "computed": true
              }
            },
            "block_types": {
              "feature_settings": {
                "nesting_mode": "list",
                "block": {
                  "attributes": {
                    "split_health_checks": {
                      "type": "bool",
                      "optional": true
                    }
                  }
                },
                "max_items": 1
              }
            }
          }
        },
        "google_app_engine_application_url_dispatch_rules": {
          "version": 0,
          "block": {
            "attributes": {
              "id": {
                "type": "string",
                "optional": true,
                "computed": true
              },
              "project": {
                "type": "string",
                "optional": true,
                "computed": true
              }
            },
            "block_types": {
              "dispatch_rules": {
                "nesting_mode": "list",
                "block": {
                  "attributes": {
                    "domain": {
                      "type": "string",
                      "optional": true
                    },
                    "path": {
                      "type": "string",
                      "required": true
                    },
                    "service": {
                      "type": "string",
                      "required": true
                    }
                  }
                },
                "min_items": 1
              },
              "timeouts": {
                "nesting_mode": "single",
                "block": {
                  "attributes": {
                    "create": {
                      "type": "string",
                      "optional": true
                    },
                    "delete": {
                      "type": "string",
                      "optional": true
                    },
                    "update": {
                      "type": "string",
                      "optional": true
                    }
                  }
                }
              }
            }
          }
        },
        "google_app_engine_domain_mapping": {
          "version": 0,
          "block": {
            "attributes": {
              "domain_name": {
                "type": "string",
                "required": true
              },
              "id": {
                "type": "string",
                "optional": true,
                "computed": true
              },
              "name": {
                "type": "string",
                "computed": true
              },
              "override_strategy": {
                "type": "string",
                "optional": true
              },
              "project": {
                "type": "string",
                "optional": true,
                "computed": true
              },
              "resource_records": {
                "type": ["list", ["object", {
                      "name": "string",
                      "rrdata": "string",
                      "type": "string"
                    }
                  ]],
                "computed": true
              }
            },
            "block_types": {
              "ssl_settings": {
                "nesting_mode": "list",
                "block": {
                  "attributes": {
                    "certificate_id": {
                      "type": "string",
                      "optional": true
                    },
                    "pending_managed_certificate_id": {
                      "type": "string",
                      "computed": true
                    },
                    "ssl_management_type": {
                      "type": "string",
                      "optional": true
                    }
                  }
                },
                "max_items": 1
              },
              "timeouts": {
                "nesting_mode": "single",
                "block": {
                  "attributes": {
                    "create": {
                      "type": "string",
                      "optional": true
                    },
                    "delete": {
                      "type": "string",
                      "optional": true
                    },
                    "update": {
                      "type": "string",
                      "optional": true
                    }
                  }
                }
              }
            }
          }
        },
        "google_app_engine_firewall_rule": {
          "version": 0,
          "block": {
            "attributes": {
              "action": {
                "type": "string",
                "required": true
              },
              "description": {
                "type": "string",
                "optional": true
              },
              "id": {
                "type": "string",
                "optional": true,
                "computed": true
              },
              "priority": {
                "type": "number",
                "optional": true
              },
              "project": {
                "type": "string",
                "optional": true,
                "computed": true
              },
              "source_range": {
                "type": "string",
                "required": true
              }
            },
            "block_types": {
              "timeouts": {
                "nesting_mode": "single",
                "block": {
                  "attributes": {
                    "create": {
                      "type": "string",
                      "optional": true
                    },
                    "delete": {
                      "type": "string",
                      "optional": true
                    },
                    "update": {
                      "type": "string",
                      "optional": true
                    }
                  }
                }
              }
            }
          }
        },
        "google_app_engine_standard_app_version": {
          "version": 0,
          "block": {
            "attributes": {
              "delete_service_on_destroy": {
                "type": "bool",
                "optional": true
              },
              "env_variables": {
                "type": ["map", "string"],
                "optional": true
              },
              "id": {
                "type": "string",
                "optional": true,
                "computed": true
              },
              "instance_class": {
                "type": "string",
                "optional": true
              },
              "name": {
                "type": "string",
                "computed": true
              },
              "noop_on_destroy": {
                "type": "bool",
                "optional": true
              },
              "project": {
                "type": "string",
                "optional": true,
                "computed": true
              },
              "runtime": {
                "type": "string",
                "required": true
              },
              "runtime_api_version": {
                "type": "string",
                "optional": true
              },
              "service": {
                "type": "string",
                "optional": true
              },
              "threadsafe": {
                "type": "bool",
                "optional": true
              },
              "version_id": {
                "type": "string",
                "optional": true
              }
            },
            "block_types": {
              "deployment": {
                "nesting_mode": "list",
                "block": {
                  "block_types": {
                    "files": {
                      "nesting_mode": "set",
                      "block": {
                        "attributes": {
                          "name": {
                            "type": "string",
                            "required": true
                          },
                          "sha1_sum": {
                            "type": "string",
                            "optional": true
                          },
                          "source_url": {
                            "type": "string",
                            "optional": true
                          }
                        }
                      }
                    },
                    "zip": {
                      "nesting_mode": "list",
                      "block": {
                        "attributes": {
                          "files_count": {
                            "type": "number",
                            "optional": true
                          },
                          "source_url": {
                            "type": "string",
                            "optional": true
                          }
                        }
                      },
                      "max_items": 1
                    }
                  }
                },
                "max_items": 1
              },
              "entrypoint": {
                "nesting_mode": "list",
                "block": {
                  "attributes": {
                    "shell": {
                      "type": "string",
                      "optional": true
                    }
                  }
                },
                "max_items": 1
              },
              "handlers": {
                "nesting_mode": "list",
                "block": {
                  "attributes": {
                    "auth_fail_action": {
                      "type": "string",
                      "optional": true
                    },
                    "login": {
                      "type": "string",
                      "optional": true
                    },
                    "redirect_http_response_code": {
                      "type": "string",
                      "optional": true
                    },
                    "security_level": {
                      "type": "string",
                      "optional": true
                    },
                    "url_regex": {
                      "type": "string",
                      "optional": true
                    }
                  },
                  "block_types": {
                    "script": {
                      "nesting_mode": "list",
                      "block": {
                        "attributes": {
                          "script_path": {
                            "type": "string",
                            "optional": true
                          }
                        }
                      },
                      "max_items": 1
                    },
                    "static_files": {
                      "nesting_mode": "list",
                      "block": {
                        "attributes": {
                          "application_readable": {
                            "type": "bool",
                            "optional": true
                          },
                          "expiration": {
                            "type": "string",
                            "optional": true
                          },
                          "http_headers": {
                            "type": ["map", "string"],
                            "optional": true
                          },
                          "mime_type": {
                            "type": "string",
                            "optional": true
                          },
                          "path": {
                            "type": "string",
                            "optional": true
                          },
                          "require_matching_file": {
                            "type": "bool",
                            "optional": true
                          },
                          "upload_path_regex": {
                            "type": "string",
                            "optional": true
                          }
                        }
                      },
                      "max_items": 1
                    }
                  }
                }
              },
              "libraries": {
                "nesting_mode": "list",
                "block": {
                  "attributes": {
                    "name": {
                      "type": "string",
                      "optional": true
                    },
                    "version": {
                      "type": "string",
                      "optional": true
                    }
                  }
                }
              },
              "timeouts": {
                "nesting_mode": "single",
                "block": {
                  "attributes": {
                    "create": {
                      "type": "string",
                      "optional": true
                    },
                    "delete": {
                      "type": "string",
                      "optional": true
                    },
                    "update": {
                      "type": "string",
                      "optional": true
                    }
                  }
                }
              }
            }
          }
        },
        "google_bigquery_data_transfer_config": {
          "version": 0,
          "block": {
            "attributes": {
              "data_refresh_window_days": {
                "type": "number",
                "optional": true
              },
              "data_source_id": {
                "type": "string",
                "required": true
              },
              "destination_dataset_id": {
                "type": "string",
                "required": true
              },
              "disabled": {
                "type": "bool",
                "optional": true
              },
              "display_name": {
                "type": "string",
                "required": true
              },
              "id": {
                "type": "string",
                "optional": true,
                "computed": true
              },
              "location": {
                "type": "string",
                "optional": true
              },
              "name": {
                "type": "string",
                "computed": true
              },
              "params": {
                "type": ["map", "string"],
                "required": true
              },
              "project": {
                "type": "string",
                "optional": true,
                "computed": true
              },
              "schedule": {
                "type": "string",
                "optional": true
              }
            },
            "block_types": {
              "timeouts": {
                "nesting_mode": "single",
                "block": {
                  "attributes": {
                    "create": {
                      "type": "string",
                      "optional": true
                    },
                    "delete": {
                      "type": "string",
                      "optional": true
                    },
                    "update": {
                      "type": "string",
                      "optional": true
                    }
                  }
                }
              }
            }
          }
        },
        "google_bigquery_dataset": {
          "version": 0,
          "block": {
            "attributes": {
              "creation_time": {
                "type": "number",
                "computed": true
              },
              "dataset_id": {
                "type": "string",
                "required": true
              },
              "default_partition_expiration_ms": {
                "type": "number",
                "optional": true
              },
              "default_table_expiration_ms": {
                "type": "number",
                "optional": true
              },
              "delete_contents_on_destroy": {
                "type": "bool",
                "optional": true
              },
              "description": {
                "type": "string",
                "optional": true
              },
              "etag": {
                "type": "string",
                "computed": true
              },
              "friendly_name": {
                "type": "string",
                "optional": true
              },
              "id": {
                "type": "string",
                "optional": true,
                "computed": true
              },
              "labels": {
                "type": ["map", "string"],
                "optional": true
              },
              "last_modified_time": {
                "type": "number",
                "computed": true
              },
              "location": {
                "type": "string",
                "optional": true
              },
              "project": {
                "type": "string",
                "optional": true,
                "computed": true
              },
              "self_link": {
                "type": "string",
                "computed": true
              }
            },
            "block_types": {
              "access": {
                "nesting_mode": "set",
                "block": {
                  "attributes": {
                    "domain": {
                      "type": "string",
                      "optional": true
                    },
                    "group_by_email": {
                      "type": "string",
                      "optional": true
                    },
                    "role": {
                      "type": "string",
                      "optional": true
                    },
                    "special_group": {
                      "type": "string",
                      "optional": true
                    },
                    "user_by_email": {
                      "type": "string",
                      "optional": true
                    }
                  },
                  "block_types": {
                    "view": {
                      "nesting_mode": "list",
                      "block": {
                        "attributes": {
                          "dataset_id": {
                            "type": "string",
                            "required": true
                          },
                          "project_id": {
                            "type": "string",
                            "required": true
                          },
                          "table_id": {
                            "type": "string",
                            "required": true
                          }
                        }
                      },
                      "max_items": 1
                    }
                  }
                }
              },
              "default_encryption_configuration": {
                "nesting_mode": "list",
                "block": {
                  "attributes": {
                    "kms_key_name": {
                      "type": "string",
                      "required": true
                    }
                  }
                },
                "max_items": 1
              },
              "timeouts": {
                "nesting_mode": "single",
                "block": {
                  "attributes": {
                    "create": {
                      "type": "string",
                      "optional": true
                    },
                    "delete": {
                      "type": "string",
                      "optional": true
                    },
                    "update": {
                      "type": "string",
                      "optional": true
                    }
                  }
                }
              }
            }
          }
        },
        "google_bigquery_table": {
          "version": 0,
          "block": {
            "attributes": {
              "clustering": {
                "type": ["list", "string"],
                "optional": true
              },
              "creation_time": {
                "type": "number",
                "computed": true
              },
              "dataset_id": {
                "type": "string",
                "required": true
              },
              "description": {
                "type": "string",
                "optional": true
              },
              "etag": {
                "type": "string",
                "computed": true
              },
              "expiration_time": {
                "type": "number",
                "optional": true,
                "computed": true
              },
              "friendly_name": {
                "type": "string",
                "optional": true
              },
              "id": {
                "type": "string",
                "optional": true,
                "computed": true
              },
              "labels": {
                "type": ["map", "string"],
                "optional": true
              },
              "last_modified_time": {
                "type": "number",
                "computed": true
              },
              "location": {
                "type": "string",
                "computed": true
              },
              "num_bytes": {
                "type": "number",
                "computed": true
              },
              "num_long_term_bytes": {
                "type": "number",
                "computed": true
              },
              "num_rows": {
                "type": "number",
                "computed": true
              },
              "project": {
                "type": "string",
                "optional": true,
                "computed": true
              },
              "schema": {
                "type": "string",
                "optional": true,
                "computed": true
              },
              "self_link": {
                "type": "string",
                "computed": true
              },
              "table_id": {
                "type": "string",
                "required": true
              },
              "type": {
                "type": "string",
                "computed": true
              }
            },
            "block_types": {
              "external_data_configuration": {
                "nesting_mode": "list",
                "block": {
                  "attributes": {
                    "autodetect": {
                      "type": "bool",
                      "required": true
                    },
                    "compression": {
                      "type": "string",
                      "optional": true
                    },
                    "ignore_unknown_values": {
                      "type": "bool",
                      "optional": true
                    },
                    "max_bad_records": {
                      "type": "number",
                      "optional": true
                    },
                    "source_format": {
                      "type": "string",
                      "required": true
                    },
                    "source_uris": {
                      "type": ["list", "string"],
                      "required": true
                    }
                  },
                  "block_types": {
                    "csv_options": {
                      "nesting_mode": "list",
                      "block": {
                        "attributes": {
                          "allow_jagged_rows": {
                            "type": "bool",
                            "optional": true
                          },
                          "allow_quoted_newlines": {
                            "type": "bool",
                            "optional": true
                          },
                          "encoding": {
                            "type": "string",
                            "optional": true
                          },
                          "field_delimiter": {
                            "type": "string",
                            "optional": true
                          },
                          "quote": {
                            "type": "string",
                            "required": true
                          },
                          "skip_leading_rows": {
                            "type": "number",
                            "optional": true
                          }
                        }
                      },
                      "max_items": 1
                    },
                    "google_sheets_options": {
                      "nesting_mode": "list",
                      "block": {
                        "attributes": {
                          "range": {
                            "type": "string",
                            "optional": true
                          },
                          "skip_leading_rows": {
                            "type": "number",
                            "optional": true
                          }
                        }
                      },
                      "max_items": 1
                    }
                  }
                },
                "max_items": 1
              },
              "time_partitioning": {
                "nesting_mode": "list",
                "block": {
                  "attributes": {
                    "expiration_ms": {
                      "type": "number",
                      "optional": true
                    },
                    "field": {
                      "type": "string",
                      "optional": true
                    },
                    "require_partition_filter": {
                      "type": "bool",
                      "optional": true
                    },
                    "type": {
                      "type": "string",
                      "required": true
                    }
                  }
                },
                "max_items": 1
              },
              "view": {
                "nesting_mode": "list",
                "block": {
                  "attributes": {
                    "query": {
                      "type": "string",
                      "required": true
                    },
                    "use_legacy_sql": {
                      "type": "bool",
                      "optional": true
                    }
                  }
                },
                "max_items": 1
              }
            }
          }
        },
        "google_bigtable_app_profile": {
          "version": 0,
          "block": {
            "attributes": {
              "app_profile_id": {
                "type": "string",
                "required": true
              },
              "description": {
                "type": "string",
                "optional": true
              },
              "id": {
                "type": "string",
                "optional": true,
                "computed": true
              },
              "ignore_warnings": {
                "type": "bool",
                "optional": true
              },
              "instance": {
                "type": "string",
                "optional": true
              },
              "multi_cluster_routing_use_any": {
                "type": "bool",
                "optional": true
              },
              "name": {
                "type": "string",
                "computed": true
              },
              "project": {
                "type": "string",
                "optional": true,
                "computed": true
              }
            },
            "block_types": {
              "single_cluster_routing": {
                "nesting_mode": "list",
                "block": {
                  "attributes": {
                    "allow_transactional_writes": {
                      "type": "bool",
                      "optional": true
                    },
                    "cluster_id": {
                      "type": "string",
                      "optional": true
                    }
                  }
                },
                "max_items": 1
              },
              "timeouts": {
                "nesting_mode": "single",
                "block": {
                  "attributes": {
                    "create": {
                      "type": "string",
                      "optional": true
                    },
                    "delete": {
                      "type": "string",
                      "optional": true
                    },
                    "update": {
                      "type": "string",
                      "optional": true
                    }
                  }
                }
              }
            }
          }
        },
        "google_bigtable_gc_policy": {
          "version": 0,
          "block": {
            "attributes": {
              "column_family": {
                "type": "string",
                "required": true
              },
              "id": {
                "type": "string",
                "optional": true,
                "computed": true
              },
              "instance_name": {
                "type": "string",
                "required": true
              },
              "mode": {
                "type": "string",
                "optional": true
              },
              "project": {
                "type": "string",
                "optional": true,
                "computed": true
              },
              "table": {
                "type": "string",
                "required": true
              }
            },
            "block_types": {
              "max_age": {
                "nesting_mode": "list",
                "block": {
                  "attributes": {
                    "days": {
                      "type": "number",
                      "required": true
                    }
                  }
                }
              },
              "max_version": {
                "nesting_mode": "list",
                "block": {
                  "attributes": {
                    "number": {
                      "type": "number",
                      "required": true
                    }
                  }
                }
              }
            }
          }
        },
        "google_bigtable_instance": {
          "version": 0,
          "block": {
            "attributes": {
              "cluster_id": {
                "type": "string",
                "optional": true,
                "computed": true
              },
              "display_name": {
                "type": "string",
                "optional": true,
                "computed": true
              },
              "id": {
                "type": "string",
                "optional": true,
                "computed": true
              },
              "instance_type": {
                "type": "string",
                "optional": true
              },
              "name": {
                "type": "string",
                "required": true
              },
              "num_nodes": {
                "type": "number",
                "optional": true,
                "computed": true
              },
              "project": {
                "type": "string",
                "optional": true,
                "computed": true
              },
              "storage_type": {
                "type": "string",
                "optional": true,
                "computed": true
              },
              "zone": {
                "type": "string",
                "optional": true,
                "computed": true
              }
            },
            "block_types": {
              "cluster": {
                "nesting_mode": "list",
                "block": {
                  "attributes": {
                    "cluster_id": {
                      "type": "string",
                      "required": true
                    },
                    "num_nodes": {
                      "type": "number",
                      "optional": true
                    },
                    "storage_type": {
                      "type": "string",
                      "optional": true
                    },
                    "zone": {
                      "type": "string",
                      "required": true
                    }
                  }
                }
              }
            }
          }
        },
        "google_bigtable_instance_iam_binding": {
          "version": 0,
          "block": {
            "attributes": {
              "etag": {
                "type": "string",
                "computed": true
              },
              "id": {
                "type": "string",
                "optional": true,
                "computed": true
              },
              "instance": {
                "type": "string",
                "required": true
              },
              "members": {
                "type": ["set", "string"],
                "required": true
              },
              "project": {
                "type": "string",
                "optional": true,
                "computed": true
              },
              "role": {
                "type": "string",
                "required": true
              }
            }
          }
        },
        "google_bigtable_instance_iam_member": {
          "version": 0,
          "block": {
            "attributes": {
              "etag": {
                "type": "string",
                "computed": true
              },
              "id": {
                "type": "string",
                "optional": true,
                "computed": true
              },
              "instance": {
                "type": "string",
                "required": true
              },
              "member": {
                "type": "string",
                "required": true
              },
              "project": {
                "type": "string",
                "optional": true,
                "computed": true
              },
              "role": {
                "type": "string",
                "required": true
              }
            }
          }
        },
        "google_bigtable_instance_iam_policy": {
          "version": 0,
          "block": {
            "attributes": {
              "etag": {
                "type": "string",
                "computed": true
              },
              "id": {
                "type": "string",
                "optional": true,
                "computed": true
              },
              "instance": {
                "type": "string",
                "required": true
              },
              "policy_data": {
                "type": "string",
                "required": true
              },
              "project": {
                "type": "string",
                "optional": true,
                "computed": true
              }
            }
          }
        },
        "google_bigtable_table": {
          "version": 0,
          "block": {
            "attributes": {
              "id": {
                "type": "string",
                "optional": true,
                "computed": true
              },
              "instance_name": {
                "type": "string",
                "required": true
              },
              "name": {
                "type": "string",
                "required": true
              },
              "project": {
                "type": "string",
                "optional": true,
                "computed": true
              },
              "split_keys": {
                "type": ["list", "string"],
                "optional": true
              }
            },
            "block_types": {
              "column_family": {
                "nesting_mode": "set",
                "block": {
                  "attributes": {
                    "family": {
                      "type": "string",
                      "required": true
                    }
                  }
                }
              }
            }
          }
        },
        "google_billing_account_iam_binding": {
          "version": 0,
          "block": {
            "attributes": {
              "billing_account_id": {
                "type": "string",
                "required": true
              },
              "etag": {
                "type": "string",
                "computed": true
              },
              "id": {
                "type": "string",
                "optional": true,
                "computed": true
              },
              "members": {
                "type": ["set", "string"],
                "required": true
              },
              "role": {
                "type": "string",
                "required": true
              }
            }
          }
        },
        "google_billing_account_iam_member": {
          "version": 0,
          "block": {
            "attributes": {
              "billing_account_id": {
                "type": "string",
                "required": true
              },
              "etag": {
                "type": "string",
                "computed": true
              },
              "id": {
                "type": "string",
                "optional": true,
                "computed": true
              },
              "member": {
                "type": "string",
                "required": true
              },
              "role": {
                "type": "string",
                "required": true
              }
            }
          }
        },
        "google_billing_account_iam_policy": {
          "version": 0,
          "block": {
            "attributes": {
              "billing_account_id": {
                "type": "string",
                "required": true
              },
              "etag": {
                "type": "string",
                "computed": true
              },
              "id": {
                "type": "string",
                "optional": true,
                "computed": true
              },
              "policy_data": {
                "type": "string",
                "required": true
              }
            }
          }
        },
        "google_binary_authorization_attestor": {
          "version": 0,
          "block": {
            "attributes": {
              "description": {
                "type": "string",
                "optional": true
              },
              "id": {
                "type": "string",
                "optional": true,
                "computed": true
              },
              "name": {
                "type": "string",
                "required": true
              },
              "project": {
                "type": "string",
                "optional": true,
                "computed": true
              }
            },
            "block_types": {
              "attestation_authority_note": {
                "nesting_mode": "list",
                "block": {
                  "attributes": {
                    "delegation_service_account_email": {
                      "type": "string",
                      "computed": true
                    },
                    "note_reference": {
                      "type": "string",
                      "required": true
                    }
                  },
                  "block_types": {
                    "public_keys": {
                      "nesting_mode": "list",
                      "block": {
                        "attributes": {
                          "ascii_armored_pgp_public_key": {
                            "type": "string",
                            "optional": true
                          },
                          "comment": {
                            "type": "string",
                            "optional": true
                          },
                          "id": {
                            "type": "string",
                            "optional": true,
                            "computed": true
                          }
                        },
                        "block_types": {
                          "pkix_public_key": {
                            "nesting_mode": "list",
                            "block": {
                              "attributes": {
                                "public_key_pem": {
                                  "type": "string",
                                  "optional": true
                                },
                                "signature_algorithm": {
                                  "type": "string",
                                  "optional": true
                                }
                              }
                            },
                            "max_items": 1
                          }
                        }
                      }
                    }
                  }
                },
                "min_items": 1,
                "max_items": 1
              },
              "timeouts": {
                "nesting_mode": "single",
                "block": {
                  "attributes": {
                    "create": {
                      "type": "string",
                      "optional": true
                    },
                    "delete": {
                      "type": "string",
                      "optional": true
                    },
                    "update": {
                      "type": "string",
                      "optional": true
                    }
                  }
                }
              }
            }
          }
        },
        "google_binary_authorization_attestor_iam_binding": {
          "version": 0,
          "block": {
            "attributes": {
              "attestor": {
                "type": "string",
                "required": true
              },
              "etag": {
                "type": "string",
                "computed": true
              },
              "id": {
                "type": "string",
                "optional": true,
                "computed": true
              },
              "members": {
                "type": ["set", "string"],
                "required": true
              },
              "project": {
                "type": "string",
                "optional": true,
                "computed": true
              },
              "role": {
                "type": "string",
                "required": true
              }
            }
          }
        },
        "google_binary_authorization_attestor_iam_member": {
          "version": 0,
          "block": {
            "attributes": {
              "attestor": {
                "type": "string",
                "required": true
              },
              "etag": {
                "type": "string",
                "computed": true
              },
              "id": {
                "type": "string",
                "optional": true,
                "computed": true
              },
              "member": {
                "type": "string",
                "required": true
              },
              "project": {
                "type": "string",
                "optional": true,
                "computed": true
              },
              "role": {
                "type": "string",
                "required": true
              }
            }
          }
        },
        "google_binary_authorization_attestor_iam_policy": {
          "version": 0,
          "block": {
            "attributes": {
              "attestor": {
                "type": "string",
                "required": true
              },
              "etag": {
                "type": "string",
                "computed": true
              },
              "id": {
                "type": "string",
                "optional": true,
                "computed": true
              },
              "policy_data": {
                "type": "string",
                "required": true
              },
              "project": {
                "type": "string",
                "optional": true,
                "computed": true
              }
            }
          }
        },
        "google_binary_authorization_policy": {
          "version": 0,
          "block": {
            "attributes": {
              "description": {
                "type": "string",
                "optional": true
              },
              "global_policy_evaluation_mode": {
                "type": "string",
                "optional": true,
                "computed": true
              },
              "id": {
                "type": "string",
                "optional": true,
                "computed": true
              },
              "project": {
                "type": "string",
                "optional": true,
                "computed": true
              }
            },
            "block_types": {
              "admission_whitelist_patterns": {
                "nesting_mode": "list",
                "block": {
                  "attributes": {
                    "name_pattern": {
                      "type": "string",
                      "optional": true
                    }
                  }
                }
              },
              "cluster_admission_rules": {
                "nesting_mode": "set",
                "block": {
                  "attributes": {
                    "cluster": {
                      "type": "string",
                      "required": true
                    },
                    "enforcement_mode": {
                      "type": "string",
                      "optional": true
                    },
                    "evaluation_mode": {
                      "type": "string",
                      "optional": true
                    },
                    "require_attestations_by": {
                      "type": ["set", "string"],
                      "optional": true
                    }
                  }
                }
              },
              "default_admission_rule": {
                "nesting_mode": "list",
                "block": {
                  "attributes": {
                    "enforcement_mode": {
                      "type": "string",
                      "required": true
                    },
                    "evaluation_mode": {
                      "type": "string",
                      "required": true
                    },
                    "require_attestations_by": {
                      "type": ["set", "string"],
                      "optional": true
                    }
                  }
                },
                "min_items": 1,
                "max_items": 1
              },
              "timeouts": {
                "nesting_mode": "single",
                "block": {
                  "attributes": {
                    "create": {
                      "type": "string",
                      "optional": true
                    },
                    "delete": {
                      "type": "string",
                      "optional": true
                    },
                    "update": {
                      "type": "string",
                      "optional": true
                    }
                  }
                }
              }
            }
          }
        },
        "google_cloud_scheduler_job": {
          "version": 0,
          "block": {
            "attributes": {
              "description": {
                "type": "string",
                "optional": true
              },
              "id": {
                "type": "string",
                "optional": true,
                "computed": true
              },
              "name": {
                "type": "string",
                "required": true
              },
              "project": {
                "type": "string",
                "optional": true,
                "computed": true
              },
              "region": {
                "type": "string",
                "optional": true,
                "computed": true
              },
              "schedule": {
                "type": "string",
                "optional": true
              },
              "time_zone": {
                "type": "string",
                "optional": true
              }
            },
            "block_types": {
              "app_engine_http_target": {
                "nesting_mode": "list",
                "block": {
                  "attributes": {
                    "body": {
                      "type": "string",
                      "optional": true
                    },
                    "headers": {
                      "type": ["map", "string"],
                      "optional": true
                    },
                    "http_method": {
                      "type": "string",
                      "optional": true
                    },
                    "relative_uri": {
                      "type": "string",
                      "required": true
                    }
                  },
                  "block_types": {
                    "app_engine_routing": {
                      "nesting_mode": "list",
                      "block": {
                        "attributes": {
                          "instance": {
                            "type": "string",
                            "optional": true
                          },
                          "service": {
                            "type": "string",
                            "optional": true
                          },
                          "version": {
                            "type": "string",
                            "optional": true
                          }
                        }
                      },
                      "max_items": 1
                    }
                  }
                },
                "max_items": 1
              },
              "http_target": {
                "nesting_mode": "list",
                "block": {
                  "attributes": {
                    "body": {
                      "type": "string",
                      "optional": true
                    },
                    "headers": {
                      "type": ["map", "string"],
                      "optional": true
                    },
                    "http_method": {
                      "type": "string",
                      "optional": true
                    },
                    "uri": {
                      "type": "string",
                      "required": true
                    }
                  },
                  "block_types": {
                    "oauth_token": {
                      "nesting_mode": "list",
                      "block": {
                        "attributes": {
                          "scope": {
                            "type": "string",
                            "optional": true
                          },
                          "service_account_email": {
                            "type": "string",
                            "optional": true
                          }
                        }
                      },
                      "max_items": 1
                    },
                    "oidc_token": {
                      "nesting_mode": "list",
                      "block": {
                        "attributes": {
                          "audience": {
                            "type": "string",
                            "optional": true
                          },
                          "service_account_email": {
                            "type": "string",
                            "optional": true
                          }
                        }
                      },
                      "max_items": 1
                    }
                  }
                },
                "max_items": 1
              },
              "pubsub_target": {
                "nesting_mode": "list",
                "block": {
                  "attributes": {
                    "attributes": {
                      "type": ["map", "string"],
                      "optional": true
                    },
                    "data": {
                      "type": "string",
                      "optional": true
                    },
                    "topic_name": {
                      "type": "string",
                      "required": true
                    }
                  }
                },
                "max_items": 1
              },
              "retry_config": {
                "nesting_mode": "list",
                "block": {
                  "attributes": {
                    "max_backoff_duration": {
                      "type": "string",
                      "optional": true
                    },
                    "max_doublings": {
                      "type": "number",
                      "optional": true
                    },
                    "max_retry_duration": {
                      "type": "string",
                      "optional": true
                    },
                    "min_backoff_duration": {
                      "type": "string",
                      "optional": true
                    },
                    "retry_count": {
                      "type": "number",
                      "optional": true
                    }
                  }
                },
                "max_items": 1
              },
              "timeouts": {
                "nesting_mode": "single",
                "block": {
                  "attributes": {
                    "create": {
                      "type": "string",
                      "optional": true
                    },
                    "delete": {
                      "type": "string",
                      "optional": true
                    }
                  }
                }
              }
            }
          }
        },
        "google_cloudbuild_trigger": {
          "version": 1,
          "block": {
            "attributes": {
              "create_time": {
                "type": "string",
                "computed": true
              },
              "description": {
                "type": "string",
                "optional": true
              },
              "disabled": {
                "type": "bool",
                "optional": true
              },
              "filename": {
                "type": "string",
                "optional": true
              },
              "id": {
                "type": "string",
                "optional": true,
                "computed": true
              },
              "ignored_files": {
                "type": ["list", "string"],
                "optional": true
              },
              "included_files": {
                "type": ["list", "string"],
                "optional": true
              },
              "project": {
                "type": "string",
                "optional": true,
                "computed": true
              },
              "substitutions": {
                "type": ["map", "string"],
                "optional": true
              },
              "trigger_id": {
                "type": "string",
                "computed": true
              }
            },
            "block_types": {
              "build": {
                "nesting_mode": "list",
                "block": {
                  "attributes": {
                    "images": {
                      "type": ["list", "string"],
                      "optional": true
                    },
                    "tags": {
                      "type": ["list", "string"],
                      "optional": true
                    }
                  },
                  "block_types": {
                    "step": {
                      "nesting_mode": "list",
                      "block": {
                        "attributes": {
                          "args": {
                            "type": ["list", "string"],
                            "optional": true
                          },
                          "dir": {
                            "type": "string",
                            "optional": true
                          },
                          "entrypoint": {
                            "type": "string",
                            "optional": true
                          },
                          "env": {
                            "type": ["list", "string"],
                            "optional": true
                          },
                          "id": {
                            "type": "string",
                            "optional": true
                          },
                          "name": {
                            "type": "string",
                            "optional": true
                          },
                          "secret_env": {
                            "type": ["list", "string"],
                            "optional": true
                          },
                          "timeout": {
                            "type": "string",
                            "optional": true
                          },
                          "timing": {
                            "type": "string",
                            "optional": true
                          },
                          "wait_for": {
                            "type": ["list", "string"],
                            "optional": true
                          }
                        },
                        "block_types": {
                          "volumes": {
                            "nesting_mode": "list",
                            "block": {
                              "attributes": {
                                "name": {
                                  "type": "string",
                                  "optional": true
                                },
                                "path": {
                                  "type": "string",
                                  "optional": true
                                }
                              }
                            }
                          }
                        }
                      }
                    }
                  }
                },
                "max_items": 1
              },
              "timeouts": {
                "nesting_mode": "single",
                "block": {
                  "attributes": {
                    "create": {
                      "type": "string",
                      "optional": true
                    },
                    "delete": {
                      "type": "string",
                      "optional": true
                    },
                    "update": {
                      "type": "string",
                      "optional": true
                    }
                  }
                }
              },
              "trigger_template": {
                "nesting_mode": "list",
                "block": {
                  "attributes": {
                    "branch_name": {
                      "type": "string",
                      "optional": true
                    },
                    "commit_sha": {
                      "type": "string",
                      "optional": true
                    },
                    "dir": {
                      "type": "string",
                      "optional": true
                    },
                    "project_id": {
                      "type": "string",
                      "optional": true,
                      "computed": true
                    },
                    "repo_name": {
                      "type": "string",
                      "optional": true
                    },
                    "tag_name": {
                      "type": "string",
                      "optional": true
                    }
                  }
                },
                "max_items": 1
              }
            }
          }
        },
        "google_cloudfunctions_function": {
          "version": 0,
          "block": {
            "attributes": {
              "available_memory_mb": {
                "type": "number",
                "optional": true
              },
              "description": {
                "type": "string",
                "optional": true
              },
              "entry_point": {
                "type": "string",
                "optional": true
              },
              "environment_variables": {
                "type": ["map", "string"],
                "optional": true
              },
              "https_trigger_url": {
                "type": "string",
                "optional": true,
                "computed": true
              },
              "id": {
                "type": "string",
                "optional": true,
                "computed": true
              },
              "labels": {
                "type": ["map", "string"],
                "optional": true
              },
              "max_instances": {
                "type": "number",
                "optional": true
              },
              "name": {
                "type": "string",
                "required": true
              },
              "project": {
                "type": "string",
                "optional": true,
                "computed": true
              },
              "region": {
                "type": "string",
                "optional": true,
                "computed": true
              },
              "runtime": {
                "type": "string",
                "optional": true
              },
              "service_account_email": {
                "type": "string",
                "optional": true,
                "computed": true
              },
              "source_archive_bucket": {
                "type": "string",
                "optional": true
              },
              "source_archive_object": {
                "type": "string",
                "optional": true
              },
              "timeout": {
                "type": "number",
                "optional": true
              },
              "trigger_bucket": {
                "type": "string",
                "optional": true,
                "computed": true
              },
              "trigger_http": {
                "type": "bool",
                "optional": true
              },
              "trigger_topic": {
                "type": "string",
                "optional": true,
                "computed": true
              },
              "vpc_connector": {
                "type": "string",
                "optional": true
              }
            },
            "block_types": {
              "event_trigger": {
                "nesting_mode": "list",
                "block": {
                  "attributes": {
                    "event_type": {
                      "type": "string",
                      "required": true
                    },
                    "resource": {
                      "type": "string",
                      "required": true
                    }
                  },
                  "block_types": {
                    "failure_policy": {
                      "nesting_mode": "list",
                      "block": {
                        "attributes": {
                          "retry": {
                            "type": "bool",
                            "required": true
                          }
                        }
                      },
                      "max_items": 1
                    }
                  }
                },
                "max_items": 1
              },
              "source_repository": {
                "nesting_mode": "list",
                "block": {
                  "attributes": {
                    "deployed_url": {
                      "type": "string",
                      "computed": true
                    },
                    "url": {
                      "type": "string",
                      "required": true
                    }
                  }
                },
                "max_items": 1
              },
              "timeouts": {
                "nesting_mode": "single",
                "block": {
                  "attributes": {
                    "create": {
                      "type": "string",
                      "optional": true
                    },
                    "delete": {
                      "type": "string",
                      "optional": true
                    },
                    "read": {
                      "type": "string",
                      "optional": true
                    }
                  }
                }
              }
            }
          }
        },
        "google_cloudfunctions_function_iam_binding": {
          "version": 0,
          "block": {
            "attributes": {
              "cloud_function": {
                "type": "string",
                "required": true
              },
              "etag": {
                "type": "string",
                "computed": true
              },
              "id": {
                "type": "string",
                "optional": true,
                "computed": true
              },
              "members": {
                "type": ["set", "string"],
                "required": true
              },
              "project": {
                "type": "string",
                "optional": true,
                "computed": true
              },
              "region": {
                "type": "string",
                "optional": true,
                "computed": true
              },
              "role": {
                "type": "string",
                "required": true
              }
            }
          }
        },
        "google_cloudfunctions_function_iam_member": {
          "version": 0,
          "block": {
            "attributes": {
              "cloud_function": {
                "type": "string",
                "required": true
              },
              "etag": {
                "type": "string",
                "computed": true
              },
              "id": {
                "type": "string",
                "optional": true,
                "computed": true
              },
              "member": {
                "type": "string",
                "required": true
              },
              "project": {
                "type": "string",
                "optional": true,
                "computed": true
              },
              "region": {
                "type": "string",
                "optional": true,
                "computed": true
              },
              "role": {
                "type": "string",
                "required": true
              }
            }
          }
        },
        "google_cloudfunctions_function_iam_policy": {
          "version": 0,
          "block": {
            "attributes": {
              "cloud_function": {
                "type": "string",
                "required": true
              },
              "etag": {
                "type": "string",
                "computed": true
              },
              "id": {
                "type": "string",
                "optional": true,
                "computed": true
              },
              "policy_data": {
                "type": "string",
                "required": true
              },
              "project": {
                "type": "string",
                "optional": true,
                "computed": true
              },
              "region": {
                "type": "string",
                "optional": true,
                "computed": true
              }
            }
          }
        },
        "google_cloudiot_registry": {
          "version": 0,
          "block": {
            "attributes": {
              "event_notification_config": {
                "type": ["map", "string"],
                "optional": true,
                "computed": true
              },
              "http_config": {
                "type": ["map", "string"],
                "optional": true,
                "computed": true
              },
              "id": {
                "type": "string",
                "optional": true,
                "computed": true
              },
              "log_level": {
                "type": "string",
                "optional": true
              },
              "mqtt_config": {
                "type": ["map", "string"],
                "optional": true,
                "computed": true
              },
              "name": {
                "type": "string",
                "required": true
              },
              "project": {
                "type": "string",
                "optional": true,
                "computed": true
              },
              "region": {
                "type": "string",
                "optional": true,
                "computed": true
              },
              "state_notification_config": {
                "type": ["map", "string"],
                "optional": true
              }
            },
            "block_types": {
              "credentials": {
                "nesting_mode": "list",
                "block": {
                  "attributes": {
                    "public_key_certificate": {
                      "type": ["map", "string"],
                      "optional": true
                    }
                  }
                },
                "max_items": 10
              },
              "event_notification_configs": {
                "nesting_mode": "list",
                "block": {
                  "attributes": {
                    "pubsub_topic_name": {
                      "type": "string",
                      "required": true
                    },
                    "subfolder_matches": {
                      "type": "string",
                      "optional": true
                    }
                  }
                },
                "max_items": 10
              }
            }
          }
        },
        "google_composer_environment": {
          "version": 0,
          "block": {
            "attributes": {
              "id": {
                "type": "string",
                "optional": true,
                "computed": true
              },
              "labels": {
                "type": ["map", "string"],
                "optional": true
              },
              "name": {
                "type": "string",
                "required": true
              },
              "project": {
                "type": "string",
                "optional": true,
                "computed": true
              },
              "region": {
                "type": "string",
                "optional": true
              }
            },
            "block_types": {
              "config": {
                "nesting_mode": "list",
                "block": {
                  "attributes": {
                    "airflow_uri": {
                      "type": "string",
                      "computed": true
                    },
                    "dag_gcs_prefix": {
                      "type": "string",
                      "computed": true
                    },
                    "gke_cluster": {
                      "type": "string",
                      "computed": true
                    },
                    "node_count": {
                      "type": "number",
                      "optional": true,
                      "computed": true
                    }
                  },
                  "block_types": {
                    "node_config": {
                      "nesting_mode": "list",
                      "block": {
                        "attributes": {
                          "disk_size_gb": {
                            "type": "number",
                            "optional": true,
                            "computed": true
                          },
                          "ip_allocation_policy": {
                            "type": ["list", ["object", {
                                  "cluster_ipv4_cidr_block": "string",
                                  "cluster_secondary_range_name": "string",
                                  "services_ipv4_cidr_block": "string",
                                  "services_secondary_range_name": "string",
                                  "use_ip_aliases": "bool"
                                }
                              ]],
                            "optional": true,
                            "computed": true
                          },
                          "machine_type": {
                            "type": "string",
                            "optional": true,
                            "computed": true
                          },
                          "network": {
                            "type": "string",
                            "optional": true,
                            "computed": true
                          },
                          "oauth_scopes": {
                            "type": ["set", "string"],
                            "optional": true,
                            "computed": true
                          },
                          "service_account": {
                            "type": "string",
                            "optional": true,
                            "computed": true
                          },
                          "subnetwork": {
                            "type": "string",
                            "optional": true
                          },
                          "tags": {
                            "type": ["set", "string"],
                            "optional": true
                          },
                          "zone": {
                            "type": "string",
                            "required": true
                          }
                        }
                      },
                      "max_items": 1
                    },
                    "private_environment_config": {
                      "nesting_mode": "list",
                      "block": {
                        "attributes": {
                          "enable_private_endpoint": {
                            "type": "bool",
                            "optional": true
                          },
                          "master_ipv4_cidr_block": {
                            "type": "string",
                            "optional": true
                          }
                        }
                      },
                      "max_items": 1
                    },
                    "software_config": {
                      "nesting_mode": "list",
                      "block": {
                        "attributes": {
                          "airflow_config_overrides": {
                            "type": ["map", "string"],
                            "optional": true
                          },
                          "env_variables": {
                            "type": ["map", "string"],
                            "optional": true
                          },
                          "image_version": {
                            "type": "string",
                            "optional": true,
                            "computed": true
                          },
                          "pypi_packages": {
                            "type": ["map", "string"],
                            "optional": true
                          },
                          "python_version": {
                            "type": "string",
                            "optional": true,
                            "computed": true
                          }
                        }
                      },
                      "max_items": 1
                    }
                  }
                },
                "max_items": 1
              },
              "timeouts": {
                "nesting_mode": "single",
                "block": {
                  "attributes": {
                    "create": {
                      "type": "string",
                      "optional": true
                    },
                    "delete": {
                      "type": "string",
                      "optional": true
                    },
                    "update": {
                      "type": "string",
                      "optional": true
                    }
                  }
                }
              }
            }
          }
        },
        "google_compute_address": {
          "version": 0,
          "block": {
            "attributes": {
              "address": {
                "type": "string",
                "optional": true,
                "computed": true
              },
              "address_type": {
                "type": "string",
                "optional": true
              },
              "creation_timestamp": {
                "type": "string",
                "computed": true
              },
              "description": {
                "type": "string",
                "optional": true
              },
              "id": {
                "type": "string",
                "optional": true,
                "computed": true
              },
              "name": {
                "type": "string",
                "required": true
              },
              "network_tier": {
                "type": "string",
                "optional": true,
                "computed": true
              },
              "project": {
                "type": "string",
                "optional": true,
                "computed": true
              },
              "purpose": {
                "type": "string",
                "optional": true,
                "computed": true
              },
              "region": {
                "type": "string",
                "optional": true,
                "computed": true
              },
              "self_link": {
                "type": "string",
                "computed": true
              },
              "subnetwork": {
                "type": "string",
                "optional": true,
                "computed": true
              },
              "users": {
                "type": ["list", "string"],
                "computed": true
              }
            },
            "block_types": {
              "timeouts": {
                "nesting_mode": "single",
                "block": {
                  "attributes": {
                    "create": {
                      "type": "string",
                      "optional": true
                    },
                    "delete": {
                      "type": "string",
                      "optional": true
                    }
                  }
                }
              }
            }
          }
        },
        "google_compute_attached_disk": {
          "version": 0,
          "block": {
            "attributes": {
              "device_name": {
                "type": "string",
                "optional": true,
                "computed": true
              },
              "disk": {
                "type": "string",
                "required": true
              },
              "id": {
                "type": "string",
                "optional": true,
                "computed": true
              },
              "instance": {
                "type": "string",
                "required": true
              },
              "mode": {
                "type": "string",
                "optional": true
              },
              "project": {
                "type": "string",
                "optional": true,
                "computed": true
              },
              "zone": {
                "type": "string",
                "optional": true,
                "computed": true
              }
            },
            "block_types": {
              "timeouts": {
                "nesting_mode": "single",
                "block": {
                  "attributes": {
                    "create": {
                      "type": "string",
                      "optional": true
                    },
                    "delete": {
                      "type": "string",
                      "optional": true
                    }
                  }
                }
              }
            }
          }
        },
        "google_compute_autoscaler": {
          "version": 0,
          "block": {
            "attributes": {
              "creation_timestamp": {
                "type": "string",
                "computed": true
              },
              "description": {
                "type": "string",
                "optional": true
              },
              "id": {
                "type": "string",
                "optional": true,
                "computed": true
              },
              "name": {
                "type": "string",
                "required": true
              },
              "project": {
                "type": "string",
                "optional": true,
                "computed": true
              },
              "self_link": {
                "type": "string",
                "computed": true
              },
              "target": {
                "type": "string",
                "required": true
              },
              "zone": {
                "type": "string",
                "optional": true,
                "computed": true
              }
            },
            "block_types": {
              "autoscaling_policy": {
                "nesting_mode": "list",
                "block": {
                  "attributes": {
                    "cooldown_period": {
                      "type": "number",
                      "optional": true
                    },
                    "max_replicas": {
                      "type": "number",
                      "required": true
                    },
                    "min_replicas": {
                      "type": "number",
                      "required": true
                    }
                  },
                  "block_types": {
                    "cpu_utilization": {
                      "nesting_mode": "list",
                      "block": {
                        "attributes": {
                          "target": {
                            "type": "number",
                            "required": true
                          }
                        }
                      },
                      "max_items": 1
                    },
                    "load_balancing_utilization": {
                      "nesting_mode": "list",
                      "block": {
                        "attributes": {
                          "target": {
                            "type": "number",
                            "required": true
                          }
                        }
                      },
                      "max_items": 1
                    },
                    "metric": {
                      "nesting_mode": "list",
                      "block": {
                        "attributes": {
                          "name": {
                            "type": "string",
                            "required": true
                          },
                          "target": {
                            "type": "number",
                            "optional": true
                          },
                          "type": {
                            "type": "string",
                            "optional": true
                          }
                        }
                      }
                    }
                  }
                },
                "min_items": 1,
                "max_items": 1
              },
              "timeouts": {
                "nesting_mode": "single",
                "block": {
                  "attributes": {
                    "create": {
                      "type": "string",
                      "optional": true
                    },
                    "delete": {
                      "type": "string",
                      "optional": true
                    },
                    "update": {
                      "type": "string",
                      "optional": true
                    }
                  }
                }
              }
            }
          }
        },
        "google_compute_backend_bucket": {
          "version": 0,
          "block": {
            "attributes": {
              "bucket_name": {
                "type": "string",
                "required": true
              },
              "creation_timestamp": {
                "type": "string",
                "computed": true
              },
              "description": {
                "type": "string",
                "optional": true
              },
              "enable_cdn": {
                "type": "bool",
                "optional": true
              },
              "id": {
                "type": "string",
                "optional": true,
                "computed": true
              },
              "name": {
                "type": "string",
                "required": true
              },
              "project": {
                "type": "string",
                "optional": true,
                "computed": true
              },
              "self_link": {
                "type": "string",
                "computed": true
              }
            },
            "block_types": {
              "cdn_policy": {
                "nesting_mode": "list",
                "block": {
                  "attributes": {
                    "signed_url_cache_max_age_sec": {
                      "type": "number",
                      "optional": true
                    }
                  }
                },
                "max_items": 1
              },
              "timeouts": {
                "nesting_mode": "single",
                "block": {
                  "attributes": {
                    "create": {
                      "type": "string",
                      "optional": true
                    },
                    "delete": {
                      "type": "string",
                      "optional": true
                    },
                    "update": {
                      "type": "string",
                      "optional": true
                    }
                  }
                }
              }
            }
          }
        },
        "google_compute_backend_bucket_signed_url_key": {
          "version": 0,
          "block": {
            "attributes": {
              "backend_bucket": {
                "type": "string",
                "required": true
              },
              "id": {
                "type": "string",
                "optional": true,
                "computed": true
              },
              "key_value": {
                "type": "string",
                "required": true,
                "sensitive": true
              },
              "name": {
                "type": "string",
                "required": true
              },
              "project": {
                "type": "string",
                "optional": true,
                "computed": true
              }
            },
            "block_types": {
              "timeouts": {
                "nesting_mode": "single",
                "block": {
                  "attributes": {
                    "create": {
                      "type": "string",
                      "optional": true
                    },
                    "delete": {
                      "type": "string",
                      "optional": true
                    }
                  }
                }
              }
            }
          }
        },
        "google_compute_backend_service": {
          "version": 1,
          "block": {
            "attributes": {
              "affinity_cookie_ttl_sec": {
                "type": "number",
                "optional": true
              },
              "connection_draining_timeout_sec": {
                "type": "number",
                "optional": true
              },
              "creation_timestamp": {
                "type": "string",
                "computed": true
              },
              "description": {
                "type": "string",
                "optional": true
              },
              "enable_cdn": {
                "type": "bool",
                "optional": true
              },
              "fingerprint": {
                "type": "string",
                "computed": true
              },
              "health_checks": {
                "type": ["set", "string"],
                "required": true
              },
              "id": {
                "type": "string",
                "optional": true,
                "computed": true
              },
              "load_balancing_scheme": {
                "type": "string",
                "optional": true
              },
              "name": {
                "type": "string",
                "required": true
              },
              "port_name": {
                "type": "string",
                "optional": true,
                "computed": true
              },
              "project": {
                "type": "string",
                "optional": true,
                "computed": true
              },
              "protocol": {
                "type": "string",
                "optional": true,
                "computed": true
              },
              "security_policy": {
                "type": "string",
                "optional": true
              },
              "self_link": {
                "type": "string",
                "computed": true
              },
              "session_affinity": {
                "type": "string",
                "optional": true,
                "computed": true
              },
              "timeout_sec": {
                "type": "number",
                "optional": true,
                "computed": true
              }
            },
            "block_types": {
              "backend": {
                "nesting_mode": "set",
                "block": {
                  "attributes": {
                    "balancing_mode": {
                      "type": "string",
                      "optional": true
                    },
                    "capacity_scaler": {
                      "type": "number",
                      "optional": true
                    },
                    "description": {
                      "type": "string",
                      "optional": true
                    },
                    "group": {
                      "type": "string",
                      "optional": true
                    },
                    "max_connections": {
                      "type": "number",
                      "optional": true
                    },
                    "max_connections_per_endpoint": {
                      "type": "number",
                      "optional": true
                    },
                    "max_connections_per_instance": {
                      "type": "number",
                      "optional": true
                    },
                    "max_rate": {
                      "type": "number",
                      "optional": true
                    },
                    "max_rate_per_endpoint": {
                      "type": "number",
                      "optional": true
                    },
                    "max_rate_per_instance": {
                      "type": "number",
                      "optional": true
                    },
                    "max_utilization": {
                      "type": "number",
                      "optional": true
                    }
                  }
                }
              },
              "cdn_policy": {
                "nesting_mode": "list",
                "block": {
                  "attributes": {
                    "signed_url_cache_max_age_sec": {
                      "type": "number",
                      "optional": true
                    }
                  },
                  "block_types": {
                    "cache_key_policy": {
                      "nesting_mode": "list",
                      "block": {
                        "attributes": {
                          "include_host": {
                            "type": "bool",
                            "optional": true
                          },
                          "include_protocol": {
                            "type": "bool",
                            "optional": true
                          },
                          "include_query_string": {
                            "type": "bool",
                            "optional": true
                          },
                          "query_string_blacklist": {
                            "type": ["set", "string"],
                            "optional": true
                          },
                          "query_string_whitelist": {
                            "type": ["set", "string"],
                            "optional": true
                          }
                        }
                      },
                      "max_items": 1
                    }
                  }
                },
                "max_items": 1
              },
              "iap": {
                "nesting_mode": "list",
                "block": {
                  "attributes": {
                    "oauth2_client_id": {
                      "type": "string",
                      "required": true
                    },
                    "oauth2_client_secret": {
                      "type": "string",
                      "required": true,
                      "sensitive": true
                    },
                    "oauth2_client_secret_sha256": {
                      "type": "string",
                      "computed": true,
                      "sensitive": true
                    }
                  }
                },
                "max_items": 1
              },
              "timeouts": {
                "nesting_mode": "single",
                "block": {
                  "attributes": {
                    "create": {
                      "type": "string",
                      "optional": true
                    },
                    "delete": {
                      "type": "string",
                      "optional": true
                    },
                    "update": {
                      "type": "string",
                      "optional": true
                    }
                  }
                }
              }
            }
          }
        },
        "google_compute_backend_service_signed_url_key": {
          "version": 0,
          "block": {
            "attributes": {
              "backend_service": {
                "type": "string",
                "required": true
              },
              "id": {
                "type": "string",
                "optional": true,
                "computed": true
              },
              "key_value": {
                "type": "string",
                "required": true,
                "sensitive": true
              },
              "name": {
                "type": "string",
                "required": true
              },
              "project": {
                "type": "string",
                "optional": true,
                "computed": true
              }
            },
            "block_types": {
              "timeouts": {
                "nesting_mode": "single",
                "block": {
                  "attributes": {
                    "create": {
                      "type": "string",
                      "optional": true
                    },
                    "delete": {
                      "type": "string",
                      "optional": true
                    }
                  }
                }
              }
            }
          }
        },
        "google_compute_disk": {
          "version": 0,
          "block": {
            "attributes": {
              "creation_timestamp": {
                "type": "string",
                "computed": true
              },
              "description": {
                "type": "string",
                "optional": true
              },
              "disk_encryption_key_raw": {
                "type": "string",
                "optional": true,
                "sensitive": true
              },
              "disk_encryption_key_sha256": {
                "type": "string",
                "computed": true
              },
              "id": {
                "type": "string",
                "optional": true,
                "computed": true
              },
              "image": {
                "type": "string",
                "optional": true
              },
              "label_fingerprint": {
                "type": "string",
                "computed": true
              },
              "labels": {
                "type": ["map", "string"],
                "optional": true
              },
              "last_attach_timestamp": {
                "type": "string",
                "computed": true
              },
              "last_detach_timestamp": {
                "type": "string",
                "computed": true
              },
              "name": {
                "type": "string",
                "required": true
              },
              "physical_block_size_bytes": {
                "type": "number",
                "optional": true,
                "computed": true
              },
              "project": {
                "type": "string",
                "optional": true,
                "computed": true
              },
              "self_link": {
                "type": "string",
                "computed": true
              },
              "size": {
                "type": "number",
                "optional": true,
                "computed": true
              },
              "snapshot": {
                "type": "string",
                "optional": true
              },
              "source_image_id": {
                "type": "string",
                "computed": true
              },
              "source_snapshot_id": {
                "type": "string",
                "computed": true
              },
              "type": {
                "type": "string",
                "optional": true
              },
              "users": {
                "type": ["list", "string"],
                "computed": true
              },
              "zone": {
                "type": "string",
                "optional": true,
                "computed": true
              }
            },
            "block_types": {
              "disk_encryption_key": {
                "nesting_mode": "list",
                "block": {
                  "attributes": {
                    "kms_key_self_link": {
                      "type": "string",
                      "optional": true
                    },
                    "raw_key": {
                      "type": "string",
                      "optional": true
                    },
                    "sha256": {
                      "type": "string",
                      "computed": true
                    }
                  }
                },
                "max_items": 1
              },
              "source_image_encryption_key": {
                "nesting_mode": "list",
                "block": {
                  "attributes": {
                    "kms_key_self_link": {
                      "type": "string",
                      "optional": true
                    },
                    "raw_key": {
                      "type": "string",
                      "optional": true
                    },
                    "sha256": {
                      "type": "string",
                      "computed": true
                    }
                  }
                },
                "max_items": 1
              },
              "source_snapshot_encryption_key": {
                "nesting_mode": "list",
                "block": {
                  "attributes": {
                    "kms_key_self_link": {
                      "type": "string",
                      "optional": true
                    },
                    "raw_key": {
                      "type": "string",
                      "optional": true
                    },
                    "sha256": {
                      "type": "string",
                      "computed": true
                    }
                  }
                },
                "max_items": 1
              },
              "timeouts": {
                "nesting_mode": "single",
                "block": {
                  "attributes": {
                    "create": {
                      "type": "string",
                      "optional": true
                    },
                    "delete": {
                      "type": "string",
                      "optional": true
                    },
                    "update": {
                      "type": "string",
                      "optional": true
                    }
                  }
                }
              }
            }
          }
        },
        "google_compute_disk_resource_policy_attachment": {
          "version": 0,
          "block": {
            "attributes": {
              "disk": {
                "type": "string",
                "required": true
              },
              "id": {
                "type": "string",
                "optional": true,
                "computed": true
              },
              "name": {
                "type": "string",
                "required": true
              },
              "project": {
                "type": "string",
                "optional": true,
                "computed": true
              },
              "zone": {
                "type": "string",
                "optional": true,
                "computed": true
              }
            },
            "block_types": {
              "timeouts": {
                "nesting_mode": "single",
                "block": {
                  "attributes": {
                    "create": {
                      "type": "string",
                      "optional": true
                    },
                    "delete": {
                      "type": "string",
                      "optional": true
                    }
                  }
                }
              }
            }
          }
        },
        "google_compute_firewall": {
          "version": 1,
          "block": {
            "attributes": {
              "creation_timestamp": {
                "type": "string",
                "computed": true
              },
              "description": {
                "type": "string",
                "optional": true
              },
              "destination_ranges": {
                "type": ["set", "string"],
                "optional": true,
                "computed": true
              },
              "direction": {
                "type": "string",
                "optional": true,
                "computed": true
              },
              "disabled": {
                "type": "bool",
                "optional": true
              },
              "id": {
                "type": "string",
                "optional": true,
                "computed": true
              },
              "name": {
                "type": "string",
                "required": true
              },
              "network": {
                "type": "string",
                "required": true
              },
              "priority": {
                "type": "number",
                "optional": true
              },
              "project": {
                "type": "string",
                "optional": true,
                "computed": true
              },
              "self_link": {
                "type": "string",
                "computed": true
              },
              "source_ranges": {
                "type": ["set", "string"],
                "optional": true,
                "computed": true
              },
              "source_service_accounts": {
                "type": ["set", "string"],
                "optional": true
              },
              "source_tags": {
                "type": ["set", "string"],
                "optional": true
              },
              "target_service_accounts": {
                "type": ["set", "string"],
                "optional": true
              },
              "target_tags": {
                "type": ["set", "string"],
                "optional": true
              }
            },
            "block_types": {
              "allow": {
                "nesting_mode": "set",
                "block": {
                  "attributes": {
                    "ports": {
                      "type": ["list", "string"],
                      "optional": true
                    },
                    "protocol": {
                      "type": "string",
                      "required": true
                    }
                  }
                }
              },
              "deny": {
                "nesting_mode": "set",
                "block": {
                  "attributes": {
                    "ports": {
                      "type": ["list", "string"],
                      "optional": true
                    },
                    "protocol": {
                      "type": "string",
                      "required": true
                    }
                  }
                }
              },
              "timeouts": {
                "nesting_mode": "single",
                "block": {
                  "attributes": {
                    "create": {
                      "type": "string",
                      "optional": true
                    },
                    "delete": {
                      "type": "string",
                      "optional": true
                    },
                    "update": {
                      "type": "string",
                      "optional": true
                    }
                  }
                }
              }
            }
          }
        },
        "google_compute_forwarding_rule": {
          "version": 0,
          "block": {
            "attributes": {
              "all_ports": {
                "type": "bool",
                "optional": true
              },
              "backend_service": {
                "type": "string",
                "optional": true
              },
              "creation_timestamp": {
                "type": "string",
                "computed": true
              },
              "description": {
                "type": "string",
                "optional": true
              },
              "id": {
                "type": "string",
                "optional": true,
                "computed": true
              },
              "ip_address": {
                "type": "string",
                "optional": true,
                "computed": true
              },
              "ip_protocol": {
                "type": "string",
                "optional": true,
                "computed": true
              },
              "ip_version": {
                "type": "string",
                "optional": true
              },
              "load_balancing_scheme": {
                "type": "string",
                "optional": true
              },
              "name": {
                "type": "string",
                "required": true
              },
              "network": {
                "type": "string",
                "optional": true,
                "computed": true
              },
              "network_tier": {
                "type": "string",
                "optional": true,
                "computed": true
              },
              "port_range": {
                "type": "string",
                "optional": true
              },
              "ports": {
                "type": ["set", "string"],
                "optional": true
              },
              "project": {
                "type": "string",
                "optional": true,
                "computed": true
              },
              "region": {
                "type": "string",
                "optional": true,
                "computed": true
              },
              "self_link": {
                "type": "string",
                "computed": true
              },
              "service_label": {
                "type": "string",
                "optional": true
              },
              "service_name": {
                "type": "string",
                "computed": true
              },
              "subnetwork": {
                "type": "string",
                "optional": true,
                "computed": true
              },
              "target": {
                "type": "string",
                "optional": true
              }
            },
            "block_types": {
              "timeouts": {
                "nesting_mode": "single",
                "block": {
                  "attributes": {
                    "create": {
                      "type": "string",
                      "optional": true
                    },
                    "delete": {
                      "type": "string",
                      "optional": true
                    },
                    "update": {
                      "type": "string",
                      "optional": true
                    }
                  }
                }
              }
            }
          }
        },
        "google_compute_global_address": {
          "version": 0,
          "block": {
            "attributes": {
              "address": {
                "type": "string",
                "optional": true,
                "computed": true
              },
              "address_type": {
                "type": "string",
                "optional": true
              },
              "creation_timestamp": {
                "type": "string",
                "computed": true
              },
              "description": {
                "type": "string",
                "optional": true
              },
              "id": {
                "type": "string",
                "optional": true,
                "computed": true
              },
              "ip_version": {
                "type": "string",
                "optional": true
              },
              "name": {
                "type": "string",
                "required": true
              },
              "network": {
                "type": "string",
                "optional": true
              },
              "prefix_length": {
                "type": "number",
                "optional": true
              },
              "project": {
                "type": "string",
                "optional": true,
                "computed": true
              },
              "purpose": {
                "type": "string",
                "optional": true
              },
              "self_link": {
                "type": "string",
                "computed": true
              }
            },
            "block_types": {
              "timeouts": {
                "nesting_mode": "single",
                "block": {
                  "attributes": {
                    "create": {
                      "type": "string",
                      "optional": true
                    },
                    "delete": {
                      "type": "string",
                      "optional": true
                    }
                  }
                }
              }
            }
          }
        },
        "google_compute_global_forwarding_rule": {
          "version": 0,
          "block": {
            "attributes": {
              "description": {
                "type": "string",
                "optional": true
              },
              "id": {
                "type": "string",
                "optional": true,
                "computed": true
              },
              "ip_address": {
                "type": "string",
                "optional": true,
                "computed": true
              },
              "ip_protocol": {
                "type": "string",
                "optional": true,
                "computed": true
              },
              "ip_version": {
                "type": "string",
                "optional": true
              },
              "load_balancing_scheme": {
                "type": "string",
                "optional": true
              },
              "name": {
                "type": "string",
                "required": true
              },
              "port_range": {
                "type": "string",
                "optional": true
              },
              "project": {
                "type": "string",
                "optional": true,
                "computed": true
              },
              "self_link": {
                "type": "string",
                "computed": true
              },
              "target": {
                "type": "string",
                "required": true
              }
            },
            "block_types": {
              "metadata_filters": {
                "nesting_mode": "list",
                "block": {
                  "attributes": {
                    "filter_match_criteria": {
                      "type": "string",
                      "required": true
                    }
                  },
                  "block_types": {
                    "filter_labels": {
                      "nesting_mode": "list",
                      "block": {
                        "attributes": {
                          "name": {
                            "type": "string",
                            "required": true
                          },
                          "value": {
                            "type": "string",
                            "required": true
                          }
                        }
                      },
                      "min_items": 1,
                      "max_items": 64
                    }
                  }
                }
              },
              "timeouts": {
                "nesting_mode": "single",
                "block": {
                  "attributes": {
                    "create": {
                      "type": "string",
                      "optional": true
                    },
                    "delete": {
                      "type": "string",
                      "optional": true
                    },
                    "update": {
                      "type": "string",
                      "optional": true
                    }
                  }
                }
              }
            }
          }
        },
        "google_compute_health_check": {
          "version": 0,
          "block": {
            "attributes": {
              "check_interval_sec": {
                "type": "number",
                "optional": true
              },
              "creation_timestamp": {
                "type": "string",
                "computed": true
              },
              "description": {
                "type": "string",
                "optional": true
              },
              "healthy_threshold": {
                "type": "number",
                "optional": true
              },
              "id": {
                "type": "string",
                "optional": true,
                "computed": true
              },
              "name": {
                "type": "string",
                "required": true
              },
              "project": {
                "type": "string",
                "optional": true,
                "computed": true
              },
              "self_link": {
                "type": "string",
                "computed": true
              },
              "timeout_sec": {
                "type": "number",
                "optional": true
              },
              "type": {
                "type": "string",
                "computed": true
              },
              "unhealthy_threshold": {
                "type": "number",
                "optional": true
              }
            },
            "block_types": {
              "http2_health_check": {
                "nesting_mode": "list",
                "block": {
                  "attributes": {
                    "host": {
                      "type": "string",
                      "optional": true
                    },
                    "port": {
                      "type": "number",
                      "optional": true
                    },
                    "port_name": {
                      "type": "string",
                      "optional": true
                    },
                    "port_specification": {
                      "type": "string",
                      "optional": true
                    },
                    "proxy_header": {
                      "type": "string",
                      "optional": true
                    },
                    "request_path": {
                      "type": "string",
                      "optional": true
                    },
                    "response": {
                      "type": "string",
                      "optional": true
                    }
                  }
                },
                "max_items": 1
              },
              "http_health_check": {
                "nesting_mode": "list",
                "block": {
                  "attributes": {
                    "host": {
                      "type": "string",
                      "optional": true
                    },
                    "port": {
                      "type": "number",
                      "optional": true
                    },
                    "port_name": {
                      "type": "string",
                      "optional": true
                    },
                    "port_specification": {
                      "type": "string",
                      "optional": true
                    },
                    "proxy_header": {
                      "type": "string",
                      "optional": true
                    },
                    "request_path": {
                      "type": "string",
                      "optional": true
                    },
                    "response": {
                      "type": "string",
                      "optional": true
                    }
                  }
                },
                "max_items": 1
              },
              "https_health_check": {
                "nesting_mode": "list",
                "block": {
                  "attributes": {
                    "host": {
                      "type": "string",
                      "optional": true
                    },
                    "port": {
                      "type": "number",
                      "optional": true
                    },
                    "port_name": {
                      "type": "string",
                      "optional": true
                    },
                    "port_specification": {
                      "type": "string",
                      "optional": true
                    },
                    "proxy_header": {
                      "type": "string",
                      "optional": true
                    },
                    "request_path": {
                      "type": "string",
                      "optional": true
                    },
                    "response": {
                      "type": "string",
                      "optional": true
                    }
                  }
                },
                "max_items": 1
              },
              "ssl_health_check": {
                "nesting_mode": "list",
                "block": {
                  "attributes": {
                    "port": {
                      "type": "number",
                      "optional": true
                    },
                    "port_name": {
                      "type": "string",
                      "optional": true
                    },
                    "port_specification": {
                      "type": "string",
                      "optional": true
                    },
                    "proxy_header": {
                      "type": "string",
                      "optional": true
                    },
                    "request": {
                      "type": "string",
                      "optional": true
                    },
                    "response": {
                      "type": "string",
                      "optional": true
                    }
                  }
                },
                "max_items": 1
              },
              "tcp_health_check": {
                "nesting_mode": "list",
                "block": {
                  "attributes": {
                    "port": {
                      "type": "number",
                      "optional": true
                    },
                    "port_name": {
                      "type": "string",
                      "optional": true
                    },
                    "port_specification": {
                      "type": "string",
                      "optional": true
                    },
                    "proxy_header": {
                      "type": "string",
                      "optional": true
                    },
                    "request": {
                      "type": "string",
                      "optional": true
                    },
                    "response": {
                      "type": "string",
                      "optional": true
                    }
                  }
                },
                "max_items": 1
              },
              "timeouts": {
                "nesting_mode": "single",
                "block": {
                  "attributes": {
                    "create": {
                      "type": "string",
                      "optional": true
                    },
                    "delete": {
                      "type": "string",
                      "optional": true
                    },
                    "update": {
                      "type": "string",
                      "optional": true
                    }
                  }
                }
              }
            }
          }
        },
        "google_compute_http_health_check": {
          "version": 0,
          "block": {
            "attributes": {
              "check_interval_sec": {
                "type": "number",
                "optional": true
              },
              "creation_timestamp": {
                "type": "string",
                "computed": true
              },
              "description": {
                "type": "string",
                "optional": true
              },
              "healthy_threshold": {
                "type": "number",
                "optional": true
              },
              "host": {
                "type": "string",
                "optional": true
              },
              "id": {
                "type": "string",
                "optional": true,
                "computed": true
              },
              "name": {
                "type": "string",
                "required": true
              },
              "port": {
                "type": "number",
                "optional": true
              },
              "project": {
                "type": "string",
                "optional": true,
                "computed": true
              },
              "request_path": {
                "type": "string",
                "optional": true
              },
              "self_link": {
                "type": "string",
                "computed": true
              },
              "timeout_sec": {
                "type": "number",
                "optional": true
              },
              "unhealthy_threshold": {
                "type": "number",
                "optional": true
              }
            },
            "block_types": {
              "timeouts": {
                "nesting_mode": "single",
                "block": {
                  "attributes": {
                    "create": {
                      "type": "string",
                      "optional": true
                    },
                    "delete": {
                      "type": "string",
                      "optional": true
                    },
                    "update": {
                      "type": "string",
                      "optional": true
                    }
                  }
                }
              }
            }
          }
        },
        "google_compute_https_health_check": {
          "version": 0,
          "block": {
            "attributes": {
              "check_interval_sec": {
                "type": "number",
                "optional": true
              },
              "creation_timestamp": {
                "type": "string",
                "computed": true
              },
              "description": {
                "type": "string",
                "optional": true
              },
              "healthy_threshold": {
                "type": "number",
                "optional": true
              },
              "host": {
                "type": "string",
                "optional": true
              },
              "id": {
                "type": "string",
                "optional": true,
                "computed": true
              },
              "name": {
                "type": "string",
                "required": true
              },
              "port": {
                "type": "number",
                "optional": true
              },
              "project": {
                "type": "string",
                "optional": true,
                "computed": true
              },
              "request_path": {
                "type": "string",
                "optional": true
              },
              "self_link": {
                "type": "string",
                "computed": true
              },
              "timeout_sec": {
                "type": "number",
                "optional": true
              },
              "unhealthy_threshold": {
                "type": "number",
                "optional": true
              }
            },
            "block_types": {
              "timeouts": {
                "nesting_mode": "single",
                "block": {
                  "attributes": {
                    "create": {
                      "type": "string",
                      "optional": true
                    },
                    "delete": {
                      "type": "string",
                      "optional": true
                    },
                    "update": {
                      "type": "string",
                      "optional": true
                    }
                  }
                }
              }
            }
          }
        },
        "google_compute_image": {
          "version": 0,
          "block": {
            "attributes": {
              "archive_size_bytes": {
                "type": "number",
                "computed": true
              },
              "creation_timestamp": {
                "type": "string",
                "computed": true
              },
              "description": {
                "type": "string",
                "optional": true
              },
              "disk_size_gb": {
                "type": "number",
                "optional": true,
                "computed": true
              },
              "family": {
                "type": "string",
                "optional": true
              },
              "id": {
                "type": "string",
                "optional": true,
                "computed": true
              },
              "label_fingerprint": {
                "type": "string",
                "computed": true
              },
              "labels": {
                "type": ["map", "string"],
                "optional": true
              },
              "licenses": {
                "type": ["list", "string"],
                "optional": true,
                "computed": true
              },
              "name": {
                "type": "string",
                "required": true
              },
              "project": {
                "type": "string",
                "optional": true,
                "computed": true
              },
              "self_link": {
                "type": "string",
                "computed": true
              },
              "source_disk": {
                "type": "string",
                "optional": true
              }
            },
            "block_types": {
              "guest_os_features": {
                "nesting_mode": "set",
                "block": {
                  "attributes": {
                    "type": {
                      "type": "string",
                      "optional": true
                    }
                  }
                }
              },
              "raw_disk": {
                "nesting_mode": "list",
                "block": {
                  "attributes": {
                    "container_type": {
                      "type": "string",
                      "optional": true
                    },
                    "sha1": {
                      "type": "string",
                      "optional": true
                    },
                    "source": {
                      "type": "string",
                      "required": true
                    }
                  }
                },
                "max_items": 1
              },
              "timeouts": {
                "nesting_mode": "single",
                "block": {
                  "attributes": {
                    "create": {
                      "type": "string",
                      "optional": true
                    },
                    "delete": {
                      "type": "string",
                      "optional": true
                    },
                    "update": {
                      "type": "string",
                      "optional": true
                    }
                  }
                }
              }
            }
          }
        },
        "google_compute_instance": {
          "version": 6,
          "block": {
            "attributes": {
              "allow_stopping_for_update": {
                "type": "bool",
                "optional": true
              },
              "can_ip_forward": {
                "type": "bool",
                "optional": true
              },
              "cpu_platform": {
                "type": "string",
                "computed": true
              },
              "deletion_protection": {
                "type": "bool",
                "optional": true
              },
              "description": {
                "type": "string",
                "optional": true
              },
              "guest_accelerator": {
                "type": ["list", ["object", {
                      "count": "number",
                      "type": "string"
                    }
                  ]],
                "optional": true,
                "computed": true
              },
              "hostname": {
                "type": "string",
                "optional": true
              },
              "id": {
                "type": "string",
                "optional": true,
                "computed": true
              },
              "instance_id": {
                "type": "string",
                "computed": true
              },
              "label_fingerprint": {
                "type": "string",
                "computed": true
              },
              "labels": {
                "type": ["map", "string"],
                "optional": true
              },
              "machine_type": {
                "type": "string",
                "required": true
              },
              "metadata": {
                "type": ["map", "string"],
                "optional": true
              },
              "metadata_fingerprint": {
                "type": "string",
                "computed": true
              },
              "metadata_startup_script": {
                "type": "string",
                "optional": true
              },
              "min_cpu_platform": {
                "type": "string",
                "optional": true
              },
              "name": {
                "type": "string",
                "required": true
              },
              "project": {
                "type": "string",
                "optional": true,
                "computed": true
              },
              "self_link": {
                "type": "string",
                "computed": true
              },
              "tags": {
                "type": ["set", "string"],
                "optional": true
              },
              "tags_fingerprint": {
                "type": "string",
                "computed": true
              },
              "zone": {
                "type": "string",
                "optional": true,
                "computed": true
              }
            },
            "block_types": {
              "attached_disk": {
                "nesting_mode": "list",
                "block": {
                  "attributes": {
                    "device_name": {
                      "type": "string",
                      "optional": true,
                      "computed": true
                    },
                    "disk_encryption_key_raw": {
                      "type": "string",
                      "optional": true,
                      "sensitive": true
                    },
                    "disk_encryption_key_sha256": {
                      "type": "string",
                      "computed": true
                    },
                    "kms_key_self_link": {
                      "type": "string",
                      "optional": true,
                      "computed": true
                    },
                    "mode": {
                      "type": "string",
                      "optional": true
                    },
                    "source": {
                      "type": "string",
                      "required": true
                    }
                  }
                }
              },
              "boot_disk": {
                "nesting_mode": "list",
                "block": {
                  "attributes": {
                    "auto_delete": {
                      "type": "bool",
                      "optional": true
                    },
                    "device_name": {
                      "type": "string",
                      "optional": true,
                      "computed": true
                    },
                    "disk_encryption_key_raw": {
                      "type": "string",
                      "optional": true,
                      "sensitive": true
                    },
                    "disk_encryption_key_sha256": {
                      "type": "string",
                      "computed": true
                    },
                    "kms_key_self_link": {
                      "type": "string",
                      "optional": true,
                      "computed": true
                    },
                    "mode": {
                      "type": "string",
                      "optional": true
                    },
                    "source": {
                      "type": "string",
                      "optional": true,
                      "computed": true
                    }
                  },
                  "block_types": {
                    "initialize_params": {
                      "nesting_mode": "list",
                      "block": {
                        "attributes": {
                          "image": {
                            "type": "string",
                            "optional": true,
                            "computed": true
                          },
                          "labels": {
                            "type": ["map", "string"],
                            "optional": true,
                            "computed": true
                          },
                          "size": {
                            "type": "number",
                            "optional": true,
                            "computed": true
                          },
                          "type": {
                            "type": "string",
                            "optional": true,
                            "computed": true
                          }
                        }
                      },
                      "max_items": 1
                    }
                  }
                },
                "min_items": 1,
                "max_items": 1
              },
              "disk": {
                "nesting_mode": "list",
                "block": {
                  "attributes": {
                    "auto_delete": {
                      "type": "bool",
                      "optional": true
                    },
                    "device_name": {
                      "type": "string",
                      "optional": true
                    },
                    "disk": {
                      "type": "string",
                      "optional": true
                    },
                    "disk_encryption_key_raw": {
                      "type": "string",
                      "optional": true,
                      "sensitive": true
                    },
                    "disk_encryption_key_sha256": {
                      "type": "string",
                      "computed": true
                    },
                    "image": {
                      "type": "string",
                      "optional": true
                    },
                    "scratch": {
                      "type": "bool",
                      "optional": true
                    },
                    "size": {
                      "type": "number",
                      "optional": true
                    },
                    "type": {
                      "type": "string",
                      "optional": true
                    }
                  }
                }
              },
              "network_interface": {
                "nesting_mode": "list",
                "block": {
                  "attributes": {
                    "address": {
                      "type": "string",
                      "optional": true,
                      "computed": true
                    },
                    "name": {
                      "type": "string",
                      "computed": true
                    },
                    "network": {
                      "type": "string",
                      "optional": true,
                      "computed": true
                    },
                    "network_ip": {
                      "type": "string",
                      "optional": true,
                      "computed": true
                    },
                    "subnetwork": {
                      "type": "string",
                      "optional": true,
                      "computed": true
                    },
                    "subnetwork_project": {
                      "type": "string",
                      "optional": true,
                      "computed": true
                    }
                  },
                  "block_types": {
                    "access_config": {
                      "nesting_mode": "list",
                      "block": {
                        "attributes": {
                          "assigned_nat_ip": {
                            "type": "string",
                            "computed": true
                          },
                          "nat_ip": {
                            "type": "string",
                            "optional": true,
                            "computed": true
                          },
                          "network_tier": {
                            "type": "string",
                            "optional": true,
                            "computed": true
                          },
                          "public_ptr_domain_name": {
                            "type": "string",
                            "optional": true
                          }
                        }
                      }
                    },
                    "alias_ip_range": {
                      "nesting_mode": "list",
                      "block": {
                        "attributes": {
                          "ip_cidr_range": {
                            "type": "string",
                            "required": true
                          },
                          "subnetwork_range_name": {
                            "type": "string",
                            "optional": true
                          }
                        }
                      }
                    }
                  }
                },
                "min_items": 1
              },
              "scheduling": {
                "nesting_mode": "list",
                "block": {
                  "attributes": {
                    "automatic_restart": {
                      "type": "bool",
                      "optional": true
                    },
                    "on_host_maintenance": {
                      "type": "string",
                      "optional": true,
                      "computed": true
                    },
                    "preemptible": {
                      "type": "bool",
                      "optional": true
                    }
                  },
                  "block_types": {
                    "node_affinities": {
                      "nesting_mode": "set",
                      "block": {
                        "attributes": {
                          "key": {
                            "type": "string",
                            "required": true
                          },
                          "operator": {
                            "type": "string",
                            "required": true
                          },
                          "values": {
                            "type": ["set", "string"],
                            "required": true
                          }
                        }
                      }
                    }
                  }
                },
                "max_items": 1
              },
              "scratch_disk": {
                "nesting_mode": "list",
                "block": {
                  "attributes": {
                    "interface": {
                      "type": "string",
                      "optional": true
                    }
                  }
                }
              },
              "service_account": {
                "nesting_mode": "list",
                "block": {
                  "attributes": {
                    "email": {
                      "type": "string",
                      "optional": true,
                      "computed": true
                    },
                    "scopes": {
                      "type": ["set", "string"],
                      "required": true
                    }
                  }
                },
                "max_items": 1
              },
              "shielded_instance_config": {
                "nesting_mode": "list",
                "block": {
                  "attributes": {
                    "enable_integrity_monitoring": {
                      "type": "bool",
                      "optional": true
                    },
                    "enable_secure_boot": {
                      "type": "bool",
                      "optional": true
                    },
                    "enable_vtpm": {
                      "type": "bool",
                      "optional": true
                    }
                  }
                },
                "max_items": 1
              },
              "timeouts": {
                "nesting_mode": "single",
                "block": {
                  "attributes": {
                    "create": {
                      "type": "string",
                      "optional": true
                    },
                    "delete": {
                      "type": "string",
                      "optional": true
                    },
                    "update": {
                      "type": "string",
                      "optional": true
                    }
                  }
                }
              }
            }
          }
        },
        "google_compute_instance_from_template": {
          "version": 0,
          "block": {
            "attributes": {
              "allow_stopping_for_update": {
                "type": "bool",
                "optional": true,
                "computed": true
              },
              "attached_disk": {
                "type": ["list", ["object", {
                      "device_name": "string",
                      "disk_encryption_key_raw": "string",
                      "disk_encryption_key_sha256": "string",
                      "kms_key_self_link": "string",
                      "mode": "string",
                      "source": "string"
                    }
                  ]],
                "optional": true,
                "computed": true
              },
              "can_ip_forward": {
                "type": "bool",
                "optional": true,
                "computed": true
              },
              "cpu_platform": {
                "type": "string",
                "computed": true
              },
              "deletion_protection": {
                "type": "bool",
                "optional": true,
                "computed": true
              },
              "description": {
                "type": "string",
                "optional": true,
                "computed": true
              },
              "guest_accelerator": {
                "type": ["list", ["object", {
                      "count": "number",
                      "type": "string"
                    }
                  ]],
                "optional": true,
                "computed": true
              },
              "hostname": {
                "type": "string",
                "optional": true,
                "computed": true
              },
              "id": {
                "type": "string",
                "optional": true,
                "computed": true
              },
              "instance_id": {
                "type": "string",
                "computed": true
              },
              "label_fingerprint": {
                "type": "string",
                "computed": true
              },
              "labels": {
                "type": ["map", "string"],
                "optional": true,
                "computed": true
              },
              "machine_type": {
                "type": "string",
                "optional": true,
                "computed": true
              },
              "metadata": {
                "type": ["map", "string"],
                "optional": true,
                "computed": true
              },
              "metadata_fingerprint": {
                "type": "string",
                "computed": true
              },
              "metadata_startup_script": {
                "type": "string",
                "optional": true,
                "computed": true
              },
              "min_cpu_platform": {
                "type": "string",
                "optional": true,
                "computed": true
              },
              "name": {
                "type": "string",
                "required": true
              },
              "project": {
                "type": "string",
                "optional": true,
                "computed": true
              },
              "scratch_disk": {
                "type": ["list", ["object", {
                      "interface": "string"
                    }
                  ]],
                "optional": true,
                "computed": true
              },
              "self_link": {
                "type": "string",
                "computed": true
              },
              "service_account": {
                "type": ["list", ["object", {
                      "email": "string",
                      "scopes": ["set", "string"]
                    }
                  ]],
                "optional": true,
                "computed": true
              },
              "source_instance_template": {
                "type": "string",
                "required": true
              },
              "tags": {
                "type": ["set", "string"],
                "optional": true,
                "computed": true
              },
              "tags_fingerprint": {
                "type": "string",
                "computed": true
              },
              "zone": {
                "type": "string",
                "optional": true,
                "computed": true
              }
            },
            "block_types": {
              "boot_disk": {
                "nesting_mode": "list",
                "block": {
                  "attributes": {
                    "auto_delete": {
                      "type": "bool",
                      "optional": true,
                      "computed": true
                    },
                    "device_name": {
                      "type": "string",
                      "optional": true,
                      "computed": true
                    },
                    "disk_encryption_key_raw": {
                      "type": "string",
                      "optional": true,
                      "computed": true,
                      "sensitive": true
                    },
                    "disk_encryption_key_sha256": {
                      "type": "string",
                      "computed": true
                    },
                    "kms_key_self_link": {
                      "type": "string",
                      "optional": true,
                      "computed": true
                    },
                    "mode": {
                      "type": "string",
                      "optional": true,
                      "computed": true
                    },
                    "source": {
                      "type": "string",
                      "optional": true,
                      "computed": true
                    }
                  },
                  "block_types": {
                    "initialize_params": {
                      "nesting_mode": "list",
                      "block": {
                        "attributes": {
                          "image": {
                            "type": "string",
                            "optional": true,
                            "computed": true
                          },
                          "labels": {
                            "type": ["map", "string"],
                            "optional": true,
                            "computed": true
                          },
                          "size": {
                            "type": "number",
                            "optional": true,
                            "computed": true
                          },
                          "type": {
                            "type": "string",
                            "optional": true,
                            "computed": true
                          }
                        }
                      },
                      "max_items": 1
                    }
                  }
                },
                "max_items": 1
              },
              "network_interface": {
                "nesting_mode": "list",
                "block": {
                  "attributes": {
                    "access_config": {
                      "type": ["list", ["object", {
                            "assigned_nat_ip": "string",
                            "nat_ip": "string",
                            "network_tier": "string",
                            "public_ptr_domain_name": "string"
                          }
                        ]],
                      "optional": true,
                      "computed": true
                    },
                    "address": {
                      "type": "string",
                      "optional": true,
                      "computed": true
                    },
                    "alias_ip_range": {
                      "type": ["list", ["object", {
                            "ip_cidr_range": "string",
                            "subnetwork_range_name": "string"
                          }
                        ]],
                      "optional": true,
                      "computed": true
                    },
                    "name": {
                      "type": "string",
                      "computed": true
                    },
                    "network": {
                      "type": "string",
                      "optional": true,
                      "computed": true
                    },
                    "network_ip": {
                      "type": "string",
                      "optional": true,
                      "computed": true
                    },
                    "subnetwork": {
                      "type": "string",
                      "optional": true,
                      "computed": true
                    },
                    "subnetwork_project": {
                      "type": "string",
                      "optional": true,
                      "computed": true
                    }
                  }
                }
              },
              "scheduling": {
                "nesting_mode": "list",
                "block": {
                  "attributes": {
                    "automatic_restart": {
                      "type": "bool",
                      "optional": true,
                      "computed": true
                    },
                    "on_host_maintenance": {
                      "type": "string",
                      "optional": true,
                      "computed": true
                    },
                    "preemptible": {
                      "type": "bool",
                      "optional": true,
                      "computed": true
                    }
                  },
                  "block_types": {
                    "node_affinities": {
                      "nesting_mode": "set",
                      "block": {
                        "attributes": {
                          "key": {
                            "type": "string",
                            "required": true
                          },
                          "operator": {
                            "type": "string",
                            "required": true
                          },
                          "values": {
                            "type": ["set", "string"],
                            "required": true
                          }
                        }
                      }
                    }
                  }
                },
                "max_items": 1
              },
              "shielded_instance_config": {
                "nesting_mode": "list",
                "block": {
                  "attributes": {
                    "enable_integrity_monitoring": {
                      "type": "bool",
                      "optional": true,
                      "computed": true
                    },
                    "enable_secure_boot": {
                      "type": "bool",
                      "optional": true,
                      "computed": true
                    },
                    "enable_vtpm": {
                      "type": "bool",
                      "optional": true,
                      "computed": true
                    }
                  }
                },
                "max_items": 1
              },
              "timeouts": {
                "nesting_mode": "single",
                "block": {
                  "attributes": {
                    "create": {
                      "type": "string",
                      "optional": true
                    },
                    "delete": {
                      "type": "string",
                      "optional": true
                    },
                    "update": {
                      "type": "string",
                      "optional": true
                    }
                  }
                }
              }
            }
          }
        },
        "google_compute_instance_group": {
          "version": 2,
          "block": {
            "attributes": {
              "description": {
                "type": "string",
                "optional": true
              },
              "id": {
                "type": "string",
                "optional": true,
                "computed": true
              },
              "instances": {
                "type": ["set", "string"],
                "optional": true,
                "computed": true
              },
              "name": {
                "type": "string",
                "required": true
              },
              "network": {
                "type": "string",
                "optional": true,
                "computed": true
              },
              "project": {
                "type": "string",
                "optional": true,
                "computed": true
              },
              "self_link": {
                "type": "string",
                "computed": true
              },
              "size": {
                "type": "number",
                "computed": true
              },
              "zone": {
                "type": "string",
                "optional": true,
                "computed": true
              }
            },
            "block_types": {
              "named_port": {
                "nesting_mode": "list",
                "block": {
                  "attributes": {
                    "name": {
                      "type": "string",
                      "required": true
                    },
                    "port": {
                      "type": "number",
                      "required": true
                    }
                  }
                }
              }
            }
          }
        },
        "google_compute_instance_group_manager": {
          "version": 0,
          "block": {
            "attributes": {
              "base_instance_name": {
                "type": "string",
                "required": true
              },
              "description": {
                "type": "string",
                "optional": true
              },
              "fingerprint": {
                "type": "string",
                "computed": true
              },
              "id": {
                "type": "string",
                "optional": true,
                "computed": true
              },
              "instance_group": {
                "type": "string",
                "computed": true
              },
              "instance_template": {
                "type": "string",
                "required": true
              },
              "name": {
                "type": "string",
                "required": true
              },
              "project": {
                "type": "string",
                "optional": true,
                "computed": true
              },
              "self_link": {
                "type": "string",
                "computed": true
              },
              "target_pools": {
                "type": ["set", "string"],
                "optional": true
              },
              "target_size": {
                "type": "number",
                "optional": true,
                "computed": true
              },
              "update_strategy": {
                "type": "string",
                "optional": true
              },
              "wait_for_instances": {
                "type": "bool",
                "optional": true
              },
              "zone": {
                "type": "string",
                "optional": true,
                "computed": true
              }
            },
            "block_types": {
              "auto_healing_policies": {
                "nesting_mode": "list",
                "block": {
                  "attributes": {
                    "health_check": {
                      "type": "string",
                      "required": true
                    },
                    "initial_delay_sec": {
                      "type": "number",
                      "required": true
                    }
                  }
                },
                "max_items": 1
              },
              "named_port": {
                "nesting_mode": "set",
                "block": {
                  "attributes": {
                    "name": {
                      "type": "string",
                      "required": true
                    },
                    "port": {
                      "type": "number",
                      "required": true
                    }
                  }
                }
              },
              "rolling_update_policy": {
                "nesting_mode": "list",
                "block": {
                  "attributes": {
                    "max_surge_fixed": {
                      "type": "number",
                      "optional": true,
                      "computed": true
                    },
                    "max_surge_percent": {
                      "type": "number",
                      "optional": true
                    },
                    "max_unavailable_fixed": {
                      "type": "number",
                      "optional": true
                    },
                    "max_unavailable_percent": {
                      "type": "number",
                      "optional": true
                    },
                    "min_ready_sec": {
                      "type": "number",
                      "optional": true
                    },
                    "minimal_action": {
                      "type": "string",
                      "required": true
                    },
                    "type": {
                      "type": "string",
                      "required": true
                    }
                  }
                },
                "max_items": 1
              },
              "timeouts": {
                "nesting_mode": "single",
                "block": {
                  "attributes": {
                    "create": {
                      "type": "string",
                      "optional": true
                    },
                    "delete": {
                      "type": "string",
                      "optional": true
                    },
                    "update": {
                      "type": "string",
                      "optional": true
                    }
                  }
                }
              },
              "version": {
                "nesting_mode": "list",
                "block": {
                  "attributes": {
                    "instance_template": {
                      "type": "string",
                      "required": true
                    },
                    "name": {
                      "type": "string",
                      "required": true
                    }
                  },
                  "block_types": {
                    "target_size": {
                      "nesting_mode": "list",
                      "block": {
                        "attributes": {
                          "fixed": {
                            "type": "number",
                            "optional": true
                          },
                          "percent": {
                            "type": "number",
                            "optional": true
                          }
                        }
                      },
                      "max_items": 1
                    }
                  }
                }
              }
            }
          }
        },
        "google_compute_instance_iam_binding": {
          "version": 0,
          "block": {
            "attributes": {
              "etag": {
                "type": "string",
                "computed": true
              },
              "id": {
                "type": "string",
                "optional": true,
                "computed": true
              },
              "instance_name": {
                "type": "string",
                "required": true
              },
              "members": {
                "type": ["set", "string"],
                "required": true
              },
              "project": {
                "type": "string",
                "optional": true,
                "computed": true
              },
              "role": {
                "type": "string",
                "required": true
              },
              "zone": {
                "type": "string",
                "optional": true,
                "computed": true
              }
            }
          }
        },
        "google_compute_instance_iam_member": {
          "version": 0,
          "block": {
            "attributes": {
              "etag": {
                "type": "string",
                "computed": true
              },
              "id": {
                "type": "string",
                "optional": true,
                "computed": true
              },
              "instance_name": {
                "type": "string",
                "required": true
              },
              "member": {
                "type": "string",
                "required": true
              },
              "project": {
                "type": "string",
                "optional": true,
                "computed": true
              },
              "role": {
                "type": "string",
                "required": true
              },
              "zone": {
                "type": "string",
                "optional": true,
                "computed": true
              }
            }
          }
        },
        "google_compute_instance_iam_policy": {
          "version": 0,
          "block": {
            "attributes": {
              "etag": {
                "type": "string",
                "computed": true
              },
              "id": {
                "type": "string",
                "optional": true,
                "computed": true
              },
              "instance_name": {
                "type": "string",
                "required": true
              },
              "policy_data": {
                "type": "string",
                "required": true
              },
              "project": {
                "type": "string",
                "optional": true,
                "computed": true
              },
              "zone": {
                "type": "string",
                "optional": true,
                "computed": true
              }
            }
          }
        },
        "google_compute_instance_template": {
          "version": 1,
          "block": {
            "attributes": {
              "automatic_restart": {
                "type": "bool",
                "optional": true
              },
              "can_ip_forward": {
                "type": "bool",
                "optional": true
              },
              "description": {
                "type": "string",
                "optional": true
              },
              "id": {
                "type": "string",
                "optional": true,
                "computed": true
              },
              "instance_description": {
                "type": "string",
                "optional": true
              },
              "labels": {
                "type": ["map", "string"],
                "optional": true
              },
              "machine_type": {
                "type": "string",
                "required": true
              },
              "metadata": {
                "type": ["map", "string"],
                "optional": true
              },
              "metadata_fingerprint": {
                "type": "string",
                "computed": true
              },
              "metadata_startup_script": {
                "type": "string",
                "optional": true
              },
              "min_cpu_platform": {
                "type": "string",
                "optional": true
              },
              "name": {
                "type": "string",
                "optional": true,
                "computed": true
              },
              "name_prefix": {
                "type": "string",
                "optional": true,
                "computed": true
              },
              "on_host_maintenance": {
                "type": "string",
                "optional": true
              },
              "project": {
                "type": "string",
                "optional": true,
                "computed": true
              },
              "region": {
                "type": "string",
                "optional": true,
                "computed": true
              },
              "self_link": {
                "type": "string",
                "computed": true
              },
              "tags": {
                "type": ["set", "string"],
                "optional": true
              },
              "tags_fingerprint": {
                "type": "string",
                "computed": true
              }
            },
            "block_types": {
              "disk": {
                "nesting_mode": "list",
                "block": {
                  "attributes": {
                    "auto_delete": {
                      "type": "bool",
                      "optional": true
                    },
                    "boot": {
                      "type": "bool",
                      "optional": true,
                      "computed": true
                    },
                    "device_name": {
                      "type": "string",
                      "optional": true,
                      "computed": true
                    },
                    "disk_name": {
                      "type": "string",
                      "optional": true
                    },
                    "disk_size_gb": {
                      "type": "number",
                      "optional": true
                    },
                    "disk_type": {
                      "type": "string",
                      "optional": true,
                      "computed": true
                    },
                    "interface": {
                      "type": "string",
                      "optional": true,
                      "computed": true
                    },
                    "labels": {
                      "type": ["map", "string"],
                      "optional": true
                    },
                    "mode": {
                      "type": "string",
                      "optional": true,
                      "computed": true
                    },
                    "source": {
                      "type": "string",
                      "optional": true
                    },
                    "source_image": {
                      "type": "string",
                      "optional": true,
                      "computed": true
                    },
                    "type": {
                      "type": "string",
                      "optional": true,
                      "computed": true
                    }
                  },
                  "block_types": {
                    "disk_encryption_key": {
                      "nesting_mode": "list",
                      "block": {
                        "attributes": {
                          "kms_key_self_link": {
                            "type": "string",
                            "optional": true
                          }
                        }
                      },
                      "max_items": 1
                    }
                  }
                },
                "min_items": 1
              },
              "guest_accelerator": {
                "nesting_mode": "list",
                "block": {
                  "attributes": {
                    "count": {
                      "type": "number",
                      "required": true
                    },
                    "type": {
                      "type": "string",
                      "required": true
                    }
                  }
                }
              },
              "network_interface": {
                "nesting_mode": "list",
                "block": {
                  "attributes": {
                    "address": {
                      "type": "string",
                      "optional": true,
                      "computed": true
                    },
                    "network": {
                      "type": "string",
                      "optional": true,
                      "computed": true
                    },
                    "network_ip": {
                      "type": "string",
                      "optional": true
                    },
                    "subnetwork": {
                      "type": "string",
                      "optional": true,
                      "computed": true
                    },
                    "subnetwork_project": {
                      "type": "string",
                      "optional": true,
                      "computed": true
                    }
                  },
                  "block_types": {
                    "access_config": {
                      "nesting_mode": "list",
                      "block": {
                        "attributes": {
                          "assigned_nat_ip": {
                            "type": "string",
                            "computed": true
                          },
                          "nat_ip": {
                            "type": "string",
                            "optional": true,
                            "computed": true
                          },
                          "network_tier": {
                            "type": "string",
                            "optional": true,
                            "computed": true
                          }
                        }
                      }
                    },
                    "alias_ip_range": {
                      "nesting_mode": "list",
                      "block": {
                        "attributes": {
                          "ip_cidr_range": {
                            "type": "string",
                            "required": true
                          },
                          "subnetwork_range_name": {
                            "type": "string",
                            "optional": true
                          }
                        }
                      }
                    }
                  }
                }
              },
              "scheduling": {
                "nesting_mode": "list",
                "block": {
                  "attributes": {
                    "automatic_restart": {
                      "type": "bool",
                      "optional": true
                    },
                    "on_host_maintenance": {
                      "type": "string",
                      "optional": true,
                      "computed": true
                    },
                    "preemptible": {
                      "type": "bool",
                      "optional": true
                    }
                  },
                  "block_types": {
                    "node_affinities": {
                      "nesting_mode": "set",
                      "block": {
                        "attributes": {
                          "key": {
                            "type": "string",
                            "required": true
                          },
                          "operator": {
                            "type": "string",
                            "required": true
                          },
                          "values": {
                            "type": ["set", "string"],
                            "required": true
                          }
                        }
                      }
                    }
                  }
                },
                "max_items": 1
              },
              "service_account": {
                "nesting_mode": "list",
                "block": {
                  "attributes": {
                    "email": {
                      "type": "string",
                      "optional": true,
                      "computed": true
                    },
                    "scopes": {
                      "type": ["set", "string"],
                      "required": true
                    }
                  }
                },
                "max_items": 1
              },
              "shielded_instance_config": {
                "nesting_mode": "list",
                "block": {
                  "attributes": {
                    "enable_integrity_monitoring": {
                      "type": "bool",
                      "optional": true
                    },
                    "enable_secure_boot": {
                      "type": "bool",
                      "optional": true
                    },
                    "enable_vtpm": {
                      "type": "bool",
                      "optional": true
                    }
                  }
                },
                "max_items": 1
              }
            }
          }
        },
        "google_compute_interconnect_attachment": {
          "version": 0,
          "block": {
            "attributes": {
              "admin_enabled": {
                "type": "bool",
                "optional": true
              },
              "bandwidth": {
                "type": "string",
                "optional": true,
                "computed": true
              },
              "candidate_subnets": {
                "type": ["list", "string"],
                "optional": true
              },
              "cloud_router_ip_address": {
                "type": "string",
                "computed": true
              },
              "creation_timestamp": {
                "type": "string",
                "computed": true
              },
              "customer_router_ip_address": {
                "type": "string",
                "computed": true
              },
              "description": {
                "type": "string",
                "optional": true
              },
              "edge_availability_domain": {
                "type": "string",
                "optional": true
              },
              "google_reference_id": {
                "type": "string",
                "computed": true
              },
              "id": {
                "type": "string",
                "optional": true,
                "computed": true
              },
              "interconnect": {
                "type": "string",
                "optional": true
              },
              "name": {
                "type": "string",
                "required": true
              },
              "pairing_key": {
                "type": "string",
                "computed": true
              },
              "partner_asn": {
                "type": "string",
                "computed": true
              },
              "private_interconnect_info": {
                "type": ["list", ["object", {
                      "tag8021q": "number"
                    }
                  ]],
                "computed": true
              },
              "project": {
                "type": "string",
                "optional": true,
                "computed": true
              },
              "region": {
                "type": "string",
                "optional": true,
                "computed": true
              },
              "router": {
                "type": "string",
                "required": true
              },
              "self_link": {
                "type": "string",
                "computed": true
              },
              "state": {
                "type": "string",
                "computed": true
              },
              "type": {
                "type": "string",
                "optional": true,
                "computed": true
              },
              "vlan_tag8021q": {
                "type": "number",
                "optional": true,
                "computed": true
              }
            },
            "block_types": {
              "timeouts": {
                "nesting_mode": "single",
                "block": {
                  "attributes": {
                    "create": {
                      "type": "string",
                      "optional": true
                    },
                    "delete": {
                      "type": "string",
                      "optional": true
                    }
                  }
                }
              }
            }
          }
        },
        "google_compute_network": {
          "version": 0,
          "block": {
            "attributes": {
              "auto_create_subnetworks": {
                "type": "bool",
                "optional": true
              },
              "delete_default_routes_on_create": {
                "type": "bool",
                "optional": true
              },
              "description": {
                "type": "string",
                "optional": true
              },
              "gateway_ipv4": {
                "type": "string",
                "computed": true
              },
              "id": {
                "type": "string",
                "optional": true,
                "computed": true
              },
              "ipv4_range": {
                "type": "string",
                "optional": true
              },
              "name": {
                "type": "string",
                "required": true
              },
              "project": {
                "type": "string",
                "optional": true,
                "computed": true
              },
              "routing_mode": {
                "type": "string",
                "optional": true,
                "computed": true
              },
              "self_link": {
                "type": "string",
                "computed": true
              }
            },
            "block_types": {
              "timeouts": {
                "nesting_mode": "single",
                "block": {
                  "attributes": {
                    "create": {
                      "type": "string",
                      "optional": true
                    },
                    "delete": {
                      "type": "string",
                      "optional": true
                    },
                    "update": {
                      "type": "string",
                      "optional": true
                    }
                  }
                }
              }
            }
          }
        },
        "google_compute_network_endpoint": {
          "version": 0,
          "block": {
            "attributes": {
              "id": {
                "type": "string",
                "optional": true,
                "computed": true
              },
              "instance": {
                "type": "string",
                "required": true
              },
              "ip_address": {
                "type": "string",
                "required": true
              },
              "network_endpoint_group": {
                "type": "string",
                "required": true
              },
              "port": {
                "type": "number",
                "required": true
              },
              "project": {
                "type": "string",
                "optional": true,
                "computed": true
              },
              "zone": {
                "type": "string",
                "optional": true,
                "computed": true
              }
            },
            "block_types": {
              "timeouts": {
                "nesting_mode": "single",
                "block": {
                  "attributes": {
                    "create": {
                      "type": "string",
                      "optional": true
                    },
                    "delete": {
                      "type": "string",
                      "optional": true
                    }
                  }
                }
              }
            }
          }
        },
        "google_compute_network_endpoint_group": {
          "version": 0,
          "block": {
            "attributes": {
              "default_port": {
                "type": "number",
                "optional": true
              },
              "description": {
                "type": "string",
                "optional": true
              },
              "id": {
                "type": "string",
                "optional": true,
                "computed": true
              },
              "name": {
                "type": "string",
                "required": true
              },
              "network": {
                "type": "string",
                "required": true
              },
              "network_endpoint_type": {
                "type": "string",
                "optional": true
              },
              "project": {
                "type": "string",
                "optional": true,
                "computed": true
              },
              "self_link": {
                "type": "string",
                "computed": true
              },
              "size": {
                "type": "number",
                "computed": true
              },
              "subnetwork": {
                "type": "string",
                "optional": true
              },
              "zone": {
                "type": "string",
                "optional": true,
                "computed": true
              }
            },
            "block_types": {
              "timeouts": {
                "nesting_mode": "single",
                "block": {
                  "attributes": {
                    "create": {
                      "type": "string",
                      "optional": true
                    },
                    "delete": {
                      "type": "string",
                      "optional": true
                    }
                  }
                }
              }
            }
          }
        },
        "google_compute_network_peering": {
          "version": 0,
          "block": {
            "attributes": {
              "auto_create_routes": {
                "type": "bool",
                "optional": true
              },
              "id": {
                "type": "string",
                "optional": true,
                "computed": true
              },
              "name": {
                "type": "string",
                "required": true
              },
              "network": {
                "type": "string",
                "required": true
              },
              "peer_network": {
                "type": "string",
                "required": true
              },
              "state": {
                "type": "string",
                "computed": true
              },
              "state_details": {
                "type": "string",
                "computed": true
              }
            }
          }
        },
        "google_compute_node_group": {
          "version": 0,
          "block": {
            "attributes": {
              "creation_timestamp": {
                "type": "string",
                "computed": true
              },
              "description": {
                "type": "string",
                "optional": true
              },
              "id": {
                "type": "string",
                "optional": true,
                "computed": true
              },
              "name": {
                "type": "string",
                "optional": true
              },
              "node_template": {
                "type": "string",
                "required": true
              },
              "project": {
                "type": "string",
                "optional": true,
                "computed": true
              },
              "self_link": {
                "type": "string",
                "computed": true
              },
              "size": {
                "type": "number",
                "required": true
              },
              "zone": {
                "type": "string",
                "optional": true,
                "computed": true
              }
            },
            "block_types": {
              "timeouts": {
                "nesting_mode": "single",
                "block": {
                  "attributes": {
                    "create": {
                      "type": "string",
                      "optional": true
                    },
                    "delete": {
                      "type": "string",
                      "optional": true
                    },
                    "update": {
                      "type": "string",
                      "optional": true
                    }
                  }
                }
              }
            }
          }
        },
        "google_compute_node_template": {
          "version": 0,
          "block": {
            "attributes": {
              "creation_timestamp": {
                "type": "string",
                "computed": true
              },
              "description": {
                "type": "string",
                "optional": true
              },
              "id": {
                "type": "string",
                "optional": true,
                "computed": true
              },
              "name": {
                "type": "string",
                "optional": true
              },
              "node_affinity_labels": {
                "type": ["map", "string"],
                "optional": true
              },
              "node_type": {
                "type": "string",
                "optional": true
              },
              "project": {
                "type": "string",
                "optional": true,
                "computed": true
              },
              "region": {
                "type": "string",
                "optional": true,
                "computed": true
              },
              "self_link": {
                "type": "string",
                "computed": true
              }
            },
            "block_types": {
              "node_type_flexibility": {
                "nesting_mode": "list",
                "block": {
                  "attributes": {
                    "cpus": {
                      "type": "string",
                      "optional": true
                    },
                    "local_ssd": {
                      "type": "string",
                      "computed": true
                    },
                    "memory": {
                      "type": "string",
                      "optional": true
                    }
                  }
                },
                "max_items": 1
              },
              "timeouts": {
                "nesting_mode": "single",
                "block": {
                  "attributes": {
                    "create": {
                      "type": "string",
                      "optional": true
                    },
                    "delete": {
                      "type": "string",
                      "optional": true
                    }
                  }
                }
              }
            }
          }
        },
        "google_compute_project_default_network_tier": {
          "version": 0,
          "block": {
            "attributes": {
              "id": {
                "type": "string",
                "optional": true,
                "computed": true
              },
              "network_tier": {
                "type": "string",
                "required": true
              },
              "project": {
                "type": "string",
                "optional": true,
                "computed": true
              }
            }
          }
        },
        "google_compute_project_metadata": {
          "version": 0,
          "block": {
            "attributes": {
              "id": {
                "type": "string",
                "optional": true,
                "computed": true
              },
              "metadata": {
                "type": ["map", "string"],
                "required": true
              },
              "project": {
                "type": "string",
                "optional": true,
                "computed": true
              }
            }
          }
        },
        "google_compute_project_metadata_item": {
          "version": 0,
          "block": {
            "attributes": {
              "id": {
                "type": "string",
                "optional": true,
                "computed": true
              },
              "key": {
                "type": "string",
                "required": true
              },
              "project": {
                "type": "string",
                "optional": true,
                "computed": true
              },
              "value": {
                "type": "string",
                "required": true
              }
            },
            "block_types": {
              "timeouts": {
                "nesting_mode": "single",
                "block": {
                  "attributes": {
                    "create": {
                      "type": "string",
                      "optional": true
                    },
                    "delete": {
                      "type": "string",
                      "optional": true
                    },
                    "update": {
                      "type": "string",
                      "optional": true
                    }
                  }
                }
              }
            }
          }
        },
        "google_compute_region_autoscaler": {
          "version": 0,
          "block": {
            "attributes": {
              "creation_timestamp": {
                "type": "string",
                "computed": true
              },
              "description": {
                "type": "string",
                "optional": true
              },
              "id": {
                "type": "string",
                "optional": true,
                "computed": true
              },
              "name": {
                "type": "string",
                "required": true
              },
              "project": {
                "type": "string",
                "optional": true,
                "computed": true
              },
              "region": {
                "type": "string",
                "optional": true,
                "computed": true
              },
              "self_link": {
                "type": "string",
                "computed": true
              },
              "target": {
                "type": "string",
                "required": true
              }
            },
            "block_types": {
              "autoscaling_policy": {
                "nesting_mode": "list",
                "block": {
                  "attributes": {
                    "cooldown_period": {
                      "type": "number",
                      "optional": true
                    },
                    "max_replicas": {
                      "type": "number",
                      "required": true
                    },
                    "min_replicas": {
                      "type": "number",
                      "required": true
                    }
                  },
                  "block_types": {
                    "cpu_utilization": {
                      "nesting_mode": "list",
                      "block": {
                        "attributes": {
                          "target": {
                            "type": "number",
                            "required": true
                          }
                        }
                      },
                      "max_items": 1
                    },
                    "load_balancing_utilization": {
                      "nesting_mode": "list",
                      "block": {
                        "attributes": {
                          "target": {
                            "type": "number",
                            "required": true
                          }
                        }
                      },
                      "max_items": 1
                    },
                    "metric": {
                      "nesting_mode": "list",
                      "block": {
                        "attributes": {
                          "name": {
                            "type": "string",
                            "required": true
                          },
                          "target": {
                            "type": "number",
                            "optional": true
                          },
                          "type": {
                            "type": "string",
                            "optional": true
                          }
                        }
                      }
                    }
                  }
                },
                "min_items": 1,
                "max_items": 1
              },
              "timeouts": {
                "nesting_mode": "single",
                "block": {
                  "attributes": {
                    "create": {
                      "type": "string",
                      "optional": true
                    },
                    "delete": {
                      "type": "string",
                      "optional": true
                    },
                    "update": {
                      "type": "string",
                      "optional": true
                    }
                  }
                }
              }
            }
          }
        },
        "google_compute_region_backend_service": {
          "version": 1,
          "block": {
            "attributes": {
              "connection_draining_timeout_sec": {
                "type": "number",
                "optional": true
              },
              "description": {
                "type": "string",
                "optional": true
              },
              "fingerprint": {
                "type": "string",
                "computed": true
              },
              "health_checks": {
                "type": ["set", "string"],
                "required": true
              },
              "id": {
                "type": "string",
                "optional": true,
                "computed": true
              },
              "load_balancing_scheme": {
                "type": "string",
                "optional": true
              },
              "name": {
                "type": "string",
                "required": true
              },
              "project": {
                "type": "string",
                "optional": true,
                "computed": true
              },
              "protocol": {
                "type": "string",
                "optional": true,
                "computed": true
              },
              "region": {
                "type": "string",
                "optional": true,
                "computed": true
              },
              "self_link": {
                "type": "string",
                "computed": true
              },
              "session_affinity": {
                "type": "string",
                "optional": true,
                "computed": true
              },
              "timeout_sec": {
                "type": "number",
                "optional": true,
                "computed": true
              }
            },
            "block_types": {
              "backend": {
                "nesting_mode": "set",
                "block": {
                  "attributes": {
                    "description": {
                      "type": "string",
                      "optional": true
                    },
                    "group": {
                      "type": "string",
                      "optional": true
                    }
                  }
                }
              },
              "timeouts": {
                "nesting_mode": "single",
                "block": {
                  "attributes": {
                    "create": {
                      "type": "string",
                      "optional": true
                    },
                    "delete": {
                      "type": "string",
                      "optional": true
                    },
                    "update": {
                      "type": "string",
                      "optional": true
                    }
                  }
                }
              }
            }
          }
        },
        "google_compute_region_disk": {
          "version": 0,
          "block": {
            "attributes": {
              "creation_timestamp": {
                "type": "string",
                "computed": true
              },
              "description": {
                "type": "string",
                "optional": true
              },
              "id": {
                "type": "string",
                "optional": true,
                "computed": true
              },
              "label_fingerprint": {
                "type": "string",
                "computed": true
              },
              "labels": {
                "type": ["map", "string"],
                "optional": true
              },
              "last_attach_timestamp": {
                "type": "string",
                "computed": true
              },
              "last_detach_timestamp": {
                "type": "string",
                "computed": true
              },
              "name": {
                "type": "string",
                "required": true
              },
              "physical_block_size_bytes": {
                "type": "number",
                "optional": true,
                "computed": true
              },
              "project": {
                "type": "string",
                "optional": true,
                "computed": true
              },
              "region": {
                "type": "string",
                "optional": true,
                "computed": true
              },
              "replica_zones": {
                "type": ["list", "string"],
                "required": true
              },
              "self_link": {
                "type": "string",
                "computed": true
              },
              "size": {
                "type": "number",
                "optional": true,
                "computed": true
              },
              "snapshot": {
                "type": "string",
                "optional": true
              },
              "source_snapshot_id": {
                "type": "string",
                "computed": true
              },
              "type": {
                "type": "string",
                "optional": true
              },
              "users": {
                "type": ["list", "string"],
                "computed": true
              }
            },
            "block_types": {
              "disk_encryption_key": {
                "nesting_mode": "list",
                "block": {
                  "attributes": {
                    "raw_key": {
                      "type": "string",
                      "optional": true
                    },
                    "sha256": {
                      "type": "string",
                      "computed": true
                    }
                  }
                },
                "max_items": 1
              },
              "source_snapshot_encryption_key": {
                "nesting_mode": "list",
                "block": {
                  "attributes": {
                    "raw_key": {
                      "type": "string",
                      "optional": true
                    },
                    "sha256": {
                      "type": "string",
                      "computed": true
                    }
                  }
                },
                "max_items": 1
              },
              "timeouts": {
                "nesting_mode": "single",
                "block": {
                  "attributes": {
                    "create": {
                      "type": "string",
                      "optional": true
                    },
                    "delete": {
                      "type": "string",
                      "optional": true
                    },
                    "update": {
                      "type": "string",
                      "optional": true
                    }
                  }
                }
              }
            }
          }
        },
        "google_compute_region_instance_group_manager": {
          "version": 0,
          "block": {
            "attributes": {
              "base_instance_name": {
                "type": "string",
                "required": true
              },
              "description": {
                "type": "string",
                "optional": true
              },
              "distribution_policy_zones": {
                "type": ["set", "string"],
                "optional": true,
                "computed": true
              },
              "fingerprint": {
                "type": "string",
                "computed": true
              },
              "id": {
                "type": "string",
                "optional": true,
                "computed": true
              },
              "instance_group": {
                "type": "string",
                "computed": true
              },
              "instance_template": {
                "type": "string",
                "required": true
              },
              "name": {
                "type": "string",
                "required": true
              },
              "project": {
                "type": "string",
                "optional": true,
                "computed": true
              },
              "region": {
                "type": "string",
                "required": true
              },
              "self_link": {
                "type": "string",
                "computed": true
              },
              "target_pools": {
                "type": ["set", "string"],
                "optional": true
              },
              "target_size": {
                "type": "number",
                "optional": true,
                "computed": true
              },
              "update_strategy": {
                "type": "string",
                "optional": true,
                "computed": true
              },
              "wait_for_instances": {
                "type": "bool",
                "optional": true
              }
            },
            "block_types": {
              "auto_healing_policies": {
                "nesting_mode": "list",
                "block": {
                  "attributes": {
                    "health_check": {
                      "type": "string",
                      "required": true
                    },
                    "initial_delay_sec": {
                      "type": "number",
                      "required": true
                    }
                  }
                },
                "max_items": 1
              },
              "named_port": {
                "nesting_mode": "set",
                "block": {
                  "attributes": {
                    "name": {
                      "type": "string",
                      "required": true
                    },
                    "port": {
                      "type": "number",
                      "required": true
                    }
                  }
                }
              },
              "rolling_update_policy": {
                "nesting_mode": "list",
                "block": {
                  "attributes": {
                    "max_surge_fixed": {
                      "type": "number",
                      "optional": true,
                      "computed": true
                    },
                    "max_surge_percent": {
                      "type": "number",
                      "optional": true
                    },
                    "max_unavailable_fixed": {
                      "type": "number",
                      "optional": true
                    },
                    "max_unavailable_percent": {
                      "type": "number",
                      "optional": true
                    },
                    "min_ready_sec": {
                      "type": "number",
                      "optional": true
                    },
                    "minimal_action": {
                      "type": "string",
                      "required": true
                    },
                    "type": {
                      "type": "string",
                      "required": true
                    }
                  }
                },
                "max_items": 1
              },
              "timeouts": {
                "nesting_mode": "single",
                "block": {
                  "attributes": {
                    "create": {
                      "type": "string",
                      "optional": true
                    },
                    "delete": {
                      "type": "string",
                      "optional": true
                    },
                    "update": {
                      "type": "string",
                      "optional": true
                    }
                  }
                }
              },
              "version": {
                "nesting_mode": "list",
                "block": {
                  "attributes": {
                    "instance_template": {
                      "type": "string",
                      "required": true
                    },
                    "name": {
                      "type": "string",
                      "required": true
                    }
                  },
                  "block_types": {
                    "target_size": {
                      "nesting_mode": "list",
                      "block": {
                        "attributes": {
                          "fixed": {
                            "type": "number",
                            "optional": true
                          },
                          "percent": {
                            "type": "number",
                            "optional": true
                          }
                        }
                      },
                      "max_items": 1
                    }
                  }
                }
              }
            }
          }
        },
        "google_compute_reservation": {
          "version": 0,
          "block": {
            "attributes": {
              "commitment": {
                "type": "string",
                "computed": true
              },
              "creation_timestamp": {
                "type": "string",
                "computed": true
              },
              "description": {
                "type": "string",
                "optional": true
              },
              "id": {
                "type": "string",
                "optional": true,
                "computed": true
              },
              "name": {
                "type": "string",
                "required": true
              },
              "project": {
                "type": "string",
                "optional": true,
                "computed": true
              },
              "self_link": {
                "type": "string",
                "computed": true
              },
              "specific_reservation_required": {
                "type": "bool",
                "optional": true
              },
              "status": {
                "type": "string",
                "computed": true
              },
              "zone": {
                "type": "string",
                "required": true
              }
            },
            "block_types": {
              "specific_reservation": {
                "nesting_mode": "list",
                "block": {
                  "attributes": {
                    "count": {
                      "type": "number",
                      "required": true
                    },
                    "in_use_count": {
                      "type": "number",
                      "computed": true
                    }
                  },
                  "block_types": {
                    "instance_properties": {
                      "nesting_mode": "list",
                      "block": {
                        "attributes": {
                          "machine_type": {
                            "type": "string",
                            "required": true
                          },
                          "min_cpu_platform": {
                            "type": "string",
                            "optional": true,
                            "computed": true
                          }
                        },
                        "block_types": {
                          "guest_accelerators": {
                            "nesting_mode": "list",
                            "block": {
                              "attributes": {
                                "accelerator_count": {
                                  "type": "number",
                                  "required": true
                                },
                                "accelerator_type": {
                                  "type": "string",
                                  "required": true
                                }
                              }
                            }
                          },
                          "local_ssds": {
                            "nesting_mode": "list",
                            "block": {
                              "attributes": {
                                "disk_size_gb": {
                                  "type": "number",
                                  "required": true
                                },
                                "interface": {
                                  "type": "string",
                                  "optional": true
                                }
                              }
                            }
                          }
                        }
                      },
                      "min_items": 1,
                      "max_items": 1
                    }
                  }
                },
                "min_items": 1,
                "max_items": 1
              },
              "timeouts": {
                "nesting_mode": "single",
                "block": {
                  "attributes": {
                    "create": {
                      "type": "string",
                      "optional": true
                    },
                    "delete": {
                      "type": "string",
                      "optional": true
                    }
                  }
                }
              }
            }
          }
        },
        "google_compute_resource_policy": {
          "version": 0,
          "block": {
            "attributes": {
              "id": {
                "type": "string",
                "optional": true,
                "computed": true
              },
              "name": {
                "type": "string",
                "required": true
              },
              "project": {
                "type": "string",
                "optional": true,
                "computed": true
              },
              "region": {
                "type": "string",
                "optional": true,
                "computed": true
              },
              "self_link": {
                "type": "string",
                "computed": true
              }
            },
            "block_types": {
              "snapshot_schedule_policy": {
                "nesting_mode": "list",
                "block": {
                  "block_types": {
                    "retention_policy": {
                      "nesting_mode": "list",
                      "block": {
                        "attributes": {
                          "max_retention_days": {
                            "type": "number",
                            "required": true
                          },
                          "on_source_disk_delete": {
                            "type": "string",
                            "optional": true
                          }
                        }
                      },
                      "max_items": 1
                    },
                    "schedule": {
                      "nesting_mode": "list",
                      "block": {
                        "block_types": {
                          "daily_schedule": {
                            "nesting_mode": "list",
                            "block": {
                              "attributes": {
                                "days_in_cycle": {
                                  "type": "number",
                                  "required": true
                                },
                                "start_time": {
                                  "type": "string",
                                  "required": true
                                }
                              }
                            },
                            "max_items": 1
                          },
                          "hourly_schedule": {
                            "nesting_mode": "list",
                            "block": {
                              "attributes": {
                                "hours_in_cycle": {
                                  "type": "number",
                                  "required": true
                                },
                                "start_time": {
                                  "type": "string",
                                  "required": true
                                }
                              }
                            },
                            "max_items": 1
                          },
                          "weekly_schedule": {
                            "nesting_mode": "list",
                            "block": {
                              "block_types": {
                                "day_of_weeks": {
                                  "nesting_mode": "set",
                                  "block": {
                                    "attributes": {
                                      "day": {
                                        "type": "string",
                                        "required": true
                                      },
                                      "start_time": {
                                        "type": "string",
                                        "required": true
                                      }
                                    }
                                  },
                                  "min_items": 1,
                                  "max_items": 7
                                }
                              }
                            },
                            "max_items": 1
                          }
                        }
                      },
                      "min_items": 1,
                      "max_items": 1
                    },
                    "snapshot_properties": {
                      "nesting_mode": "list",
                      "block": {
                        "attributes": {
                          "guest_flush": {
                            "type": "bool",
                            "optional": true
                          },
                          "labels": {
                            "type": ["map", "string"],
                            "optional": true
                          },
                          "storage_locations": {
                            "type": ["set", "string"],
                            "optional": true
                          }
                        }
                      },
                      "max_items": 1
                    }
                  }
                },
                "max_items": 1
              },
              "timeouts": {
                "nesting_mode": "single",
                "block": {
                  "attributes": {
                    "create": {
                      "type": "string",
                      "optional": true
                    },
                    "delete": {
                      "type": "string",
                      "optional": true
                    }
                  }
                }
              }
            }
          }
        },
        "google_compute_route": {
          "version": 0,
          "block": {
            "attributes": {
              "description": {
                "type": "string",
                "optional": true
              },
              "dest_range": {
                "type": "string",
                "required": true
              },
              "id": {
                "type": "string",
                "optional": true,
                "computed": true
              },
              "name": {
                "type": "string",
                "required": true
              },
              "network": {
                "type": "string",
                "required": true
              },
              "next_hop_gateway": {
                "type": "string",
                "optional": true
              },
              "next_hop_instance": {
                "type": "string",
                "optional": true
              },
              "next_hop_instance_zone": {
                "type": "string",
                "optional": true
              },
              "next_hop_ip": {
                "type": "string",
                "optional": true,
                "computed": true
              },
              "next_hop_network": {
                "type": "string",
                "computed": true
              },
              "next_hop_vpn_tunnel": {
                "type": "string",
                "optional": true
              },
              "priority": {
                "type": "number",
                "optional": true
              },
              "project": {
                "type": "string",
                "optional": true,
                "computed": true
              },
              "self_link": {
                "type": "string",
                "computed": true
              },
              "tags": {
                "type": ["set", "string"],
                "optional": true
              }
            },
            "block_types": {
              "timeouts": {
                "nesting_mode": "single",
                "block": {
                  "attributes": {
                    "create": {
                      "type": "string",
                      "optional": true
                    },
                    "delete": {
                      "type": "string",
                      "optional": true
                    }
                  }
                }
              }
            }
          }
        },
        "google_compute_router": {
          "version": 0,
          "block": {
            "attributes": {
              "creation_timestamp": {
                "type": "string",
                "computed": true
              },
              "description": {
                "type": "string",
                "optional": true
              },
              "id": {
                "type": "string",
                "optional": true,
                "computed": true
              },
              "name": {
                "type": "string",
                "required": true
              },
              "network": {
                "type": "string",
                "required": true
              },
              "project": {
                "type": "string",
                "optional": true,
                "computed": true
              },
              "region": {
                "type": "string",
                "optional": true,
                "computed": true
              },
              "self_link": {
                "type": "string",
                "computed": true
              }
            },
            "block_types": {
              "bgp": {
                "nesting_mode": "list",
                "block": {
                  "attributes": {
                    "advertise_mode": {
                      "type": "string",
                      "optional": true
                    },
                    "advertised_groups": {
                      "type": ["list", "string"],
                      "optional": true
                    },
                    "asn": {
                      "type": "number",
                      "required": true
                    }
                  },
                  "block_types": {
                    "advertised_ip_ranges": {
                      "nesting_mode": "list",
                      "block": {
                        "attributes": {
                          "description": {
                            "type": "string",
                            "optional": true
                          },
                          "range": {
                            "type": "string",
                            "optional": true
                          }
                        }
                      }
                    }
                  }
                },
                "max_items": 1
              },
              "timeouts": {
                "nesting_mode": "single",
                "block": {
                  "attributes": {
                    "create": {
                      "type": "string",
                      "optional": true
                    },
                    "delete": {
                      "type": "string",
                      "optional": true
                    },
                    "update": {
                      "type": "string",
                      "optional": true
                    }
                  }
                }
              }
            }
          }
        },
        "google_compute_router_interface": {
          "version": 0,
          "block": {
            "attributes": {
              "id": {
                "type": "string",
                "optional": true,
                "computed": true
              },
              "interconnect_attachment": {
                "type": "string",
                "optional": true
              },
              "ip_range": {
                "type": "string",
                "optional": true
              },
              "name": {
                "type": "string",
                "required": true
              },
              "project": {
                "type": "string",
                "optional": true,
                "computed": true
              },
              "region": {
                "type": "string",
                "optional": true,
                "computed": true
              },
              "router": {
                "type": "string",
                "required": true
              },
              "vpn_tunnel": {
                "type": "string",
                "optional": true
              }
            }
          }
        },
        "google_compute_router_nat": {
          "version": 0,
          "block": {
            "attributes": {
              "icmp_idle_timeout_sec": {
                "type": "number",
                "optional": true
              },
              "id": {
                "type": "string",
                "optional": true,
                "computed": true
              },
              "min_ports_per_vm": {
                "type": "number",
                "optional": true
              },
              "name": {
                "type": "string",
                "required": true
              },
              "nat_ip_allocate_option": {
                "type": "string",
                "required": true
              },
              "nat_ips": {
                "type": ["set", "string"],
                "optional": true
              },
              "project": {
                "type": "string",
                "optional": true,
                "computed": true
              },
              "region": {
                "type": "string",
                "optional": true,
                "computed": true
              },
              "router": {
                "type": "string",
                "required": true
              },
              "source_subnetwork_ip_ranges_to_nat": {
                "type": "string",
                "required": true
              },
              "tcp_established_idle_timeout_sec": {
                "type": "number",
                "optional": true
              },
              "tcp_transitory_idle_timeout_sec": {
                "type": "number",
                "optional": true
              },
              "udp_idle_timeout_sec": {
                "type": "number",
                "optional": true
              }
            },
            "block_types": {
              "log_config": {
                "nesting_mode": "list",
                "block": {
                  "attributes": {
                    "enable": {
                      "type": "bool",
                      "required": true
                    },
                    "filter": {
                      "type": "string",
                      "required": true
                    }
                  }
                },
                "max_items": 1
              },
              "subnetwork": {
                "nesting_mode": "set",
                "block": {
                  "attributes": {
                    "name": {
                      "type": "string",
                      "required": true
                    },
                    "secondary_ip_range_names": {
                      "type": ["set", "string"],
                      "optional": true
                    },
                    "source_ip_ranges_to_nat": {
                      "type": ["set", "string"],
                      "required": true
                    }
                  }
                }
              },
              "timeouts": {
                "nesting_mode": "single",
                "block": {
                  "attributes": {
                    "create": {
                      "type": "string",
                      "optional": true
                    },
                    "delete": {
                      "type": "string",
                      "optional": true
                    },
                    "update": {
                      "type": "string",
                      "optional": true
                    }
                  }
                }
              }
            }
          }
        },
        "google_compute_router_peer": {
          "version": 0,
          "block": {
            "attributes": {
              "advertise_mode": {
                "type": "string",
                "optional": true
              },
              "advertised_groups": {
                "type": ["list", "string"],
                "optional": true
              },
              "advertised_route_priority": {
                "type": "number",
                "optional": true
              },
              "id": {
                "type": "string",
                "optional": true,
                "computed": true
              },
              "interface": {
                "type": "string",
                "required": true
              },
              "ip_address": {
                "type": "string",
                "computed": true
              },
              "name": {
                "type": "string",
                "required": true
              },
              "peer_asn": {
                "type": "number",
                "required": true
              },
              "peer_ip_address": {
                "type": "string",
                "optional": true
              },
              "project": {
                "type": "string",
                "optional": true,
                "computed": true
              },
              "region": {
                "type": "string",
                "optional": true,
                "computed": true
              },
              "router": {
                "type": "string",
                "required": true
              }
            },
            "block_types": {
              "advertised_ip_ranges": {
                "nesting_mode": "list",
                "block": {
                  "attributes": {
                    "description": {
                      "type": "string",
                      "optional": true
                    },
                    "range": {
                      "type": "string",
                      "optional": true
                    }
                  }
                }
              }
            }
          }
        },
        "google_compute_security_policy": {
          "version": 0,
          "block": {
            "attributes": {
              "description": {
                "type": "string",
                "optional": true
              },
              "fingerprint": {
                "type": "string",
                "computed": true
              },
              "id": {
                "type": "string",
                "optional": true,
                "computed": true
              },
              "name": {
                "type": "string",
                "required": true
              },
              "project": {
                "type": "string",
                "optional": true,
                "computed": true
              },
              "self_link": {
                "type": "string",
                "computed": true
              }
            },
            "block_types": {
              "rule": {
                "nesting_mode": "set",
                "block": {
                  "attributes": {
                    "action": {
                      "type": "string",
                      "required": true
                    },
                    "description": {
                      "type": "string",
                      "optional": true
                    },
                    "preview": {
                      "type": "bool",
                      "optional": true
                    },
                    "priority": {
                      "type": "number",
                      "required": true
                    }
                  },
                  "block_types": {
                    "match": {
                      "nesting_mode": "list",
                      "block": {
                        "attributes": {
                          "versioned_expr": {
                            "type": "string",
                            "required": true
                          }
                        },
                        "block_types": {
                          "config": {
                            "nesting_mode": "list",
                            "block": {
                              "attributes": {
                                "src_ip_ranges": {
                                  "type": ["set", "string"],
                                  "required": true
                                }
                              }
                            },
                            "min_items": 1,
                            "max_items": 1
                          }
                        }
                      },
                      "min_items": 1,
                      "max_items": 1
                    }
                  }
                }
              },
              "timeouts": {
                "nesting_mode": "single",
                "block": {
                  "attributes": {
                    "create": {
                      "type": "string",
                      "optional": true
                    },
                    "delete": {
                      "type": "string",
                      "optional": true
                    },
                    "update": {
                      "type": "string",
                      "optional": true
                    }
                  }
                }
              }
            }
          }
        },
        "google_compute_shared_vpc_host_project": {
          "version": 0,
          "block": {
            "attributes": {
              "id": {
                "type": "string",
                "optional": true,
                "computed": true
              },
              "project": {
                "type": "string",
                "required": true
              }
            }
          }
        },
        "google_compute_shared_vpc_service_project": {
          "version": 0,
          "block": {
            "attributes": {
              "host_project": {
                "type": "string",
                "required": true
              },
              "id": {
                "type": "string",
                "optional": true,
                "computed": true
              },
              "service_project": {
                "type": "string",
                "required": true
              }
            }
          }
        },
        "google_compute_snapshot": {
          "version": 0,
          "block": {
            "attributes": {
              "creation_timestamp": {
                "type": "string",
                "computed": true
              },
              "description": {
                "type": "string",
                "optional": true
              },
              "disk_size_gb": {
                "type": "number",
                "computed": true
              },
              "id": {
                "type": "string",
                "optional": true,
                "computed": true
              },
              "label_fingerprint": {
                "type": "string",
                "computed": true
              },
              "labels": {
                "type": ["map", "string"],
                "optional": true
              },
              "licenses": {
                "type": ["list", "string"],
                "computed": true
              },
              "name": {
                "type": "string",
                "required": true
              },
              "project": {
                "type": "string",
                "optional": true,
                "computed": true
              },
              "self_link": {
                "type": "string",
                "computed": true
              },
              "snapshot_encryption_key_raw": {
                "type": "string",
                "optional": true,
                "sensitive": true
              },
              "snapshot_encryption_key_sha256": {
                "type": "string",
                "computed": true
              },
              "snapshot_id": {
                "type": "number",
                "computed": true
              },
              "source_disk": {
                "type": "string",
                "required": true
              },
              "source_disk_encryption_key_raw": {
                "type": "string",
                "optional": true,
                "sensitive": true
              },
              "source_disk_encryption_key_sha256": {
                "type": "string",
                "computed": true
              },
              "source_disk_link": {
                "type": "string",
                "computed": true
              },
              "storage_bytes": {
                "type": "number",
                "computed": true
              },
              "zone": {
                "type": "string",
                "optional": true,
                "computed": true
              }
            },
            "block_types": {
              "snapshot_encryption_key": {
                "nesting_mode": "list",
                "block": {
                  "attributes": {
                    "raw_key": {
                      "type": "string",
                      "optional": true,
                      "sensitive": true
                    },
                    "sha256": {
                      "type": "string",
                      "computed": true
                    }
                  }
                },
                "max_items": 1
              },
              "source_disk_encryption_key": {
                "nesting_mode": "list",
                "block": {
                  "attributes": {
                    "raw_key": {
                      "type": "string",
                      "optional": true,
                      "sensitive": true
                    }
                  }
                },
                "max_items": 1
              },
              "timeouts": {
                "nesting_mode": "single",
                "block": {
                  "attributes": {
                    "create": {
                      "type": "string",
                      "optional": true
                    },
                    "delete": {
                      "type": "string",
                      "optional": true
                    },
                    "update": {
                      "type": "string",
                      "optional": true
                    }
                  }
                }
              }
            }
          }
        },
        "google_compute_ssl_certificate": {
          "version": 0,
          "block": {
            "attributes": {
              "certificate": {
                "type": "string",
                "required": true,
                "sensitive": true
              },
              "certificate_id": {
                "type": "number",
                "computed": true
              },
              "creation_timestamp": {
                "type": "string",
                "computed": true
              },
              "description": {
                "type": "string",
                "optional": true
              },
              "id": {
                "type": "string",
                "optional": true,
                "computed": true
              },
              "name": {
                "type": "string",
                "optional": true,
                "computed": true
              },
              "name_prefix": {
                "type": "string",
                "optional": true,
                "computed": true
              },
              "private_key": {
                "type": "string",
                "required": true,
                "sensitive": true
              },
              "project": {
                "type": "string",
                "optional": true,
                "computed": true
              },
              "self_link": {
                "type": "string",
                "computed": true
              }
            },
            "block_types": {
              "timeouts": {
                "nesting_mode": "single",
                "block": {
                  "attributes": {
                    "create": {
                      "type": "string",
                      "optional": true
                    },
                    "delete": {
                      "type": "string",
                      "optional": true
                    }
                  }
                }
              }
            }
          }
        },
        "google_compute_ssl_policy": {
          "version": 0,
          "block": {
            "attributes": {
              "creation_timestamp": {
                "type": "string",
                "computed": true
              },
              "custom_features": {
                "type": ["set", "string"],
                "optional": true
              },
              "description": {
                "type": "string",
                "optional": true
              },
              "enabled_features": {
                "type": ["set", "string"],
                "computed": true
              },
              "fingerprint": {
                "type": "string",
                "computed": true
              },
              "id": {
                "type": "string",
                "optional": true,
                "computed": true
              },
              "min_tls_version": {
                "type": "string",
                "optional": true
              },
              "name": {
                "type": "string",
                "required": true
              },
              "profile": {
                "type": "string",
                "optional": true
              },
              "project": {
                "type": "string",
                "optional": true,
                "computed": true
              },
              "self_link": {
                "type": "string",
                "computed": true
              }
            },
            "block_types": {
              "timeouts": {
                "nesting_mode": "single",
                "block": {
                  "attributes": {
                    "create": {
                      "type": "string",
                      "optional": true
                    },
                    "delete": {
                      "type": "string",
                      "optional": true
                    },
                    "update": {
                      "type": "string",
                      "optional": true
                    }
                  }
                }
              }
            }
          }
        },
        "google_compute_subnetwork": {
          "version": 0,
          "block": {
            "attributes": {
              "creation_timestamp": {
                "type": "string",
                "computed": true
              },
              "description": {
                "type": "string",
                "optional": true
              },
              "enable_flow_logs": {
                "type": "bool",
                "optional": true
              },
              "fingerprint": {
                "type": "string",
                "computed": true
              },
              "gateway_address": {
                "type": "string",
                "computed": true
              },
              "id": {
                "type": "string",
                "optional": true,
                "computed": true
              },
              "ip_cidr_range": {
                "type": "string",
                "required": true
              },
              "name": {
                "type": "string",
                "required": true
              },
              "network": {
                "type": "string",
                "required": true
              },
              "private_ip_google_access": {
                "type": "bool",
                "optional": true
              },
              "project": {
                "type": "string",
                "optional": true,
                "computed": true
              },
              "region": {
                "type": "string",
                "optional": true,
                "computed": true
              },
              "secondary_ip_range": {
                "type": ["list", ["object", {
                      "ip_cidr_range": "string",
                      "range_name": "string"
                    }
                  ]],
                "optional": true,
                "computed": true
              },
              "self_link": {
                "type": "string",
                "computed": true
              }
            },
            "block_types": {
              "timeouts": {
                "nesting_mode": "single",
                "block": {
                  "attributes": {
                    "create": {
                      "type": "string",
                      "optional": true
                    },
                    "delete": {
                      "type": "string",
                      "optional": true
                    },
                    "update": {
                      "type": "string",
                      "optional": true
                    }
                  }
                }
              }
            }
          }
        },
        "google_compute_subnetwork_iam_binding": {
          "version": 0,
          "block": {
            "attributes": {
              "etag": {
                "type": "string",
                "computed": true
              },
              "id": {
                "type": "string",
                "optional": true,
                "computed": true
              },
              "members": {
                "type": ["set", "string"],
                "required": true
              },
              "project": {
                "type": "string",
                "optional": true,
                "computed": true
              },
              "region": {
                "type": "string",
                "optional": true,
                "computed": true
              },
              "role": {
                "type": "string",
                "required": true
              },
              "subnetwork": {
                "type": "string",
                "required": true
              }
            }
          }
        },
        "google_compute_subnetwork_iam_member": {
          "version": 0,
          "block": {
            "attributes": {
              "etag": {
                "type": "string",
                "computed": true
              },
              "id": {
                "type": "string",
                "optional": true,
                "computed": true
              },
              "member": {
                "type": "string",
                "required": true
              },
              "project": {
                "type": "string",
                "optional": true,
                "computed": true
              },
              "region": {
                "type": "string",
                "optional": true,
                "computed": true
              },
              "role": {
                "type": "string",
                "required": true
              },
              "subnetwork": {
                "type": "string",
                "required": true
              }
            }
          }
        },
        "google_compute_subnetwork_iam_policy": {
          "version": 0,
          "block": {
            "attributes": {
              "etag": {
                "type": "string",
                "computed": true
              },
              "id": {
                "type": "string",
                "optional": true,
                "computed": true
              },
              "policy_data": {
                "type": "string",
                "required": true
              },
              "project": {
                "type": "string",
                "optional": true,
                "computed": true
              },
              "region": {
                "type": "string",
                "optional": true,
                "computed": true
              },
              "subnetwork": {
                "type": "string",
                "required": true
              }
            }
          }
        },
        "google_compute_target_http_proxy": {
          "version": 0,
          "block": {
            "attributes": {
              "creation_timestamp": {
                "type": "string",
                "computed": true
              },
              "description": {
                "type": "string",
                "optional": true
              },
              "id": {
                "type": "string",
                "optional": true,
                "computed": true
              },
              "name": {
                "type": "string",
                "required": true
              },
              "project": {
                "type": "string",
                "optional": true,
                "computed": true
              },
              "proxy_id": {
                "type": "number",
                "computed": true
              },
              "self_link": {
                "type": "string",
                "computed": true
              },
              "url_map": {
                "type": "string",
                "required": true
              }
            },
            "block_types": {
              "timeouts": {
                "nesting_mode": "single",
                "block": {
                  "attributes": {
                    "create": {
                      "type": "string",
                      "optional": true
                    },
                    "delete": {
                      "type": "string",
                      "optional": true
                    },
                    "update": {
                      "type": "string",
                      "optional": true
                    }
                  }
                }
              }
            }
          }
        },
        "google_compute_target_https_proxy": {
          "version": 0,
          "block": {
            "attributes": {
              "creation_timestamp": {
                "type": "string",
                "computed": true
              },
              "description": {
                "type": "string",
                "optional": true
              },
              "id": {
                "type": "string",
                "optional": true,
                "computed": true
              },
              "name": {
                "type": "string",
                "required": true
              },
              "project": {
                "type": "string",
                "optional": true,
                "computed": true
              },
              "proxy_id": {
                "type": "number",
                "computed": true
              },
              "quic_override": {
                "type": "string",
                "optional": true
              },
              "self_link": {
                "type": "string",
                "computed": true
              },
              "ssl_certificates": {
                "type": ["list", "string"],
                "required": true
              },
              "ssl_policy": {
                "type": "string",
                "optional": true
              },
              "url_map": {
                "type": "string",
                "required": true
              }
            },
            "block_types": {
              "timeouts": {
                "nesting_mode": "single",
                "block": {
                  "attributes": {
                    "create": {
                      "type": "string",
                      "optional": true
                    },
                    "delete": {
                      "type": "string",
                      "optional": true
                    },
                    "update": {
                      "type": "string",
                      "optional": true
                    }
                  }
                }
              }
            }
          }
        },
        "google_compute_target_instance": {
          "version": 0,
          "block": {
            "attributes": {
              "creation_timestamp": {
                "type": "string",
                "computed": true
              },
              "description": {
                "type": "string",
                "optional": true
              },
              "id": {
                "type": "string",
                "optional": true,
                "computed": true
              },
              "instance": {
                "type": "string",
                "required": true
              },
              "name": {
                "type": "string",
                "required": true
              },
              "nat_policy": {
                "type": "string",
                "optional": true
              },
              "project": {
                "type": "string",
                "optional": true,
                "computed": true
              },
              "self_link": {
                "type": "string",
                "computed": true
              },
              "zone": {
                "type": "string",
                "optional": true,
                "computed": true
              }
            },
            "block_types": {
              "timeouts": {
                "nesting_mode": "single",
                "block": {
                  "attributes": {
                    "create": {
                      "type": "string",
                      "optional": true
                    },
                    "delete": {
                      "type": "string",
                      "optional": true
                    }
                  }
                }
              }
            }
          }
        },
        "google_compute_target_pool": {
          "version": 0,
          "block": {
            "attributes": {
              "backup_pool": {
                "type": "string",
                "optional": true
              },
              "description": {
                "type": "string",
                "optional": true
              },
              "failover_ratio": {
                "type": "number",
                "optional": true
              },
              "health_checks": {
                "type": ["list", "string"],
                "optional": true
              },
              "id": {
                "type": "string",
                "optional": true,
                "computed": true
              },
              "instances": {
                "type": ["set", "string"],
                "optional": true,
                "computed": true
              },
              "name": {
                "type": "string",
                "required": true
              },
              "project": {
                "type": "string",
                "optional": true,
                "computed": true
              },
              "region": {
                "type": "string",
                "optional": true,
                "computed": true
              },
              "self_link": {
                "type": "string",
                "computed": true
              },
              "session_affinity": {
                "type": "string",
                "optional": true
              }
            }
          }
        },
        "google_compute_target_ssl_proxy": {
          "version": 0,
          "block": {
            "attributes": {
              "backend_service": {
                "type": "string",
                "required": true
              },
              "creation_timestamp": {
                "type": "string",
                "computed": true
              },
              "description": {
                "type": "string",
                "optional": true
              },
              "id": {
                "type": "string",
                "optional": true,
                "computed": true
              },
              "name": {
                "type": "string",
                "required": true
              },
              "project": {
                "type": "string",
                "optional": true,
                "computed": true
              },
              "proxy_header": {
                "type": "string",
                "optional": true
              },
              "proxy_id": {
                "type": "number",
                "computed": true
              },
              "self_link": {
                "type": "string",
                "computed": true
              },
              "ssl_certificates": {
                "type": ["list", "string"],
                "required": true
              },
              "ssl_policy": {
                "type": "string",
                "optional": true
              }
            },
            "block_types": {
              "timeouts": {
                "nesting_mode": "single",
                "block": {
                  "attributes": {
                    "create": {
                      "type": "string",
                      "optional": true
                    },
                    "delete": {
                      "type": "string",
                      "optional": true
                    },
                    "update": {
                      "type": "string",
                      "optional": true
                    }
                  }
                }
              }
            }
          }
        },
        "google_compute_target_tcp_proxy": {
          "version": 0,
          "block": {
            "attributes": {
              "backend_service": {
                "type": "string",
                "required": true
              },
              "creation_timestamp": {
                "type": "string",
                "computed": true
              },
              "description": {
                "type": "string",
                "optional": true
              },
              "id": {
                "type": "string",
                "optional": true,
                "computed": true
              },
              "name": {
                "type": "string",
                "required": true
              },
              "project": {
                "type": "string",
                "optional": true,
                "computed": true
              },
              "proxy_header": {
                "type": "string",
                "optional": true
              },
              "proxy_id": {
                "type": "number",
                "computed": true
              },
              "self_link": {
                "type": "string",
                "computed": true
              }
            },
            "block_types": {
              "timeouts": {
                "nesting_mode": "single",
                "block": {
                  "attributes": {
                    "create": {
                      "type": "string",
                      "optional": true
                    },
                    "delete": {
                      "type": "string",
                      "optional": true
                    },
                    "update": {
                      "type": "string",
                      "optional": true
                    }
                  }
                }
              }
            }
          }
        },
        "google_compute_url_map": {
          "version": 0,
          "block": {
            "attributes": {
              "creation_timestamp": {
                "type": "string",
                "computed": true
              },
              "default_service": {
                "type": "string",
                "required": true
              },
              "description": {
                "type": "string",
                "optional": true
              },
              "fingerprint": {
                "type": "string",
                "computed": true
              },
              "id": {
                "type": "string",
                "optional": true,
                "computed": true
              },
              "map_id": {
                "type": "number",
                "computed": true
              },
              "name": {
                "type": "string",
                "required": true
              },
              "project": {
                "type": "string",
                "optional": true,
                "computed": true
              },
              "self_link": {
                "type": "string",
                "computed": true
              }
            },
            "block_types": {
              "host_rule": {
                "nesting_mode": "set",
                "block": {
                  "attributes": {
                    "description": {
                      "type": "string",
                      "optional": true
                    },
                    "hosts": {
                      "type": ["set", "string"],
                      "required": true
                    },
                    "path_matcher": {
                      "type": "string",
                      "required": true
                    }
                  }
                }
              },
              "path_matcher": {
                "nesting_mode": "list",
                "block": {
                  "attributes": {
                    "default_service": {
                      "type": "string",
                      "required": true
                    },
                    "description": {
                      "type": "string",
                      "optional": true
                    },
                    "name": {
                      "type": "string",
                      "required": true
                    }
                  },
                  "block_types": {
                    "path_rule": {
                      "nesting_mode": "list",
                      "block": {
                        "attributes": {
                          "paths": {
                            "type": ["set", "string"],
                            "required": true
                          },
                          "service": {
                            "type": "string",
                            "required": true
                          }
                        }
                      }
                    }
                  }
                }
              },
              "test": {
                "nesting_mode": "list",
                "block": {
                  "attributes": {
                    "description": {
                      "type": "string",
                      "optional": true
                    },
                    "host": {
                      "type": "string",
                      "required": true
                    },
                    "path": {
                      "type": "string",
                      "required": true
                    },
                    "service": {
                      "type": "string",
                      "required": true
                    }
                  }
                }
              },
              "timeouts": {
                "nesting_mode": "single",
                "block": {
                  "attributes": {
                    "create": {
                      "type": "string",
                      "optional": true
                    },
                    "delete": {
                      "type": "string",
                      "optional": true
                    },
                    "update": {
                      "type": "string",
                      "optional": true
                    }
                  }
                }
              }
            }
          }
        },
        "google_compute_vpn_gateway": {
          "version": 0,
          "block": {
            "attributes": {
              "creation_timestamp": {
                "type": "string",
                "computed": true
              },
              "description": {
                "type": "string",
                "optional": true
              },
              "gateway_id": {
                "type": "number",
                "computed": true
              },
              "id": {
                "type": "string",
                "optional": true,
                "computed": true
              },
              "name": {
                "type": "string",
                "required": true
              },
              "network": {
                "type": "string",
                "required": true
              },
              "project": {
                "type": "string",
                "optional": true,
                "computed": true
              },
              "region": {
                "type": "string",
                "optional": true,
                "computed": true
              },
              "self_link": {
                "type": "string",
                "computed": true
              }
            },
            "block_types": {
              "timeouts": {
                "nesting_mode": "single",
                "block": {
                  "attributes": {
                    "create": {
                      "type": "string",
                      "optional": true
                    },
                    "delete": {
                      "type": "string",
                      "optional": true
                    }
                  }
                }
              }
            }
          }
        },
        "google_compute_vpn_tunnel": {
          "version": 0,
          "block": {
            "attributes": {
              "creation_timestamp": {
                "type": "string",
                "computed": true
              },
              "description": {
                "type": "string",
                "optional": true
              },
              "detailed_status": {
                "type": "string",
                "computed": true
              },
              "id": {
                "type": "string",
                "optional": true,
                "computed": true
              },
              "ike_version": {
                "type": "number",
                "optional": true
              },
              "local_traffic_selector": {
                "type": ["set", "string"],
                "optional": true,
                "computed": true
              },
              "name": {
                "type": "string",
                "required": true
              },
              "peer_ip": {
                "type": "string",
                "optional": true,
                "computed": true
              },
              "project": {
                "type": "string",
                "optional": true,
                "computed": true
              },
              "region": {
                "type": "string",
                "optional": true,
                "computed": true
              },
              "remote_traffic_selector": {
                "type": ["set", "string"],
                "optional": true,
                "computed": true
              },
              "router": {
                "type": "string",
                "optional": true
              },
              "self_link": {
                "type": "string",
                "computed": true
              },
              "shared_secret": {
                "type": "string",
                "required": true,
                "sensitive": true
              },
              "shared_secret_hash": {
                "type": "string",
                "computed": true
              },
              "target_vpn_gateway": {
                "type": "string",
                "optional": true
              },
              "tunnel_id": {
                "type": "string",
                "computed": true
              }
            },
            "block_types": {
              "timeouts": {
                "nesting_mode": "single",
                "block": {
                  "attributes": {
                    "create": {
                      "type": "string",
                      "optional": true
                    },
                    "delete": {
                      "type": "string",
                      "optional": true
                    }
                  }
                }
              }
            }
          }
        },
        "google_container_analysis_note": {
          "version": 0,
          "block": {
            "attributes": {
              "id": {
                "type": "string",
                "optional": true,
                "computed": true
              },
              "name": {
                "type": "string",
                "required": true
              },
              "project": {
                "type": "string",
                "optional": true,
                "computed": true
              }
            },
            "block_types": {
              "attestation_authority": {
                "nesting_mode": "list",
                "block": {
                  "block_types": {
                    "hint": {
                      "nesting_mode": "list",
                      "block": {
                        "attributes": {
                          "human_readable_name": {
                            "type": "string",
                            "required": true
                          }
                        }
                      },
                      "min_items": 1,
                      "max_items": 1
                    }
                  }
                },
                "min_items": 1,
                "max_items": 1
              },
              "timeouts": {
                "nesting_mode": "single",
                "block": {
                  "attributes": {
                    "create": {
                      "type": "string",
                      "optional": true
                    },
                    "delete": {
                      "type": "string",
                      "optional": true
                    },
                    "update": {
                      "type": "string",
                      "optional": true
                    }
                  }
                }
              }
            }
          }
        },
        "google_container_cluster": {
          "version": 1,
          "block": {
            "attributes": {
              "additional_zones": {
                "type": ["set", "string"],
                "optional": true,
                "computed": true
              },
              "cluster_autoscaling": {
                "type": ["list", ["object", {
                      "enabled": "bool",
                      "resource_limits": ["list", ["object", {
                            "maximum": "number",
                            "minimum": "number",
                            "resource_type": "string"
                          }
                        ]]
                    }
                  ]],
                "computed": true
              },
              "cluster_ipv4_cidr": {
                "type": "string",
                "optional": true,
                "computed": true
              },
              "default_max_pods_per_node": {
                "type": "number",
                "optional": true,
                "computed": true
              },
              "description": {
                "type": "string",
                "optional": true
              },
              "enable_binary_authorization": {
                "type": "bool",
                "optional": true,
                "computed": true
              },
              "enable_intranode_visibility": {
                "type": "bool",
                "optional": true
              },
              "enable_kubernetes_alpha": {
                "type": "bool",
                "optional": true
              },
              "enable_legacy_abac": {
                "type": "bool",
                "optional": true
              },
              "enable_tpu": {
                "type": "bool",
                "optional": true,
                "computed": true
              },
              "endpoint": {
                "type": "string",
                "computed": true
              },
              "id": {
                "type": "string",
                "optional": true,
                "computed": true
              },
              "initial_node_count": {
                "type": "number",
                "optional": true
              },
              "instance_group_urls": {
                "type": ["list", "string"],
                "computed": true
              },
              "ip_allocation_policy": {
                "type": ["list", ["object", {
                      "cluster_ipv4_cidr_block": "string",
                      "cluster_secondary_range_name": "string",
                      "create_subnetwork": "bool",
                      "node_ipv4_cidr_block": "string",
                      "services_ipv4_cidr_block": "string",
                      "services_secondary_range_name": "string",
                      "subnetwork_name": "string",
                      "use_ip_aliases": "bool"
                    }
                  ]],
                "optional": true,
                "computed": true
              },
              "location": {
                "type": "string",
                "optional": true,
                "computed": true
              },
              "logging_service": {
                "type": "string",
                "optional": true,
                "computed": true
              },
              "master_version": {
                "type": "string",
                "computed": true
              },
              "min_master_version": {
                "type": "string",
                "optional": true
              },
              "monitoring_service": {
                "type": "string",
                "optional": true,
                "computed": true
              },
              "name": {
                "type": "string",
                "required": true
              },
              "network": {
                "type": "string",
                "optional": true
              },
              "node_locations": {
                "type": ["set", "string"],
                "optional": true,
                "computed": true
              },
              "node_version": {
                "type": "string",
                "optional": true,
                "computed": true
              },
              "project": {
                "type": "string",
                "optional": true,
                "computed": true
              },
              "region": {
                "type": "string",
                "optional": true,
                "computed": true
              },
              "remove_default_node_pool": {
                "type": "bool",
                "optional": true
              },
              "resource_labels": {
                "type": ["map", "string"],
                "optional": true
              },
              "services_ipv4_cidr": {
                "type": "string",
                "computed": true
              },
              "subnetwork": {
                "type": "string",
                "optional": true,
                "computed": true
              },
              "zone": {
                "type": "string",
                "optional": true,
                "computed": true
              }
            },
            "block_types": {
              "addons_config": {
                "nesting_mode": "list",
                "block": {
                  "block_types": {
                    "horizontal_pod_autoscaling": {
                      "nesting_mode": "list",
                      "block": {
                        "attributes": {
                          "disabled": {
                            "type": "bool",
                            "optional": true
                          }
                        }
                      },
                      "max_items": 1
                    },
                    "http_load_balancing": {
                      "nesting_mode": "list",
                      "block": {
                        "attributes": {
                          "disabled": {
                            "type": "bool",
                            "optional": true
                          }
                        }
                      },
                      "max_items": 1
                    },
                    "kubernetes_dashboard": {
                      "nesting_mode": "list",
                      "block": {
                        "attributes": {
                          "disabled": {
                            "type": "bool",
                            "optional": true
                          }
                        }
                      },
                      "max_items": 1
                    },
                    "network_policy_config": {
                      "nesting_mode": "list",
                      "block": {
                        "attributes": {
                          "disabled": {
                            "type": "bool",
                            "optional": true
                          }
                        }
                      },
                      "max_items": 1
                    }
                  }
                },
                "max_items": 1
              },
              "maintenance_policy": {
                "nesting_mode": "list",
                "block": {
                  "block_types": {
                    "daily_maintenance_window": {
                      "nesting_mode": "list",
                      "block": {
                        "attributes": {
                          "duration": {
                            "type": "string",
                            "computed": true
                          },
                          "start_time": {
                            "type": "string",
                            "required": true
                          }
                        }
                      },
                      "min_items": 1,
                      "max_items": 1
                    }
                  }
                },
                "max_items": 1
              },
              "master_auth": {
                "nesting_mode": "list",
                "block": {
                  "attributes": {
                    "client_certificate": {
                      "type": "string",
                      "computed": true
                    },
                    "client_key": {
                      "type": "string",
                      "computed": true,
                      "sensitive": true
                    },
                    "cluster_ca_certificate": {
                      "type": "string",
                      "computed": true
                    },
                    "password": {
                      "type": "string",
                      "optional": true,
                      "sensitive": true
                    },
                    "username": {
                      "type": "string",
                      "optional": true
                    }
                  },
                  "block_types": {
                    "client_certificate_config": {
                      "nesting_mode": "list",
                      "block": {
                        "attributes": {
                          "issue_client_certificate": {
                            "type": "bool",
                            "required": true
                          }
                        }
                      },
                      "max_items": 1
                    }
                  }
                },
                "max_items": 1
              },
              "master_authorized_networks_config": {
                "nesting_mode": "list",
                "block": {
                  "block_types": {
                    "cidr_blocks": {
                      "nesting_mode": "set",
                      "block": {
                        "attributes": {
                          "cidr_block": {
                            "type": "string",
                            "required": true
                          },
                          "display_name": {
                            "type": "string",
                            "optional": true
                          }
                        }
                      }
                    }
                  }
                },
                "max_items": 1
              },
              "network_policy": {
                "nesting_mode": "list",
                "block": {
                  "attributes": {
                    "enabled": {
                      "type": "bool",
                      "optional": true
                    },
                    "provider": {
                      "type": "string",
                      "optional": true
                    }
                  }
                },
                "max_items": 1
              },
              "node_config": {
                "nesting_mode": "list",
                "block": {
                  "attributes": {
                    "disk_size_gb": {
                      "type": "number",
                      "optional": true,
                      "computed": true
                    },
                    "disk_type": {
                      "type": "string",
                      "optional": true,
                      "computed": true
                    },
                    "guest_accelerator": {
                      "type": ["list", ["object", {
                            "count": "number",
                            "type": "string"
                          }
                        ]],
                      "optional": true,
                      "computed": true
                    },
                    "image_type": {
                      "type": "string",
                      "optional": true,
                      "computed": true
                    },
                    "labels": {
                      "type": ["map", "string"],
                      "optional": true,
                      "computed": true
                    },
                    "local_ssd_count": {
                      "type": "number",
                      "optional": true,
                      "computed": true
                    },
                    "machine_type": {
                      "type": "string",
                      "optional": true,
                      "computed": true
                    },
                    "metadata": {
                      "type": ["map", "string"],
                      "optional": true,
                      "computed": true
                    },
                    "min_cpu_platform": {
                      "type": "string",
                      "optional": true
                    },
                    "oauth_scopes": {
                      "type": ["set", "string"],
                      "optional": true,
                      "computed": true
                    },
                    "preemptible": {
                      "type": "bool",
                      "optional": true
                    },
                    "service_account": {
                      "type": "string",
                      "optional": true,
                      "computed": true
                    },
                    "tags": {
                      "type": ["list", "string"],
                      "optional": true
                    }
                  },
                  "block_types": {
                    "sandbox_config": {
                      "nesting_mode": "list",
                      "block": {
                        "attributes": {
                          "sandbox_type": {
                            "type": "string",
                            "required": true
                          }
                        }
                      },
                      "max_items": 1
                    },
                    "shielded_instance_config": {
                      "nesting_mode": "list",
                      "block": {
                        "attributes": {
                          "enable_integrity_monitoring": {
                            "type": "bool",
                            "optional": true
                          },
                          "enable_secure_boot": {
                            "type": "bool",
                            "optional": true
                          }
                        }
                      },
                      "max_items": 1
                    },
                    "taint": {
                      "nesting_mode": "list",
                      "block": {
                        "attributes": {
                          "effect": {
                            "type": "string",
                            "required": true
                          },
                          "key": {
                            "type": "string",
                            "required": true
                          },
                          "value": {
                            "type": "string",
                            "required": true
                          }
                        }
                      }
                    },
                    "workload_metadata_config": {
                      "nesting_mode": "list",
                      "block": {
                        "attributes": {
                          "node_metadata": {
                            "type": "string",
                            "required": true
                          }
                        }
                      },
                      "max_items": 1
                    }
                  }
                },
                "max_items": 1
              },
              "node_pool": {
                "nesting_mode": "list",
                "block": {
                  "attributes": {
                    "initial_node_count": {
                      "type": "number",
                      "optional": true,
                      "computed": true
                    },
                    "instance_group_urls": {
                      "type": ["list", "string"],
                      "computed": true
                    },
                    "max_pods_per_node": {
                      "type": "number",
                      "optional": true,
                      "computed": true
                    },
                    "name": {
                      "type": "string",
                      "optional": true,
                      "computed": true
                    },
                    "name_prefix": {
                      "type": "string",
                      "optional": true,
                      "computed": true
                    },
                    "node_count": {
                      "type": "number",
                      "optional": true,
                      "computed": true
                    },
                    "version": {
                      "type": "string",
                      "optional": true,
                      "computed": true
                    }
                  },
                  "block_types": {
                    "autoscaling": {
                      "nesting_mode": "list",
                      "block": {
                        "attributes": {
                          "max_node_count": {
                            "type": "number",
                            "required": true
                          },
                          "min_node_count": {
                            "type": "number",
                            "required": true
                          }
                        }
                      },
                      "max_items": 1
                    },
                    "management": {
                      "nesting_mode": "list",
                      "block": {
                        "attributes": {
                          "auto_repair": {
                            "type": "bool",
                            "optional": true
                          },
                          "auto_upgrade": {
                            "type": "bool",
                            "optional": true
                          }
                        }
                      },
                      "max_items": 1
                    },
                    "node_config": {
                      "nesting_mode": "list",
                      "block": {
                        "attributes": {
                          "disk_size_gb": {
                            "type": "number",
                            "optional": true,
                            "computed": true
                          },
                          "disk_type": {
                            "type": "string",
                            "optional": true,
                            "computed": true
                          },
                          "guest_accelerator": {
                            "type": ["list", ["object", {
                                  "count": "number",
                                  "type": "string"
                                }
                              ]],
                            "optional": true,
                            "computed": true
                          },
                          "image_type": {
                            "type": "string",
                            "optional": true,
                            "computed": true
                          },
                          "labels": {
                            "type": ["map", "string"],
                            "optional": true,
                            "computed": true
                          },
                          "local_ssd_count": {
                            "type": "number",
                            "optional": true,
                            "computed": true
                          },
                          "machine_type": {
                            "type": "string",
                            "optional": true,
                            "computed": true
                          },
                          "metadata": {
                            "type": ["map", "string"],
                            "optional": true,
                            "computed": true
                          },
                          "min_cpu_platform": {
                            "type": "string",
                            "optional": true
                          },
                          "oauth_scopes": {
                            "type": ["set", "string"],
                            "optional": true,
                            "computed": true
                          },
                          "preemptible": {
                            "type": "bool",
                            "optional": true
                          },
                          "service_account": {
                            "type": "string",
                            "optional": true,
                            "computed": true
                          },
                          "tags": {
                            "type": ["list", "string"],
                            "optional": true
                          }
                        },
                        "block_types": {
                          "sandbox_config": {
                            "nesting_mode": "list",
                            "block": {
                              "attributes": {
                                "sandbox_type": {
                                  "type": "string",
                                  "required": true
                                }
                              }
                            },
                            "max_items": 1
                          },
                          "shielded_instance_config": {
                            "nesting_mode": "list",
                            "block": {
                              "attributes": {
                                "enable_integrity_monitoring": {
                                  "type": "bool",
                                  "optional": true
                                },
                                "enable_secure_boot": {
                                  "type": "bool",
                                  "optional": true
                                }
                              }
                            },
                            "max_items": 1
                          },
                          "taint": {
                            "nesting_mode": "list",
                            "block": {
                              "attributes": {
                                "effect": {
                                  "type": "string",
                                  "required": true
                                },
                                "key": {
                                  "type": "string",
                                  "required": true
                                },
                                "value": {
                                  "type": "string",
                                  "required": true
                                }
                              }
                            }
                          },
                          "workload_metadata_config": {
                            "nesting_mode": "list",
                            "block": {
                              "attributes": {
                                "node_metadata": {
                                  "type": "string",
                                  "required": true
                                }
                              }
                            },
                            "max_items": 1
                          }
                        }
                      },
                      "max_items": 1
                    }
                  }
                }
              },
              "pod_security_policy_config": {
                "nesting_mode": "list",
                "block": {
                  "attributes": {
                    "enabled": {
                      "type": "bool",
                      "required": true
                    }
                  }
                },
                "max_items": 1
              },
              "private_cluster_config": {
                "nesting_mode": "list",
                "block": {
                  "attributes": {
                    "enable_private_endpoint": {
                      "type": "bool",
                      "optional": true
                    },
                    "enable_private_nodes": {
                      "type": "bool",
                      "optional": true
                    },
                    "master_ipv4_cidr_block": {
                      "type": "string",
                      "optional": true
                    },
                    "private_endpoint": {
                      "type": "string",
                      "computed": true
                    },
                    "public_endpoint": {
                      "type": "string",
                      "computed": true
                    }
                  }
                },
                "max_items": 1
              },
              "timeouts": {
                "nesting_mode": "single",
                "block": {
                  "attributes": {
                    "create": {
                      "type": "string",
                      "optional": true
                    },
                    "delete": {
                      "type": "string",
                      "optional": true
                    },
                    "update": {
                      "type": "string",
                      "optional": true
                    }
                  }
                }
              }
            }
          }
        },
        "google_container_node_pool": {
          "version": 1,
          "block": {
            "attributes": {
              "cluster": {
                "type": "string",
                "required": true
              },
              "id": {
                "type": "string",
                "optional": true,
                "computed": true
              },
              "initial_node_count": {
                "type": "number",
                "optional": true,
                "computed": true
              },
              "instance_group_urls": {
                "type": ["list", "string"],
                "computed": true
              },
              "location": {
                "type": "string",
                "optional": true,
                "computed": true
              },
              "max_pods_per_node": {
                "type": "number",
                "optional": true,
                "computed": true
              },
              "name": {
                "type": "string",
                "optional": true,
                "computed": true
              },
              "name_prefix": {
                "type": "string",
                "optional": true,
                "computed": true
              },
              "node_count": {
                "type": "number",
                "optional": true,
                "computed": true
              },
              "project": {
                "type": "string",
                "optional": true,
                "computed": true
              },
              "region": {
                "type": "string",
                "optional": true,
                "computed": true
              },
              "version": {
                "type": "string",
                "optional": true,
                "computed": true
              },
              "zone": {
                "type": "string",
                "optional": true,
                "computed": true
              }
            },
            "block_types": {
              "autoscaling": {
                "nesting_mode": "list",
                "block": {
                  "attributes": {
                    "max_node_count": {
                      "type": "number",
                      "required": true
                    },
                    "min_node_count": {
                      "type": "number",
                      "required": true
                    }
                  }
                },
                "max_items": 1
              },
              "management": {
                "nesting_mode": "list",
                "block": {
                  "attributes": {
                    "auto_repair": {
                      "type": "bool",
                      "optional": true
                    },
                    "auto_upgrade": {
                      "type": "bool",
                      "optional": true
                    }
                  }
                },
                "max_items": 1
              },
              "node_config": {
                "nesting_mode": "list",
                "block": {
                  "attributes": {
                    "disk_size_gb": {
                      "type": "number",
                      "optional": true,
                      "computed": true
                    },
                    "disk_type": {
                      "type": "string",
                      "optional": true,
                      "computed": true
                    },
                    "guest_accelerator": {
                      "type": ["list", ["object", {
                            "count": "number",
                            "type": "string"
                          }
                        ]],
                      "optional": true,
                      "computed": true
                    },
                    "image_type": {
                      "type": "string",
                      "optional": true,
                      "computed": true
                    },
                    "labels": {
                      "type": ["map", "string"],
                      "optional": true,
                      "computed": true
                    },
                    "local_ssd_count": {
                      "type": "number",
                      "optional": true,
                      "computed": true
                    },
                    "machine_type": {
                      "type": "string",
                      "optional": true,
                      "computed": true
                    },
                    "metadata": {
                      "type": ["map", "string"],
                      "optional": true,
                      "computed": true
                    },
                    "min_cpu_platform": {
                      "type": "string",
                      "optional": true
                    },
                    "oauth_scopes": {
                      "type": ["set", "string"],
                      "optional": true,
                      "computed": true
                    },
                    "preemptible": {
                      "type": "bool",
                      "optional": true
                    },
                    "service_account": {
                      "type": "string",
                      "optional": true,
                      "computed": true
                    },
                    "tags": {
                      "type": ["list", "string"],
                      "optional": true
                    }
                  },
                  "block_types": {
                    "sandbox_config": {
                      "nesting_mode": "list",
                      "block": {
                        "attributes": {
                          "sandbox_type": {
                            "type": "string",
                            "required": true
                          }
                        }
                      },
                      "max_items": 1
                    },
                    "shielded_instance_config": {
                      "nesting_mode": "list",
                      "block": {
                        "attributes": {
                          "enable_integrity_monitoring": {
                            "type": "bool",
                            "optional": true
                          },
                          "enable_secure_boot": {
                            "type": "bool",
                            "optional": true
                          }
                        }
                      },
                      "max_items": 1
                    },
                    "taint": {
                      "nesting_mode": "list",
                      "block": {
                        "attributes": {
                          "effect": {
                            "type": "string",
                            "required": true
                          },
                          "key": {
                            "type": "string",
                            "required": true
                          },
                          "value": {
                            "type": "string",
                            "required": true
                          }
                        }
                      }
                    },
                    "workload_metadata_config": {
                      "nesting_mode": "list",
                      "block": {
                        "attributes": {
                          "node_metadata": {
                            "type": "string",
                            "required": true
                          }
                        }
                      },
                      "max_items": 1
                    }
                  }
                },
                "max_items": 1
              },
              "timeouts": {
                "nesting_mode": "single",
                "block": {
                  "attributes": {
                    "create": {
                      "type": "string",
                      "optional": true
                    },
                    "delete": {
                      "type": "string",
                      "optional": true
                    },
                    "update": {
                      "type": "string",
                      "optional": true
                    }
                  }
                }
              }
            }
          }
        },
        "google_dataflow_job": {
          "version": 0,
          "block": {
            "attributes": {
              "id": {
                "type": "string",
                "optional": true,
                "computed": true
              },
              "ip_configuration": {
                "type": "string",
                "optional": true
              },
              "labels": {
                "type": ["map", "string"],
                "optional": true
              },
              "machine_type": {
                "type": "string",
                "optional": true
              },
              "max_workers": {
                "type": "number",
                "optional": true
              },
              "name": {
                "type": "string",
                "required": true
              },
              "network": {
                "type": "string",
                "optional": true
              },
              "on_delete": {
                "type": "string",
                "optional": true
              },
              "parameters": {
                "type": ["map", "string"],
                "optional": true
              },
              "project": {
                "type": "string",
                "optional": true,
                "computed": true
              },
              "region": {
                "type": "string",
                "optional": true
              },
              "service_account_email": {
                "type": "string",
                "optional": true
              },
              "state": {
                "type": "string",
                "computed": true
              },
              "subnetwork": {
                "type": "string",
                "optional": true
              },
              "temp_gcs_location": {
                "type": "string",
                "required": true
              },
              "template_gcs_path": {
                "type": "string",
                "required": true
              },
              "zone": {
                "type": "string",
                "optional": true
              }
            }
          }
        },
        "google_dataproc_cluster": {
          "version": 0,
          "block": {
            "attributes": {
              "id": {
                "type": "string",
                "optional": true,
                "computed": true
              },
              "labels": {
                "type": ["map", "string"],
                "optional": true,
                "computed": true
              },
              "name": {
                "type": "string",
                "required": true
              },
              "project": {
                "type": "string",
                "optional": true,
                "computed": true
              },
              "region": {
                "type": "string",
                "optional": true
              }
            },
            "block_types": {
              "cluster_config": {
                "nesting_mode": "list",
                "block": {
                  "attributes": {
                    "bucket": {
                      "type": "string",
                      "computed": true
                    },
                    "delete_autogen_bucket": {
                      "type": "bool",
                      "optional": true
                    },
                    "staging_bucket": {
                      "type": "string",
                      "optional": true
                    }
                  },
                  "block_types": {
                    "encryption_config": {
                      "nesting_mode": "list",
                      "block": {
                        "attributes": {
                          "kms_key_name": {
                            "type": "string",
                            "required": true
                          }
                        }
                      },
                      "max_items": 1
                    },
                    "gce_cluster_config": {
                      "nesting_mode": "list",
                      "block": {
                        "attributes": {
                          "internal_ip_only": {
                            "type": "bool",
                            "optional": true
                          },
                          "metadata": {
                            "type": ["map", "string"],
                            "optional": true
                          },
                          "network": {
                            "type": "string",
                            "optional": true,
                            "computed": true
                          },
                          "service_account": {
                            "type": "string",
                            "optional": true
                          },
                          "service_account_scopes": {
                            "type": ["set", "string"],
                            "optional": true,
                            "computed": true
                          },
                          "subnetwork": {
                            "type": "string",
                            "optional": true
                          },
                          "tags": {
                            "type": ["set", "string"],
                            "optional": true
                          },
                          "zone": {
                            "type": "string",
                            "optional": true,
                            "computed": true
                          }
                        }
                      },
                      "max_items": 1
                    },
                    "initialization_action": {
                      "nesting_mode": "list",
                      "block": {
                        "attributes": {
                          "script": {
                            "type": "string",
                            "required": true
                          },
                          "timeout_sec": {
                            "type": "number",
                            "optional": true
                          }
                        }
                      }
                    },
                    "master_config": {
                      "nesting_mode": "list",
                      "block": {
                        "attributes": {
                          "image_uri": {
                            "type": "string",
                            "optional": true,
                            "computed": true
                          },
                          "instance_names": {
                            "type": ["list", "string"],
                            "computed": true
                          },
                          "machine_type": {
                            "type": "string",
                            "optional": true,
                            "computed": true
                          },
                          "num_instances": {
                            "type": "number",
                            "optional": true,
                            "computed": true
                          }
                        },
                        "block_types": {
                          "accelerators": {
                            "nesting_mode": "set",
                            "block": {
                              "attributes": {
                                "accelerator_count": {
                                  "type": "number",
                                  "required": true
                                },
                                "accelerator_type": {
                                  "type": "string",
                                  "required": true
                                }
                              }
                            }
                          },
                          "disk_config": {
                            "nesting_mode": "list",
                            "block": {
                              "attributes": {
                                "boot_disk_size_gb": {
                                  "type": "number",
                                  "optional": true,
                                  "computed": true
                                },
                                "boot_disk_type": {
                                  "type": "string",
                                  "optional": true
                                },
                                "num_local_ssds": {
                                  "type": "number",
                                  "optional": true,
                                  "computed": true
                                }
                              }
                            },
                            "max_items": 1
                          }
                        }
                      },
                      "max_items": 1
                    },
                    "preemptible_worker_config": {
                      "nesting_mode": "list",
                      "block": {
                        "attributes": {
                          "instance_names": {
                            "type": ["list", "string"],
                            "computed": true
                          },
                          "num_instances": {
                            "type": "number",
                            "optional": true,
                            "computed": true
                          }
                        },
                        "block_types": {
                          "disk_config": {
                            "nesting_mode": "list",
                            "block": {
                              "attributes": {
                                "boot_disk_size_gb": {
                                  "type": "number",
                                  "optional": true,
                                  "computed": true
                                },
                                "boot_disk_type": {
                                  "type": "string",
                                  "optional": true
                                },
                                "num_local_ssds": {
                                  "type": "number",
                                  "optional": true,
                                  "computed": true
                                }
                              }
                            },
                            "max_items": 1
                          }
                        }
                      },
                      "max_items": 1
                    },
                    "software_config": {
                      "nesting_mode": "list",
                      "block": {
                        "attributes": {
                          "image_version": {
                            "type": "string",
                            "optional": true,
                            "computed": true
                          },
                          "optional_components": {
                            "type": ["set", "string"],
                            "optional": true
                          },
                          "override_properties": {
                            "type": ["map", "string"],
                            "optional": true
                          },
                          "properties": {
                            "type": ["map", "string"],
                            "computed": true
                          }
                        }
                      },
                      "max_items": 1
                    },
                    "worker_config": {
                      "nesting_mode": "list",
                      "block": {
                        "attributes": {
                          "image_uri": {
                            "type": "string",
                            "optional": true,
                            "computed": true
                          },
                          "instance_names": {
                            "type": ["list", "string"],
                            "computed": true
                          },
                          "machine_type": {
                            "type": "string",
                            "optional": true,
                            "computed": true
                          },
                          "num_instances": {
                            "type": "number",
                            "optional": true,
                            "computed": true
                          }
                        },
                        "block_types": {
                          "accelerators": {
                            "nesting_mode": "set",
                            "block": {
                              "attributes": {
                                "accelerator_count": {
                                  "type": "number",
                                  "required": true
                                },
                                "accelerator_type": {
                                  "type": "string",
                                  "required": true
                                }
                              }
                            }
                          },
                          "disk_config": {
                            "nesting_mode": "list",
                            "block": {
                              "attributes": {
                                "boot_disk_size_gb": {
                                  "type": "number",
                                  "optional": true,
                                  "computed": true
                                },
                                "boot_disk_type": {
                                  "type": "string",
                                  "optional": true
                                },
                                "num_local_ssds": {
                                  "type": "number",
                                  "optional": true,
                                  "computed": true
                                }
                              }
                            },
                            "max_items": 1
                          }
                        }
                      },
                      "max_items": 1
                    }
                  }
                },
                "max_items": 1
              },
              "timeouts": {
                "nesting_mode": "single",
                "block": {
                  "attributes": {
                    "create": {
                      "type": "string",
                      "optional": true
                    },
                    "delete": {
                      "type": "string",
                      "optional": true
                    },
                    "update": {
                      "type": "string",
                      "optional": true
                    }
                  }
                }
              }
            }
          }
        },
        "google_dataproc_cluster_iam_binding": {
          "version": 0,
          "block": {
            "attributes": {
              "cluster": {
                "type": "string",
                "required": true
              },
              "etag": {
                "type": "string",
                "computed": true
              },
              "id": {
                "type": "string",
                "optional": true,
                "computed": true
              },
              "members": {
                "type": ["set", "string"],
                "required": true
              },
              "project": {
                "type": "string",
                "optional": true,
                "computed": true
              },
              "region": {
                "type": "string",
                "optional": true,
                "computed": true
              },
              "role": {
                "type": "string",
                "required": true
              }
            }
          }
        },
        "google_dataproc_cluster_iam_member": {
          "version": 0,
          "block": {
            "attributes": {
              "cluster": {
                "type": "string",
                "required": true
              },
              "etag": {
                "type": "string",
                "computed": true
              },
              "id": {
                "type": "string",
                "optional": true,
                "computed": true
              },
              "member": {
                "type": "string",
                "required": true
              },
              "project": {
                "type": "string",
                "optional": true,
                "computed": true
              },
              "region": {
                "type": "string",
                "optional": true,
                "computed": true
              },
              "role": {
                "type": "string",
                "required": true
              }
            }
          }
        },
        "google_dataproc_cluster_iam_policy": {
          "version": 0,
          "block": {
            "attributes": {
              "cluster": {
                "type": "string",
                "required": true
              },
              "etag": {
                "type": "string",
                "computed": true
              },
              "id": {
                "type": "string",
                "optional": true,
                "computed": true
              },
              "policy_data": {
                "type": "string",
                "required": true
              },
              "project": {
                "type": "string",
                "optional": true,
                "computed": true
              },
              "region": {
                "type": "string",
                "optional": true,
                "computed": true
              }
            }
          }
        },
        "google_dataproc_job": {
          "version": 0,
          "block": {
            "attributes": {
              "driver_controls_files_uri": {
                "type": "string",
                "description": "Output-only. If present, the location of miscellaneous control files which may be used as part of job setup and handling. If not present, control files may be placed in the same location as driver_output_uri.",
                "computed": true
              },
              "driver_output_resource_uri": {
                "type": "string",
                "description": "Output-only. A URI pointing to the location of the stdout of the job's driver program",
                "computed": true
              },
              "force_delete": {
                "type": "bool",
                "optional": true
              },
              "id": {
                "type": "string",
                "optional": true,
                "computed": true
              },
              "labels": {
                "type": ["map", "string"],
                "description": "Optional. The labels to associate with this job.",
                "optional": true
              },
              "project": {
                "type": "string",
                "optional": true,
                "computed": true
              },
              "region": {
                "type": "string",
                "optional": true
              },
              "status": {
                "type": ["list", ["object", {
                      "details": "string",
                      "state": "string",
                      "state_start_time": "string",
                      "substate": "string"
                    }
                  ]],
                "computed": true
              }
            },
            "block_types": {
              "hadoop_config": {
                "nesting_mode": "list",
                "block": {
                  "attributes": {
                    "archive_uris": {
                      "type": ["list", "string"],
                      "optional": true
                    },
                    "args": {
                      "type": ["list", "string"],
                      "optional": true
                    },
                    "file_uris": {
                      "type": ["list", "string"],
                      "optional": true
                    },
                    "jar_file_uris": {
                      "type": ["list", "string"],
                      "optional": true
                    },
                    "main_class": {
                      "type": "string",
                      "optional": true
                    },
                    "main_jar_file_uri": {
                      "type": "string",
                      "optional": true
                    },
                    "properties": {
                      "type": ["map", "string"],
                      "optional": true
                    }
                  },
                  "block_types": {
                    "logging_config": {
                      "nesting_mode": "list",
                      "block": {
                        "attributes": {
                          "driver_log_levels": {
                            "type": ["map", "string"],
                            "description": "Optional. The per-package log levels for the driver. This may include 'root' package name to configure rootLogger. Examples: 'com.google = FATAL', 'root = INFO', 'org.apache = DEBUG'.",
                            "optional": true
                          }
                        }
                      },
                      "max_items": 1
                    }
                  }
                },
                "max_items": 1
              },
              "hive_config": {
                "nesting_mode": "list",
                "block": {
                  "attributes": {
                    "continue_on_failure": {
                      "type": "bool",
                      "optional": true
                    },
                    "jar_file_uris": {
                      "type": ["list", "string"],
                      "optional": true
                    },
                    "properties": {
                      "type": ["map", "string"],
                      "optional": true
                    },
                    "query_file_uri": {
                      "type": "string",
                      "optional": true
                    },
                    "query_list": {
                      "type": ["list", "string"],
                      "optional": true
                    },
                    "script_variables": {
                      "type": ["map", "string"],
                      "optional": true
                    }
                  }
                },
                "max_items": 1
              },
              "pig_config": {
                "nesting_mode": "list",
                "block": {
                  "attributes": {
                    "continue_on_failure": {
                      "type": "bool",
                      "optional": true
                    },
                    "jar_file_uris": {
                      "type": ["list", "string"],
                      "optional": true
                    },
                    "properties": {
                      "type": ["map", "string"],
                      "optional": true
                    },
                    "query_file_uri": {
                      "type": "string",
                      "optional": true
                    },
                    "query_list": {
                      "type": ["list", "string"],
                      "optional": true
                    },
                    "script_variables": {
                      "type": ["map", "string"],
                      "optional": true
                    }
                  },
                  "block_types": {
                    "logging_config": {
                      "nesting_mode": "list",
                      "block": {
                        "attributes": {
                          "driver_log_levels": {
                            "type": ["map", "string"],
                            "description": "Optional. The per-package log levels for the driver. This may include 'root' package name to configure rootLogger. Examples: 'com.google = FATAL', 'root = INFO', 'org.apache = DEBUG'.",
                            "optional": true
                          }
                        }
                      },
                      "max_items": 1
                    }
                  }
                },
                "max_items": 1
              },
              "placement": {
                "nesting_mode": "list",
                "block": {
                  "attributes": {
                    "cluster_name": {
                      "type": "string",
                      "description": "The name of the cluster where the job will be submitted",
                      "required": true
                    },
                    "cluster_uuid": {
                      "type": "string",
                      "description": "Output-only. A cluster UUID generated by the Cloud Dataproc service when the job is submitted",
                      "computed": true
                    }
                  }
                },
                "min_items": 1,
                "max_items": 1
              },
              "pyspark_config": {
                "nesting_mode": "list",
                "block": {
                  "attributes": {
                    "archive_uris": {
                      "type": ["list", "string"],
                      "description": "Optional. HCFS URIs of archives to be extracted in the working directory of .jar, .tar, .tar.gz, .tgz, and .zip",
                      "optional": true
                    },
                    "args": {
                      "type": ["list", "string"],
                      "description": "Optional. The arguments to pass to the driver. Do not include arguments, such as --conf, that can be set as job properties, since a collision may occur that causes an incorrect job submission",
                      "optional": true
                    },
                    "file_uris": {
                      "type": ["list", "string"],
                      "description": "Optional. HCFS URIs of files to be copied to the working directory of Python drivers and distributed tasks. Useful for naively parallel tasks",
                      "optional": true
                    },
                    "jar_file_uris": {
                      "type": ["list", "string"],
                      "description": "Optional. HCFS URIs of jar files to add to the CLASSPATHs of the Python driver and tasks",
                      "optional": true
                    },
                    "main_python_file_uri": {
                      "type": "string",
                      "description": "Required. The HCFS URI of the main Python file to use as the driver. Must be a .py file",
                      "required": true
                    },
                    "properties": {
                      "type": ["map", "string"],
                      "description": "Optional. A mapping of property names to values, used to configure PySpark. Properties that conflict with values set by the Cloud Dataproc API may be overwritten. Can include properties set in /etc/spark/conf/spark-defaults.conf and classes in user code",
                      "optional": true
                    },
                    "python_file_uris": {
                      "type": ["list", "string"],
                      "description": "Optional. HCFS file URIs of Python files to pass to the PySpark framework. Supported file types: .py, .egg, and .zip",
                      "optional": true
                    }
                  },
                  "block_types": {
                    "logging_config": {
                      "nesting_mode": "list",
                      "block": {
                        "attributes": {
                          "driver_log_levels": {
                            "type": ["map", "string"],
                            "description": "Optional. The per-package log levels for the driver. This may include 'root' package name to configure rootLogger. Examples: 'com.google = FATAL', 'root = INFO', 'org.apache = DEBUG'.",
                            "optional": true
                          }
                        }
                      },
                      "max_items": 1
                    }
                  }
                },
                "max_items": 1
              },
              "reference": {
                "nesting_mode": "list",
                "block": {
                  "attributes": {
                    "job_id": {
                      "type": "string",
                      "description": "The job ID, which must be unique within the project. The job ID is generated by the server upon job submission or provided by the user as a means to perform retries without creating duplicate jobs",
                      "optional": true,
                      "computed": true
                    }
                  }
                },
                "max_items": 1
              },
              "scheduling": {
                "nesting_mode": "list",
                "block": {
                  "attributes": {
                    "max_failures_per_hour": {
                      "type": "number",
                      "description": "Maximum number of times per hour a driver may be restarted as a result of driver terminating with non-zero code before job is reported failed.",
                      "optional": true
                    }
                  }
                },
                "max_items": 1
              },
              "spark_config": {
                "nesting_mode": "list",
                "block": {
                  "attributes": {
                    "archive_uris": {
                      "type": ["list", "string"],
                      "optional": true
                    },
                    "args": {
                      "type": ["list", "string"],
                      "optional": true
                    },
                    "file_uris": {
                      "type": ["list", "string"],
                      "optional": true
                    },
                    "jar_file_uris": {
                      "type": ["list", "string"],
                      "optional": true
                    },
                    "main_class": {
                      "type": "string",
                      "optional": true
                    },
                    "main_jar_file_uri": {
                      "type": "string",
                      "optional": true
                    },
                    "properties": {
                      "type": ["map", "string"],
                      "optional": true
                    }
                  },
                  "block_types": {
                    "logging_config": {
                      "nesting_mode": "list",
                      "block": {
                        "attributes": {
                          "driver_log_levels": {
                            "type": ["map", "string"],
                            "description": "Optional. The per-package log levels for the driver. This may include 'root' package name to configure rootLogger. Examples: 'com.google = FATAL', 'root = INFO', 'org.apache = DEBUG'.",
                            "optional": true
                          }
                        }
                      },
                      "max_items": 1
                    }
                  }
                },
                "max_items": 1
              },
              "sparksql_config": {
                "nesting_mode": "list",
                "block": {
                  "attributes": {
                    "jar_file_uris": {
                      "type": ["list", "string"],
                      "optional": true
                    },
                    "properties": {
                      "type": ["map", "string"],
                      "optional": true
                    },
                    "query_file_uri": {
                      "type": "string",
                      "optional": true
                    },
                    "query_list": {
                      "type": ["list", "string"],
                      "optional": true
                    },
                    "script_variables": {
                      "type": ["map", "string"],
                      "optional": true
                    }
                  },
                  "block_types": {
                    "logging_config": {
                      "nesting_mode": "list",
                      "block": {
                        "attributes": {
                          "driver_log_levels": {
                            "type": ["map", "string"],
                            "description": "Optional. The per-package log levels for the driver. This may include 'root' package name to configure rootLogger. Examples: 'com.google = FATAL', 'root = INFO', 'org.apache = DEBUG'.",
                            "optional": true
                          }
                        }
                      },
                      "max_items": 1
                    }
                  }
                },
                "max_items": 1
              },
              "timeouts": {
                "nesting_mode": "single",
                "block": {
                  "attributes": {
                    "create": {
                      "type": "string",
                      "optional": true
                    },
                    "delete": {
                      "type": "string",
                      "optional": true
                    }
                  }
                }
              }
            }
          }
        },
        "google_dataproc_job_iam_binding": {
          "version": 0,
          "block": {
            "attributes": {
              "etag": {
                "type": "string",
                "computed": true
              },
              "id": {
                "type": "string",
                "optional": true,
                "computed": true
              },
              "job_id": {
                "type": "string",
                "required": true
              },
              "members": {
                "type": ["set", "string"],
                "required": true
              },
              "project": {
                "type": "string",
                "optional": true,
                "computed": true
              },
              "region": {
                "type": "string",
                "optional": true,
                "computed": true
              },
              "role": {
                "type": "string",
                "required": true
              }
            }
          }
        },
        "google_dataproc_job_iam_member": {
          "version": 0,
          "block": {
            "attributes": {
              "etag": {
                "type": "string",
                "computed": true
              },
              "id": {
                "type": "string",
                "optional": true,
                "computed": true
              },
              "job_id": {
                "type": "string",
                "required": true
              },
              "member": {
                "type": "string",
                "required": true
              },
              "project": {
                "type": "string",
                "optional": true,
                "computed": true
              },
              "region": {
                "type": "string",
                "optional": true,
                "computed": true
              },
              "role": {
                "type": "string",
                "required": true
              }
            }
          }
        },
        "google_dataproc_job_iam_policy": {
          "version": 0,
          "block": {
            "attributes": {
              "etag": {
                "type": "string",
                "computed": true
              },
              "id": {
                "type": "string",
                "optional": true,
                "computed": true
              },
              "job_id": {
                "type": "string",
                "required": true
              },
              "policy_data": {
                "type": "string",
                "required": true
              },
              "project": {
                "type": "string",
                "optional": true,
                "computed": true
              },
              "region": {
                "type": "string",
                "optional": true,
                "computed": true
              }
            }
          }
        },
        "google_dns_managed_zone": {
          "version": 0,
          "block": {
            "attributes": {
              "description": {
                "type": "string",
                "optional": true
              },
              "dns_name": {
                "type": "string",
                "required": true
              },
              "id": {
                "type": "string",
                "optional": true,
                "computed": true
              },
              "labels": {
                "type": ["map", "string"],
                "optional": true
              },
              "name": {
                "type": "string",
                "required": true
              },
              "name_servers": {
                "type": ["list", "string"],
                "computed": true
              },
              "project": {
                "type": "string",
                "optional": true,
                "computed": true
              },
              "visibility": {
                "type": "string",
                "optional": true
              }
            },
            "block_types": {
              "dnssec_config": {
                "nesting_mode": "list",
                "block": {
                  "attributes": {
                    "kind": {
                      "type": "string",
                      "optional": true
                    },
                    "non_existence": {
                      "type": "string",
                      "optional": true,
                      "computed": true
                    },
                    "state": {
                      "type": "string",
                      "optional": true
                    }
                  },
                  "block_types": {
                    "default_key_specs": {
                      "nesting_mode": "list",
                      "block": {
                        "attributes": {
                          "algorithm": {
                            "type": "string",
                            "optional": true
                          },
                          "key_length": {
                            "type": "number",
                            "optional": true
                          },
                          "key_type": {
                            "type": "string",
                            "optional": true
                          },
                          "kind": {
                            "type": "string",
                            "optional": true
                          }
                        }
                      }
                    }
                  }
                },
                "max_items": 1
              },
              "private_visibility_config": {
                "nesting_mode": "list",
                "block": {
                  "block_types": {
                    "networks": {
                      "nesting_mode": "set",
                      "block": {
                        "attributes": {
                          "network_url": {
                            "type": "string",
                            "optional": true
                          }
                        }
                      }
                    }
                  }
                },
                "max_items": 1
              },
              "timeouts": {
                "nesting_mode": "single",
                "block": {
                  "attributes": {
                    "create": {
                      "type": "string",
                      "optional": true
                    },
                    "delete": {
                      "type": "string",
                      "optional": true
                    },
                    "update": {
                      "type": "string",
                      "optional": true
                    }
                  }
                }
              }
            }
          }
        },
        "google_dns_record_set": {
          "version": 0,
          "block": {
            "attributes": {
              "id": {
                "type": "string",
                "optional": true,
                "computed": true
              },
              "managed_zone": {
                "type": "string",
                "required": true
              },
              "name": {
                "type": "string",
                "required": true
              },
              "project": {
                "type": "string",
                "optional": true,
                "computed": true
              },
              "rrdatas": {
                "type": ["list", "string"],
                "required": true
              },
              "ttl": {
                "type": "number",
                "required": true
              },
              "type": {
                "type": "string",
                "required": true
              }
            }
          }
        },
        "google_endpoints_service": {
          "version": 1,
          "block": {
            "attributes": {
              "apis": {
                "type": ["list", ["object", {
                      "methods": ["list", ["object", {
                            "name": "string",
                            "request_type": "string",
                            "response_type": "string",
                            "syntax": "string"
                          }
                        ]],
                      "name": "string",
                      "syntax": "string",
                      "version": "string"
                    }
                  ]],
                "computed": true
              },
              "config_id": {
                "type": "string",
                "computed": true
              },
              "dns_address": {
                "type": "string",
                "computed": true
              },
              "endpoints": {
                "type": ["list", ["object", {
                      "address": "string",
                      "name": "string"
                    }
                  ]],
                "computed": true
              },
              "grpc_config": {
                "type": "string",
                "optional": true
              },
              "id": {
                "type": "string",
                "optional": true,
                "computed": true
              },
              "openapi_config": {
                "type": "string",
                "optional": true
              },
              "project": {
                "type": "string",
                "optional": true,
                "computed": true
              },
              "protoc_output": {
                "type": "string",
                "optional": true,
                "computed": true
              },
              "protoc_output_base64": {
                "type": "string",
                "optional": true
              },
              "service_name": {
                "type": "string",
                "required": true
              }
            }
          }
        },
        "google_filestore_instance": {
          "version": 0,
          "block": {
            "attributes": {
              "create_time": {
                "type": "string",
                "computed": true
              },
              "description": {
                "type": "string",
                "optional": true
              },
              "etag": {
                "type": "string",
                "computed": true
              },
              "id": {
                "type": "string",
                "optional": true,
                "computed": true
              },
              "labels": {
                "type": ["map", "string"],
                "optional": true
              },
              "name": {
                "type": "string",
                "required": true
              },
              "project": {
                "type": "string",
                "optional": true,
                "computed": true
              },
              "tier": {
                "type": "string",
                "required": true
              },
              "zone": {
                "type": "string",
                "required": true
              }
            },
            "block_types": {
              "file_shares": {
                "nesting_mode": "list",
                "block": {
                  "attributes": {
                    "capacity_gb": {
                      "type": "number",
                      "required": true
                    },
                    "name": {
                      "type": "string",
                      "required": true
                    }
                  }
                },
                "min_items": 1,
                "max_items": 1
              },
              "networks": {
                "nesting_mode": "list",
                "block": {
                  "attributes": {
                    "ip_addresses": {
                      "type": ["list", "string"],
                      "computed": true
                    },
                    "modes": {
                      "type": ["list", "string"],
                      "required": true
                    },
                    "network": {
                      "type": "string",
                      "required": true
                    },
                    "reserved_ip_range": {
                      "type": "string",
                      "optional": true,
                      "computed": true
                    }
                  }
                },
                "min_items": 1
              },
              "timeouts": {
                "nesting_mode": "single",
                "block": {
                  "attributes": {
                    "create": {
                      "type": "string",
                      "optional": true
                    },
                    "delete": {
                      "type": "string",
                      "optional": true
                    },
                    "update": {
                      "type": "string",
                      "optional": true
                    }
                  }
                }
              }
            }
          }
        },
        "google_firestore_index": {
          "version": 0,
          "block": {
            "attributes": {
              "collection": {
                "type": "string",
                "required": true
              },
              "database": {
                "type": "string",
                "optional": true
              },
              "id": {
                "type": "string",
                "optional": true,
                "computed": true
              },
              "name": {
                "type": "string",
                "computed": true
              },
              "project": {
                "type": "string",
                "optional": true,
                "computed": true
              },
              "query_scope": {
                "type": "string",
                "optional": true
              }
            },
            "block_types": {
              "fields": {
                "nesting_mode": "list",
                "block": {
                  "attributes": {
                    "array_config": {
                      "type": "string",
                      "optional": true
                    },
                    "field_path": {
                      "type": "string",
                      "optional": true
                    },
                    "order": {
                      "type": "string",
                      "optional": true
                    }
                  }
                },
                "min_items": 2
              },
              "timeouts": {
                "nesting_mode": "single",
                "block": {
                  "attributes": {
                    "create": {
                      "type": "string",
                      "optional": true
                    },
                    "delete": {
                      "type": "string",
                      "optional": true
                    }
                  }
                }
              }
            }
          }
        },
        "google_folder": {
          "version": 0,
          "block": {
            "attributes": {
              "create_time": {
                "type": "string",
                "computed": true
              },
              "display_name": {
                "type": "string",
                "required": true
              },
              "id": {
                "type": "string",
                "optional": true,
                "computed": true
              },
              "lifecycle_state": {
                "type": "string",
                "computed": true
              },
              "name": {
                "type": "string",
                "computed": true
              },
              "parent": {
                "type": "string",
                "required": true
              }
            },
            "block_types": {
              "timeouts": {
                "nesting_mode": "single",
                "block": {
                  "attributes": {
                    "create": {
                      "type": "string",
                      "optional": true
                    },
                    "delete": {
                      "type": "string",
                      "optional": true
                    },
                    "read": {
                      "type": "string",
                      "optional": true
                    },
                    "update": {
                      "type": "string",
                      "optional": true
                    }
                  }
                }
              }
            }
          }
        },
        "google_folder_iam_binding": {
          "version": 0,
          "block": {
            "attributes": {
              "etag": {
                "type": "string",
                "computed": true
              },
              "folder": {
                "type": "string",
                "required": true
              },
              "id": {
                "type": "string",
                "optional": true,
                "computed": true
              },
              "members": {
                "type": ["set", "string"],
                "required": true
              },
              "role": {
                "type": "string",
                "required": true
              }
            }
          }
        },
        "google_folder_iam_member": {
          "version": 0,
          "block": {
            "attributes": {
              "etag": {
                "type": "string",
                "computed": true
              },
              "folder": {
                "type": "string",
                "required": true
              },
              "id": {
                "type": "string",
                "optional": true,
                "computed": true
              },
              "member": {
                "type": "string",
                "required": true
              },
              "role": {
                "type": "string",
                "required": true
              }
            }
          }
        },
        "google_folder_iam_policy": {
          "version": 0,
          "block": {
            "attributes": {
              "etag": {
                "type": "string",
                "computed": true
              },
              "folder": {
                "type": "string",
                "required": true
              },
              "id": {
                "type": "string",
                "optional": true,
                "computed": true
              },
              "policy_data": {
                "type": "string",
                "required": true
              }
            }
          }
        },
        "google_folder_organization_policy": {
          "version": 0,
          "block": {
            "attributes": {
              "constraint": {
                "type": "string",
                "required": true
              },
              "etag": {
                "type": "string",
                "computed": true
              },
              "folder": {
                "type": "string",
                "required": true
              },
              "id": {
                "type": "string",
                "optional": true,
                "computed": true
              },
              "update_time": {
                "type": "string",
                "computed": true
              },
              "version": {
                "type": "number",
                "optional": true,
                "computed": true
              }
            },
            "block_types": {
              "boolean_policy": {
                "nesting_mode": "list",
                "block": {
                  "attributes": {
                    "enforced": {
                      "type": "bool",
                      "required": true
                    }
                  }
                },
                "max_items": 1
              },
              "list_policy": {
                "nesting_mode": "list",
                "block": {
                  "attributes": {
                    "inherit_from_parent": {
                      "type": "bool",
                      "optional": true
                    },
                    "suggested_value": {
                      "type": "string",
                      "optional": true,
                      "computed": true
                    }
                  },
                  "block_types": {
                    "allow": {
                      "nesting_mode": "list",
                      "block": {
                        "attributes": {
                          "all": {
                            "type": "bool",
                            "optional": true
                          },
                          "values": {
                            "type": ["set", "string"],
                            "optional": true
                          }
                        }
                      },
                      "max_items": 1
                    },
                    "deny": {
                      "nesting_mode": "list",
                      "block": {
                        "attributes": {
                          "all": {
                            "type": "bool",
                            "optional": true
                          },
                          "values": {
                            "type": ["set", "string"],
                            "optional": true
                          }
                        }
                      },
                      "max_items": 1
                    }
                  }
                },
                "max_items": 1
              },
              "restore_policy": {
                "nesting_mode": "list",
                "block": {
                  "attributes": {
                    "default": {
                      "type": "bool",
                      "required": true
                    }
                  }
                },
                "max_items": 1
              },
              "timeouts": {
                "nesting_mode": "single",
                "block": {
                  "attributes": {
                    "create": {
                      "type": "string",
                      "optional": true
                    },
                    "delete": {
                      "type": "string",
                      "optional": true
                    },
                    "read": {
                      "type": "string",
                      "optional": true
                    },
                    "update": {
                      "type": "string",
                      "optional": true
                    }
                  }
                }
              }
            }
          }
        },
        "google_iap_app_engine_service_iam_binding": {
          "version": 0,
          "block": {
            "attributes": {
              "app_id": {
                "type": "string",
                "required": true
              },
              "etag": {
                "type": "string",
                "computed": true
              },
              "id": {
                "type": "string",
                "optional": true,
                "computed": true
              },
              "members": {
                "type": ["set", "string"],
                "required": true
              },
              "project": {
                "type": "string",
                "optional": true,
                "computed": true
              },
              "role": {
                "type": "string",
                "required": true
              },
              "service": {
                "type": "string",
                "required": true
              }
            }
          }
        },
        "google_iap_app_engine_service_iam_member": {
          "version": 0,
          "block": {
            "attributes": {
              "app_id": {
                "type": "string",
                "required": true
              },
              "etag": {
                "type": "string",
                "computed": true
              },
              "id": {
                "type": "string",
                "optional": true,
                "computed": true
              },
              "member": {
                "type": "string",
                "required": true
              },
              "project": {
                "type": "string",
                "optional": true,
                "computed": true
              },
              "role": {
                "type": "string",
                "required": true
              },
              "service": {
                "type": "string",
                "required": true
              }
            }
          }
        },
        "google_iap_app_engine_service_iam_policy": {
          "version": 0,
          "block": {
            "attributes": {
              "app_id": {
                "type": "string",
                "required": true
              },
              "etag": {
                "type": "string",
                "computed": true
              },
              "id": {
                "type": "string",
                "optional": true,
                "computed": true
              },
              "policy_data": {
                "type": "string",
                "required": true
              },
              "project": {
                "type": "string",
                "optional": true,
                "computed": true
              },
              "service": {
                "type": "string",
                "required": true
              }
            }
          }
        },
        "google_iap_app_engine_version_iam_binding": {
          "version": 0,
          "block": {
            "attributes": {
              "app_id": {
                "type": "string",
                "required": true
              },
              "etag": {
                "type": "string",
                "computed": true
              },
              "id": {
                "type": "string",
                "optional": true,
                "computed": true
              },
              "members": {
                "type": ["set", "string"],
                "required": true
              },
              "project": {
                "type": "string",
                "optional": true,
                "computed": true
              },
              "role": {
                "type": "string",
                "required": true
              },
              "service": {
                "type": "string",
                "required": true
              },
              "version_id": {
                "type": "string",
                "required": true
              }
            }
          }
        },
        "google_iap_app_engine_version_iam_member": {
          "version": 0,
          "block": {
            "attributes": {
              "app_id": {
                "type": "string",
                "required": true
              },
              "etag": {
                "type": "string",
                "computed": true
              },
              "id": {
                "type": "string",
                "optional": true,
                "computed": true
              },
              "member": {
                "type": "string",
                "required": true
              },
              "project": {
                "type": "string",
                "optional": true,
                "computed": true
              },
              "role": {
                "type": "string",
                "required": true
              },
              "service": {
                "type": "string",
                "required": true
              },
              "version_id": {
                "type": "string",
                "required": true
              }
            }
          }
        },
        "google_iap_app_engine_version_iam_policy": {
          "version": 0,
          "block": {
            "attributes": {
              "app_id": {
                "type": "string",
                "required": true
              },
              "etag": {
                "type": "string",
                "computed": true
              },
              "id": {
                "type": "string",
                "optional": true,
                "computed": true
              },
              "policy_data": {
                "type": "string",
                "required": true
              },
              "project": {
                "type": "string",
                "optional": true,
                "computed": true
              },
              "service": {
                "type": "string",
                "required": true
              },
              "version_id": {
                "type": "string",
                "required": true
              }
            }
          }
        },
        "google_iap_web_backend_service_iam_binding": {
          "version": 0,
          "block": {
            "attributes": {
              "etag": {
                "type": "string",
                "computed": true
              },
              "id": {
                "type": "string",
                "optional": true,
                "computed": true
              },
              "members": {
                "type": ["set", "string"],
                "required": true
              },
              "project": {
                "type": "string",
                "optional": true,
                "computed": true
              },
              "role": {
                "type": "string",
                "required": true
              },
              "web_backend_service": {
                "type": "string",
                "required": true
              }
            }
          }
        },
        "google_iap_web_backend_service_iam_member": {
          "version": 0,
          "block": {
            "attributes": {
              "etag": {
                "type": "string",
                "computed": true
              },
              "id": {
                "type": "string",
                "optional": true,
                "computed": true
              },
              "member": {
                "type": "string",
                "required": true
              },
              "project": {
                "type": "string",
                "optional": true,
                "computed": true
              },
              "role": {
                "type": "string",
                "required": true
              },
              "web_backend_service": {
                "type": "string",
                "required": true
              }
            }
          }
        },
        "google_iap_web_backend_service_iam_policy": {
          "version": 0,
          "block": {
            "attributes": {
              "etag": {
                "type": "string",
                "computed": true
              },
              "id": {
                "type": "string",
                "optional": true,
                "computed": true
              },
              "policy_data": {
                "type": "string",
                "required": true
              },
              "project": {
                "type": "string",
                "optional": true,
                "computed": true
              },
              "web_backend_service": {
                "type": "string",
                "required": true
              }
            }
          }
        },
        "google_iap_web_iam_binding": {
          "version": 0,
          "block": {
            "attributes": {
              "etag": {
                "type": "string",
                "computed": true
              },
              "id": {
                "type": "string",
                "optional": true,
                "computed": true
              },
              "members": {
                "type": ["set", "string"],
                "required": true
              },
              "project": {
                "type": "string",
                "optional": true,
                "computed": true
              },
              "role": {
                "type": "string",
                "required": true
              }
            }
          }
        },
        "google_iap_web_iam_member": {
          "version": 0,
          "block": {
            "attributes": {
              "etag": {
                "type": "string",
                "computed": true
              },
              "id": {
                "type": "string",
                "optional": true,
                "computed": true
              },
              "member": {
                "type": "string",
                "required": true
              },
              "project": {
                "type": "string",
                "optional": true,
                "computed": true
              },
              "role": {
                "type": "string",
                "required": true
              }
            }
          }
        },
        "google_iap_web_iam_policy": {
          "version": 0,
          "block": {
            "attributes": {
              "etag": {
                "type": "string",
                "computed": true
              },
              "id": {
                "type": "string",
                "optional": true,
                "computed": true
              },
              "policy_data": {
                "type": "string",
                "required": true
              },
              "project": {
                "type": "string",
                "optional": true,
                "computed": true
              }
            }
          }
        },
        "google_iap_web_type_app_engine_iam_binding": {
          "version": 0,
          "block": {
            "attributes": {
              "app_id": {
                "type": "string",
                "required": true
              },
              "etag": {
                "type": "string",
                "computed": true
              },
              "id": {
                "type": "string",
                "optional": true,
                "computed": true
              },
              "members": {
                "type": ["set", "string"],
                "required": true
              },
              "project": {
                "type": "string",
                "optional": true,
                "computed": true
              },
              "role": {
                "type": "string",
                "required": true
              }
            }
          }
        },
        "google_iap_web_type_app_engine_iam_member": {
          "version": 0,
          "block": {
            "attributes": {
              "app_id": {
                "type": "string",
                "required": true
              },
              "etag": {
                "type": "string",
                "computed": true
              },
              "id": {
                "type": "string",
                "optional": true,
                "computed": true
              },
              "member": {
                "type": "string",
                "required": true
              },
              "project": {
                "type": "string",
                "optional": true,
                "computed": true
              },
              "role": {
                "type": "string",
                "required": true
              }
            }
          }
        },
        "google_iap_web_type_app_engine_iam_policy": {
          "version": 0,
          "block": {
            "attributes": {
              "app_id": {
                "type": "string",
                "required": true
              },
              "etag": {
                "type": "string",
                "computed": true
              },
              "id": {
                "type": "string",
                "optional": true,
                "computed": true
              },
              "policy_data": {
                "type": "string",
                "required": true
              },
              "project": {
                "type": "string",
                "optional": true,
                "computed": true
              }
            }
          }
        },
        "google_iap_web_type_compute_iam_binding": {
          "version": 0,
          "block": {
            "attributes": {
              "etag": {
                "type": "string",
                "computed": true
              },
              "id": {
                "type": "string",
                "optional": true,
                "computed": true
              },
              "members": {
                "type": ["set", "string"],
                "required": true
              },
              "project": {
                "type": "string",
                "optional": true,
                "computed": true
              },
              "role": {
                "type": "string",
                "required": true
              }
            }
          }
        },
        "google_iap_web_type_compute_iam_member": {
          "version": 0,
          "block": {
            "attributes": {
              "etag": {
                "type": "string",
                "computed": true
              },
              "id": {
                "type": "string",
                "optional": true,
                "computed": true
              },
              "member": {
                "type": "string",
                "required": true
              },
              "project": {
                "type": "string",
                "optional": true,
                "computed": true
              },
              "role": {
                "type": "string",
                "required": true
              }
            }
          }
        },
        "google_iap_web_type_compute_iam_policy": {
          "version": 0,
          "block": {
            "attributes": {
              "etag": {
                "type": "string",
                "computed": true
              },
              "id": {
                "type": "string",
                "optional": true,
                "computed": true
              },
              "policy_data": {
                "type": "string",
                "required": true
              },
              "project": {
                "type": "string",
                "optional": true,
                "computed": true
              }
            }
          }
        },
        "google_kms_crypto_key": {
          "version": 1,
          "block": {
            "attributes": {
              "id": {
                "type": "string",
                "optional": true,
                "computed": true
              },
              "key_ring": {
                "type": "string",
                "required": true
              },
              "labels": {
                "type": ["map", "string"],
                "optional": true
              },
              "name": {
                "type": "string",
                "required": true
              },
              "purpose": {
                "type": "string",
                "optional": true
              },
              "rotation_period": {
                "type": "string",
                "optional": true
              },
              "self_link": {
                "type": "string",
                "computed": true
              }
            },
            "block_types": {
              "timeouts": {
                "nesting_mode": "single",
                "block": {
                  "attributes": {
                    "create": {
                      "type": "string",
                      "optional": true
                    },
                    "delete": {
                      "type": "string",
                      "optional": true
                    },
                    "update": {
                      "type": "string",
                      "optional": true
                    }
                  }
                }
              },
              "version_template": {
                "nesting_mode": "list",
                "block": {
                  "attributes": {
                    "algorithm": {
                      "type": "string",
                      "required": true
                    },
                    "protection_level": {
                      "type": "string",
                      "optional": true
                    }
                  }
                },
                "max_items": 1
              }
            }
          }
        },
        "google_kms_crypto_key_iam_binding": {
          "version": 0,
          "block": {
            "attributes": {
              "crypto_key_id": {
                "type": "string",
                "required": true
              },
              "etag": {
                "type": "string",
                "computed": true
              },
              "id": {
                "type": "string",
                "optional": true,
                "computed": true
              },
              "members": {
                "type": ["set", "string"],
                "required": true
              },
              "role": {
                "type": "string",
                "required": true
              }
            }
          }
        },
        "google_kms_crypto_key_iam_member": {
          "version": 0,
          "block": {
            "attributes": {
              "crypto_key_id": {
                "type": "string",
                "required": true
              },
              "etag": {
                "type": "string",
                "computed": true
              },
              "id": {
                "type": "string",
                "optional": true,
                "computed": true
              },
              "member": {
                "type": "string",
                "required": true
              },
              "role": {
                "type": "string",
                "required": true
              }
            }
          }
        },
        "google_kms_key_ring": {
          "version": 0,
          "block": {
            "attributes": {
              "id": {
                "type": "string",
                "optional": true,
                "computed": true
              },
              "location": {
                "type": "string",
                "required": true
              },
              "name": {
                "type": "string",
                "required": true
              },
              "project": {
                "type": "string",
                "optional": true,
                "computed": true
              },
              "self_link": {
                "type": "string",
                "computed": true
              }
            },
            "block_types": {
              "timeouts": {
                "nesting_mode": "single",
                "block": {
                  "attributes": {
                    "create": {
                      "type": "string",
                      "optional": true
                    },
                    "delete": {
                      "type": "string",
                      "optional": true
                    }
                  }
                }
              }
            }
          }
        },
        "google_kms_key_ring_iam_binding": {
          "version": 0,
          "block": {
            "attributes": {
              "etag": {
                "type": "string",
                "computed": true
              },
              "id": {
                "type": "string",
                "optional": true,
                "computed": true
              },
              "key_ring_id": {
                "type": "string",
                "required": true
              },
              "members": {
                "type": ["set", "string"],
                "required": true
              },
              "role": {
                "type": "string",
                "required": true
              }
            }
          }
        },
        "google_kms_key_ring_iam_member": {
          "version": 0,
          "block": {
            "attributes": {
              "etag": {
                "type": "string",
                "computed": true
              },
              "id": {
                "type": "string",
                "optional": true,
                "computed": true
              },
              "key_ring_id": {
                "type": "string",
                "required": true
              },
              "member": {
                "type": "string",
                "required": true
              },
              "role": {
                "type": "string",
                "required": true
              }
            }
          }
        },
        "google_kms_key_ring_iam_policy": {
          "version": 0,
          "block": {
            "attributes": {
              "etag": {
                "type": "string",
                "computed": true
              },
              "id": {
                "type": "string",
                "optional": true,
                "computed": true
              },
              "key_ring_id": {
                "type": "string",
                "required": true
              },
              "policy_data": {
                "type": "string",
                "required": true
              }
            }
          }
        },
        "google_logging_billing_account_exclusion": {
          "version": 0,
          "block": {
            "attributes": {
              "billing_account": {
                "type": "string",
                "required": true
              },
              "description": {
                "type": "string",
                "optional": true
              },
              "disabled": {
                "type": "bool",
                "optional": true
              },
              "filter": {
                "type": "string",
                "required": true
              },
              "id": {
                "type": "string",
                "optional": true,
                "computed": true
              },
              "name": {
                "type": "string",
                "required": true
              }
            }
          }
        },
        "google_logging_billing_account_sink": {
          "version": 0,
          "block": {
            "attributes": {
              "billing_account": {
                "type": "string",
                "required": true
              },
              "destination": {
                "type": "string",
                "required": true
              },
              "filter": {
                "type": "string",
                "optional": true
              },
              "id": {
                "type": "string",
                "optional": true,
                "computed": true
              },
              "name": {
                "type": "string",
                "required": true
              },
              "writer_identity": {
                "type": "string",
                "computed": true
              }
            }
          }
        },
        "google_logging_folder_exclusion": {
          "version": 0,
          "block": {
            "attributes": {
              "description": {
                "type": "string",
                "optional": true
              },
              "disabled": {
                "type": "bool",
                "optional": true
              },
              "filter": {
                "type": "string",
                "required": true
              },
              "folder": {
                "type": "string",
                "required": true
              },
              "id": {
                "type": "string",
                "optional": true,
                "computed": true
              },
              "name": {
                "type": "string",
                "required": true
              }
            }
          }
        },
        "google_logging_folder_sink": {
          "version": 0,
          "block": {
            "attributes": {
              "destination": {
                "type": "string",
                "required": true
              },
              "filter": {
                "type": "string",
                "optional": true
              },
              "folder": {
                "type": "string",
                "required": true
              },
              "id": {
                "type": "string",
                "optional": true,
                "computed": true
              },
              "include_children": {
                "type": "bool",
                "optional": true
              },
              "name": {
                "type": "string",
                "required": true
              },
              "writer_identity": {
                "type": "string",
                "computed": true
              }
            }
          }
        },
        "google_logging_metric": {
          "version": 0,
          "block": {
            "attributes": {
              "description": {
                "type": "string",
                "optional": true
              },
              "filter": {
                "type": "string",
                "required": true
              },
              "id": {
                "type": "string",
                "optional": true,
                "computed": true
              },
              "label_extractors": {
                "type": ["map", "string"],
                "optional": true
              },
              "name": {
                "type": "string",
                "required": true
              },
              "project": {
                "type": "string",
                "optional": true,
                "computed": true
              },
              "value_extractor": {
                "type": "string",
                "optional": true
              }
            },
            "block_types": {
              "bucket_options": {
                "nesting_mode": "list",
                "block": {
                  "block_types": {
                    "explicit_buckets": {
                      "nesting_mode": "list",
                      "block": {
                        "attributes": {
                          "bounds": {
                            "type": ["list", "number"],
                            "optional": true
                          }
                        }
                      },
                      "max_items": 1
                    },
                    "exponential_buckets": {
                      "nesting_mode": "list",
                      "block": {
                        "attributes": {
                          "growth_factor": {
                            "type": "number",
                            "optional": true
                          },
                          "num_finite_buckets": {
                            "type": "number",
                            "optional": true
                          },
                          "scale": {
                            "type": "number",
                            "optional": true
                          }
                        }
                      },
                      "max_items": 1
                    },
                    "linear_buckets": {
                      "nesting_mode": "list",
                      "block": {
                        "attributes": {
                          "num_finite_buckets": {
                            "type": "number",
                            "optional": true
                          },
                          "offset": {
                            "type": "number",
                            "optional": true
                          },
                          "width": {
                            "type": "number",
                            "optional": true
                          }
                        }
                      },
                      "max_items": 1
                    }
                  }
                },
                "max_items": 1
              },
              "metric_descriptor": {
                "nesting_mode": "list",
                "block": {
                  "attributes": {
                    "metric_kind": {
                      "type": "string",
                      "required": true
                    },
                    "unit": {
                      "type": "string",
                      "optional": true
                    },
                    "value_type": {
                      "type": "string",
                      "required": true
                    }
                  },
                  "block_types": {
                    "labels": {
                      "nesting_mode": "list",
                      "block": {
                        "attributes": {
                          "description": {
                            "type": "string",
                            "optional": true
                          },
                          "key": {
                            "type": "string",
                            "required": true
                          },
                          "value_type": {
                            "type": "string",
                            "optional": true
                          }
                        }
                      }
                    }
                  }
                },
                "min_items": 1,
                "max_items": 1
              },
              "timeouts": {
                "nesting_mode": "single",
                "block": {
                  "attributes": {
                    "create": {
                      "type": "string",
                      "optional": true
                    },
                    "delete": {
                      "type": "string",
                      "optional": true
                    },
                    "update": {
                      "type": "string",
                      "optional": true
                    }
                  }
                }
              }
            }
          }
        },
        "google_logging_organization_exclusion": {
          "version": 0,
          "block": {
            "attributes": {
              "description": {
                "type": "string",
                "optional": true
              },
              "disabled": {
                "type": "bool",
                "optional": true
              },
              "filter": {
                "type": "string",
                "required": true
              },
              "id": {
                "type": "string",
                "optional": true,
                "computed": true
              },
              "name": {
                "type": "string",
                "required": true
              },
              "org_id": {
                "type": "string",
                "required": true
              }
            }
          }
        },
        "google_logging_organization_sink": {
          "version": 0,
          "block": {
            "attributes": {
              "destination": {
                "type": "string",
                "required": true
              },
              "filter": {
                "type": "string",
                "optional": true
              },
              "id": {
                "type": "string",
                "optional": true,
                "computed": true
              },
              "include_children": {
                "type": "bool",
                "optional": true
              },
              "name": {
                "type": "string",
                "required": true
              },
              "org_id": {
                "type": "string",
                "required": true
              },
              "writer_identity": {
                "type": "string",
                "computed": true
              }
            }
          }
        },
        "google_logging_project_exclusion": {
          "version": 0,
          "block": {
            "attributes": {
              "description": {
                "type": "string",
                "optional": true
              },
              "disabled": {
                "type": "bool",
                "optional": true
              },
              "filter": {
                "type": "string",
                "required": true
              },
              "id": {
                "type": "string",
                "optional": true,
                "computed": true
              },
              "name": {
                "type": "string",
                "required": true
              },
              "project": {
                "type": "string",
                "optional": true,
                "computed": true
              }
            }
          }
        },
        "google_logging_project_sink": {
          "version": 0,
          "block": {
            "attributes": {
              "destination": {
                "type": "string",
                "required": true
              },
              "filter": {
                "type": "string",
                "optional": true
              },
              "id": {
                "type": "string",
                "optional": true,
                "computed": true
              },
              "name": {
                "type": "string",
                "required": true
              },
              "project": {
                "type": "string",
                "optional": true,
                "computed": true
              },
              "unique_writer_identity": {
                "type": "bool",
                "optional": true
              },
              "writer_identity": {
                "type": "string",
                "computed": true
              }
            }
          }
        },
        "google_ml_engine_model": {
          "version": 0,
          "block": {
            "attributes": {
              "description": {
                "type": "string",
                "optional": true
              },
              "id": {
                "type": "string",
                "optional": true,
                "computed": true
              },
              "labels": {
                "type": ["map", "string"],
                "optional": true
              },
              "name": {
                "type": "string",
                "required": true
              },
              "online_prediction_console_logging": {
                "type": "bool",
                "optional": true
              },
              "online_prediction_logging": {
                "type": "bool",
                "optional": true
              },
              "project": {
                "type": "string",
                "optional": true,
                "computed": true
              },
              "regions": {
                "type": ["list", "string"],
                "optional": true
              }
            },
            "block_types": {
              "default_version": {
                "nesting_mode": "list",
                "block": {
                  "attributes": {
                    "name": {
                      "type": "string",
                      "optional": true
                    }
                  }
                },
                "max_items": 1
              },
              "timeouts": {
                "nesting_mode": "single",
                "block": {
                  "attributes": {
                    "create": {
                      "type": "string",
                      "optional": true
                    },
                    "delete": {
                      "type": "string",
                      "optional": true
                    }
                  }
                }
              }
            }
          }
        },
        "google_monitoring_alert_policy": {
          "version": 0,
          "block": {
            "attributes": {
              "combiner": {
                "type": "string",
                "required": true
              },
              "creation_record": {
                "type": ["list", ["object", {
                      "mutate_time": "string",
                      "mutated_by": "string"
                    }
                  ]],
                "computed": true
              },
              "display_name": {
                "type": "string",
                "required": true
              },
              "enabled": {
                "type": "bool",
                "optional": true
              },
              "id": {
                "type": "string",
                "optional": true,
                "computed": true
              },
              "labels": {
                "type": ["list", "string"],
                "optional": true
              },
              "name": {
                "type": "string",
                "computed": true
              },
              "notification_channels": {
                "type": ["list", "string"],
                "optional": true
              },
              "project": {
                "type": "string",
                "optional": true,
                "computed": true
              },
              "user_labels": {
                "type": ["map", "string"],
                "optional": true
              }
            },
            "block_types": {
              "conditions": {
                "nesting_mode": "list",
                "block": {
                  "attributes": {
                    "display_name": {
                      "type": "string",
                      "required": true
                    },
                    "name": {
                      "type": "string",
                      "computed": true
                    }
                  },
                  "block_types": {
                    "condition_absent": {
                      "nesting_mode": "list",
                      "block": {
                        "attributes": {
                          "duration": {
                            "type": "string",
                            "required": true
                          },
                          "filter": {
                            "type": "string",
                            "optional": true
                          }
                        },
                        "block_types": {
                          "aggregations": {
                            "nesting_mode": "list",
                            "block": {
                              "attributes": {
                                "alignment_period": {
                                  "type": "string",
                                  "optional": true
                                },
                                "cross_series_reducer": {
                                  "type": "string",
                                  "optional": true
                                },
                                "group_by_fields": {
                                  "type": ["list", "string"],
                                  "optional": true
                                },
                                "per_series_aligner": {
                                  "type": "string",
                                  "optional": true
                                }
                              }
                            }
                          },
                          "trigger": {
                            "nesting_mode": "list",
                            "block": {
                              "attributes": {
                                "count": {
                                  "type": "number",
                                  "optional": true
                                },
                                "percent": {
                                  "type": "number",
                                  "optional": true
                                }
                              }
                            },
                            "max_items": 1
                          }
                        }
                      },
                      "max_items": 1
                    },
                    "condition_threshold": {
                      "nesting_mode": "list",
                      "block": {
                        "attributes": {
                          "comparison": {
                            "type": "string",
                            "required": true
                          },
                          "denominator_filter": {
                            "type": "string",
                            "optional": true
                          },
                          "duration": {
                            "type": "string",
                            "required": true
                          },
                          "filter": {
                            "type": "string",
                            "optional": true
                          },
                          "threshold_value": {
                            "type": "number",
                            "optional": true
                          }
                        },
                        "block_types": {
                          "aggregations": {
                            "nesting_mode": "list",
                            "block": {
                              "attributes": {
                                "alignment_period": {
                                  "type": "string",
                                  "optional": true
                                },
                                "cross_series_reducer": {
                                  "type": "string",
                                  "optional": true
                                },
                                "group_by_fields": {
                                  "type": ["list", "string"],
                                  "optional": true
                                },
                                "per_series_aligner": {
                                  "type": "string",
                                  "optional": true
                                }
                              }
                            }
                          },
                          "denominator_aggregations": {
                            "nesting_mode": "list",
                            "block": {
                              "attributes": {
                                "alignment_period": {
                                  "type": "string",
                                  "optional": true
                                },
                                "cross_series_reducer": {
                                  "type": "string",
                                  "optional": true
                                },
                                "group_by_fields": {
                                  "type": ["list", "string"],
                                  "optional": true
                                },
                                "per_series_aligner": {
                                  "type": "string",
                                  "optional": true
                                }
                              }
                            }
                          },
                          "trigger": {
                            "nesting_mode": "list",
                            "block": {
                              "attributes": {
                                "count": {
                                  "type": "number",
                                  "optional": true
                                },
                                "percent": {
                                  "type": "number",
                                  "optional": true
                                }
                              }
                            },
                            "max_items": 1
                          }
                        }
                      },
                      "max_items": 1
                    }
                  }
                },
                "min_items": 1
              },
              "documentation": {
                "nesting_mode": "list",
                "block": {
                  "attributes": {
                    "content": {
                      "type": "string",
                      "optional": true
                    },
                    "mime_type": {
                      "type": "string",
                      "optional": true
                    }
                  }
                },
                "max_items": 1
              },
              "timeouts": {
                "nesting_mode": "single",
                "block": {
                  "attributes": {
                    "create": {
                      "type": "string",
                      "optional": true
                    },
                    "delete": {
                      "type": "string",
                      "optional": true
                    },
                    "update": {
                      "type": "string",
                      "optional": true
                    }
                  }
                }
              }
            }
          }
        },
        "google_monitoring_group": {
          "version": 0,
          "block": {
            "attributes": {
              "display_name": {
                "type": "string",
                "required": true
              },
              "filter": {
                "type": "string",
                "required": true
              },
              "id": {
                "type": "string",
                "optional": true,
                "computed": true
              },
              "is_cluster": {
                "type": "bool",
                "optional": true
              },
              "name": {
                "type": "string",
                "computed": true
              },
              "parent_name": {
                "type": "string",
                "optional": true
              },
              "project": {
                "type": "string",
                "optional": true,
                "computed": true
              }
            },
            "block_types": {
              "timeouts": {
                "nesting_mode": "single",
                "block": {
                  "attributes": {
                    "create": {
                      "type": "string",
                      "optional": true
                    },
                    "delete": {
                      "type": "string",
                      "optional": true
                    },
                    "update": {
                      "type": "string",
                      "optional": true
                    }
                  }
                }
              }
            }
          }
        },
        "google_monitoring_notification_channel": {
          "version": 0,
          "block": {
            "attributes": {
              "description": {
                "type": "string",
                "optional": true
              },
              "display_name": {
                "type": "string",
                "required": true
              },
              "enabled": {
                "type": "bool",
                "optional": true
              },
              "id": {
                "type": "string",
                "optional": true,
                "computed": true
              },
              "labels": {
                "type": ["map", "string"],
                "optional": true
              },
              "name": {
                "type": "string",
                "computed": true
              },
              "project": {
                "type": "string",
                "optional": true,
                "computed": true
              },
              "type": {
                "type": "string",
                "required": true
              },
              "user_labels": {
                "type": ["map", "string"],
                "optional": true
              },
              "verification_status": {
                "type": "string",
                "computed": true
              }
            },
            "block_types": {
              "timeouts": {
                "nesting_mode": "single",
                "block": {
                  "attributes": {
                    "create": {
                      "type": "string",
                      "optional": true
                    },
                    "delete": {
                      "type": "string",
                      "optional": true
                    },
                    "update": {
                      "type": "string",
                      "optional": true
                    }
                  }
                }
              }
            }
          }
        },
        "google_monitoring_uptime_check_config": {
          "version": 0,
          "block": {
            "attributes": {
              "display_name": {
                "type": "string",
                "required": true
              },
              "id": {
                "type": "string",
                "optional": true,
                "computed": true
              },
              "is_internal": {
                "type": "bool",
                "optional": true,
                "computed": true
              },
              "name": {
                "type": "string",
                "computed": true
              },
              "period": {
                "type": "string",
                "optional": true
              },
              "project": {
                "type": "string",
                "optional": true,
                "computed": true
              },
              "selected_regions": {
                "type": ["list", "string"],
                "optional": true
              },
              "timeout": {
                "type": "string",
                "required": true
              },
              "uptime_check_id": {
                "type": "string",
                "computed": true
              }
            },
            "block_types": {
              "content_matchers": {
                "nesting_mode": "list",
                "block": {
                  "attributes": {
                    "content": {
                      "type": "string",
                      "optional": true
                    }
                  }
                }
              },
              "http_check": {
                "nesting_mode": "list",
                "block": {
                  "attributes": {
                    "headers": {
                      "type": ["map", "string"],
                      "optional": true
                    },
                    "mask_headers": {
                      "type": "bool",
                      "optional": true
                    },
                    "path": {
                      "type": "string",
                      "optional": true
                    },
                    "port": {
                      "type": "number",
                      "optional": true,
                      "computed": true
                    },
                    "use_ssl": {
                      "type": "bool",
                      "optional": true
                    }
                  },
                  "block_types": {
                    "auth_info": {
                      "nesting_mode": "list",
                      "block": {
                        "attributes": {
                          "password": {
                            "type": "string",
                            "optional": true,
                            "sensitive": true
                          },
                          "username": {
                            "type": "string",
                            "optional": true
                          }
                        }
                      },
                      "max_items": 1
                    }
                  }
                },
                "max_items": 1
              },
              "internal_checkers": {
                "nesting_mode": "list",
                "block": {
                  "attributes": {
                    "display_name": {
                      "type": "string",
                      "optional": true
                    },
                    "gcp_zone": {
                      "type": "string",
                      "optional": true
                    },
                    "name": {
                      "type": "string",
                      "optional": true
                    },
                    "network": {
                      "type": "string",
                      "optional": true
                    },
                    "peer_project_id": {
                      "type": "string",
                      "optional": true
                    }
                  }
                }
              },
              "monitored_resource": {
                "nesting_mode": "list",
                "block": {
                  "attributes": {
                    "labels": {
                      "type": ["map", "string"],
                      "required": true
                    },
                    "type": {
                      "type": "string",
                      "required": true
                    }
                  }
                },
                "max_items": 1
              },
              "resource_group": {
                "nesting_mode": "list",
                "block": {
                  "attributes": {
                    "group_id": {
                      "type": "string",
                      "optional": true
                    },
                    "resource_type": {
                      "type": "string",
                      "optional": true
                    }
                  }
                },
                "max_items": 1
              },
              "tcp_check": {
                "nesting_mode": "list",
                "block": {
                  "attributes": {
                    "port": {
                      "type": "number",
                      "required": true
                    }
                  }
                },
                "max_items": 1
              },
              "timeouts": {
                "nesting_mode": "single",
                "block": {
                  "attributes": {
                    "create": {
                      "type": "string",
                      "optional": true
                    },
                    "delete": {
                      "type": "string",
                      "optional": true
                    },
                    "update": {
                      "type": "string",
                      "optional": true
                    }
                  }
                }
              }
            }
          }
        },
        "google_organization_iam_binding": {
          "version": 0,
          "block": {
            "attributes": {
              "etag": {
                "type": "string",
                "computed": true
              },
              "id": {
                "type": "string",
                "optional": true,
                "computed": true
              },
              "members": {
                "type": ["set", "string"],
                "required": true
              },
              "org_id": {
                "type": "string",
                "required": true
              },
              "role": {
                "type": "string",
                "required": true
              }
            }
          }
        },
        "google_organization_iam_custom_role": {
          "version": 0,
          "block": {
            "attributes": {
              "deleted": {
                "type": "bool",
                "computed": true
              },
              "description": {
                "type": "string",
                "optional": true
              },
              "id": {
                "type": "string",
                "optional": true,
                "computed": true
              },
              "org_id": {
                "type": "string",
                "required": true
              },
              "permissions": {
                "type": ["set", "string"],
                "required": true
              },
              "role_id": {
                "type": "string",
                "required": true
              },
              "stage": {
                "type": "string",
                "optional": true
              },
              "title": {
                "type": "string",
                "required": true
              }
            }
          }
        },
        "google_organization_iam_member": {
          "version": 0,
          "block": {
            "attributes": {
              "etag": {
                "type": "string",
                "computed": true
              },
              "id": {
                "type": "string",
                "optional": true,
                "computed": true
              },
              "member": {
                "type": "string",
                "required": true
              },
              "org_id": {
                "type": "string",
                "required": true
              },
              "role": {
                "type": "string",
                "required": true
              }
            }
          }
        },
        "google_organization_iam_policy": {
          "version": 0,
          "block": {
            "attributes": {
              "etag": {
                "type": "string",
                "computed": true
              },
              "id": {
                "type": "string",
                "optional": true,
                "computed": true
              },
              "org_id": {
                "type": "string",
                "required": true
              },
              "policy_data": {
                "type": "string",
                "required": true
              }
            }
          }
        },
        "google_organization_policy": {
          "version": 0,
          "block": {
            "attributes": {
              "constraint": {
                "type": "string",
                "required": true
              },
              "etag": {
                "type": "string",
                "computed": true
              },
              "id": {
                "type": "string",
                "optional": true,
                "computed": true
              },
              "org_id": {
                "type": "string",
                "required": true
              },
              "update_time": {
                "type": "string",
                "computed": true
              },
              "version": {
                "type": "number",
                "optional": true,
                "computed": true
              }
            },
            "block_types": {
              "boolean_policy": {
                "nesting_mode": "list",
                "block": {
                  "attributes": {
                    "enforced": {
                      "type": "bool",
                      "required": true
                    }
                  }
                },
                "max_items": 1
              },
              "list_policy": {
                "nesting_mode": "list",
                "block": {
                  "attributes": {
                    "inherit_from_parent": {
                      "type": "bool",
                      "optional": true
                    },
                    "suggested_value": {
                      "type": "string",
                      "optional": true,
                      "computed": true
                    }
                  },
                  "block_types": {
                    "allow": {
                      "nesting_mode": "list",
                      "block": {
                        "attributes": {
                          "all": {
                            "type": "bool",
                            "optional": true
                          },
                          "values": {
                            "type": ["set", "string"],
                            "optional": true
                          }
                        }
                      },
                      "max_items": 1
                    },
                    "deny": {
                      "nesting_mode": "list",
                      "block": {
                        "attributes": {
                          "all": {
                            "type": "bool",
                            "optional": true
                          },
                          "values": {
                            "type": ["set", "string"],
                            "optional": true
                          }
                        }
                      },
                      "max_items": 1
                    }
                  }
                },
                "max_items": 1
              },
              "restore_policy": {
                "nesting_mode": "list",
                "block": {
                  "attributes": {
                    "default": {
                      "type": "bool",
                      "required": true
                    }
                  }
                },
                "max_items": 1
              },
              "timeouts": {
                "nesting_mode": "single",
                "block": {
                  "attributes": {
                    "create": {
                      "type": "string",
                      "optional": true
                    },
                    "delete": {
                      "type": "string",
                      "optional": true
                    },
                    "read": {
                      "type": "string",
                      "optional": true
                    },
                    "update": {
                      "type": "string",
                      "optional": true
                    }
                  }
                }
              }
            }
          }
        },
        "google_project": {
          "version": 1,
          "block": {
            "attributes": {
              "app_engine": {
                "type": ["list", ["object", {
                      "auth_domain": "string",
                      "code_bucket": "string",
                      "default_bucket": "string",
                      "default_hostname": "string",
                      "feature_settings": ["list", ["object", {
                            "split_health_checks": "bool"
                          }
                        ]],
                      "gcr_domain": "string",
                      "location_id": "string",
                      "name": "string",
                      "serving_status": "string",
                      "url_dispatch_rule": ["list", ["object", {
                            "domain": "string",
                            "path": "string",
                            "service": "string"
                          }
                        ]]
                    }
                  ]],
                "computed": true
              },
              "auto_create_network": {
                "type": "bool",
                "optional": true
              },
              "billing_account": {
                "type": "string",
                "optional": true
              },
              "folder_id": {
                "type": "string",
                "optional": true,
                "computed": true
              },
              "id": {
                "type": "string",
                "optional": true,
                "computed": true
              },
              "labels": {
                "type": ["map", "string"],
                "optional": true
              },
              "name": {
                "type": "string",
                "required": true
              },
              "number": {
                "type": "string",
                "computed": true
              },
              "org_id": {
                "type": "string",
                "optional": true,
                "computed": true
              },
              "policy_data": {
                "type": "string",
                "optional": true,
                "computed": true
              },
              "policy_etag": {
                "type": "string",
                "computed": true
              },
              "project_id": {
                "type": "string",
                "required": true
              },
              "skip_delete": {
                "type": "bool",
                "optional": true,
                "computed": true
              }
            },
            "block_types": {
              "timeouts": {
                "nesting_mode": "single",
                "block": {
                  "attributes": {
                    "create": {
                      "type": "string",
                      "optional": true
                    },
                    "delete": {
                      "type": "string",
                      "optional": true
                    },
                    "read": {
                      "type": "string",
                      "optional": true
                    },
                    "update": {
                      "type": "string",
                      "optional": true
                    }
                  }
                }
              }
            }
          }
        },
        "google_project_iam_audit_config": {
          "version": 0,
          "block": {
            "attributes": {
              "etag": {
                "type": "string",
                "computed": true
              },
              "id": {
                "type": "string",
                "optional": true,
                "computed": true
              },
              "project": {
                "type": "string",
                "optional": true,
                "computed": true
              },
              "service": {
                "type": "string",
                "required": true
              }
            },
            "block_types": {
              "audit_log_config": {
                "nesting_mode": "set",
                "block": {
                  "attributes": {
                    "exempted_members": {
                      "type": ["set", "string"],
                      "optional": true
                    },
                    "log_type": {
                      "type": "string",
                      "required": true
                    }
                  }
                },
                "min_items": 1
              }
            }
          }
        },
        "google_project_iam_binding": {
          "version": 0,
          "block": {
            "attributes": {
              "etag": {
                "type": "string",
                "computed": true
              },
              "id": {
                "type": "string",
                "optional": true,
                "computed": true
              },
              "members": {
                "type": ["set", "string"],
                "required": true
              },
              "project": {
                "type": "string",
                "optional": true,
                "computed": true
              },
              "role": {
                "type": "string",
                "required": true
              }
            }
          }
        },
        "google_project_iam_custom_role": {
          "version": 0,
          "block": {
            "attributes": {
              "deleted": {
                "type": "bool",
                "computed": true
              },
              "description": {
                "type": "string",
                "optional": true
              },
              "id": {
                "type": "string",
                "optional": true,
                "computed": true
              },
              "permissions": {
                "type": ["set", "string"],
                "required": true
              },
              "project": {
                "type": "string",
                "optional": true,
                "computed": true
              },
              "role_id": {
                "type": "string",
                "required": true
              },
              "stage": {
                "type": "string",
                "optional": true
              },
              "title": {
                "type": "string",
                "required": true
              }
            }
          }
        },
        "google_project_iam_member": {
          "version": 0,
          "block": {
            "attributes": {
              "etag": {
                "type": "string",
                "computed": true
              },
              "id": {
                "type": "string",
                "optional": true,
                "computed": true
              },
              "member": {
                "type": "string",
                "required": true
              },
              "project": {
                "type": "string",
                "optional": true,
                "computed": true
              },
              "role": {
                "type": "string",
                "required": true
              }
            }
          }
        },
        "google_project_iam_policy": {
          "version": 0,
          "block": {
            "attributes": {
              "authoritative": {
                "type": "bool",
                "optional": true
              },
              "disable_project": {
                "type": "bool",
                "optional": true
              },
              "etag": {
                "type": "string",
                "computed": true
              },
              "id": {
                "type": "string",
                "optional": true,
                "computed": true
              },
              "policy_data": {
                "type": "string",
                "required": true
              },
              "project": {
                "type": "string",
                "required": true
              },
              "restore_policy": {
                "type": "string",
                "computed": true
              }
            }
          }
        },
        "google_project_organization_policy": {
          "version": 0,
          "block": {
            "attributes": {
              "constraint": {
                "type": "string",
                "required": true
              },
              "etag": {
                "type": "string",
                "computed": true
              },
              "id": {
                "type": "string",
                "optional": true,
                "computed": true
              },
              "project": {
                "type": "string",
                "required": true
              },
              "update_time": {
                "type": "string",
                "computed": true
              },
              "version": {
                "type": "number",
                "optional": true,
                "computed": true
              }
            },
            "block_types": {
              "boolean_policy": {
                "nesting_mode": "list",
                "block": {
                  "attributes": {
                    "enforced": {
                      "type": "bool",
                      "required": true
                    }
                  }
                },
                "max_items": 1
              },
              "list_policy": {
                "nesting_mode": "list",
                "block": {
                  "attributes": {
                    "inherit_from_parent": {
                      "type": "bool",
                      "optional": true
                    },
                    "suggested_value": {
                      "type": "string",
                      "optional": true,
                      "computed": true
                    }
                  },
                  "block_types": {
                    "allow": {
                      "nesting_mode": "list",
                      "block": {
                        "attributes": {
                          "all": {
                            "type": "bool",
                            "optional": true
                          },
                          "values": {
                            "type": ["set", "string"],
                            "optional": true
                          }
                        }
                      },
                      "max_items": 1
                    },
                    "deny": {
                      "nesting_mode": "list",
                      "block": {
                        "attributes": {
                          "all": {
                            "type": "bool",
                            "optional": true
                          },
                          "values": {
                            "type": ["set", "string"],
                            "optional": true
                          }
                        }
                      },
                      "max_items": 1
                    }
                  }
                },
                "max_items": 1
              },
              "restore_policy": {
                "nesting_mode": "list",
                "block": {
                  "attributes": {
                    "default": {
                      "type": "bool",
                      "required": true
                    }
                  }
                },
                "max_items": 1
              },
              "timeouts": {
                "nesting_mode": "single",
                "block": {
                  "attributes": {
                    "create": {
                      "type": "string",
                      "optional": true
                    },
                    "delete": {
                      "type": "string",
                      "optional": true
                    },
                    "read": {
                      "type": "string",
                      "optional": true
                    },
                    "update": {
                      "type": "string",
                      "optional": true
                    }
                  }
                }
              }
            }
          }
        },
        "google_project_service": {
          "version": 0,
          "block": {
            "attributes": {
              "disable_dependent_services": {
                "type": "bool",
                "optional": true
              },
              "disable_on_destroy": {
                "type": "bool",
                "optional": true
              },
              "id": {
                "type": "string",
                "optional": true,
                "computed": true
              },
              "project": {
                "type": "string",
                "optional": true,
                "computed": true
              },
              "service": {
                "type": "string",
                "required": true
              }
            },
            "block_types": {
              "timeouts": {
                "nesting_mode": "single",
                "block": {
                  "attributes": {
                    "create": {
                      "type": "string",
                      "optional": true
                    },
                    "delete": {
                      "type": "string",
                      "optional": true
                    },
                    "read": {
                      "type": "string",
                      "optional": true
                    },
                    "update": {
                      "type": "string",
                      "optional": true
                    }
                  }
                }
              }
            }
          }
        },
        "google_project_services": {
          "version": 0,
          "block": {
            "attributes": {
              "disable_on_destroy": {
                "type": "bool",
                "optional": true
              },
              "id": {
                "type": "string",
                "optional": true,
                "computed": true
              },
              "project": {
                "type": "string",
                "optional": true,
                "computed": true
              },
              "services": {
                "type": ["set", "string"],
                "required": true
              }
            },
            "block_types": {
              "timeouts": {
                "nesting_mode": "single",
                "block": {
                  "attributes": {
                    "create": {
                      "type": "string",
                      "optional": true
                    },
                    "delete": {
                      "type": "string",
                      "optional": true
                    },
                    "read": {
                      "type": "string",
                      "optional": true
                    },
                    "update": {
                      "type": "string",
                      "optional": true
                    }
                  }
                }
              }
            }
          }
        },
        "google_project_usage_export_bucket": {
          "version": 0,
          "block": {
            "attributes": {
              "bucket_name": {
                "type": "string",
                "required": true
              },
              "id": {
                "type": "string",
                "optional": true,
                "computed": true
              },
              "prefix": {
                "type": "string",
                "optional": true
              },
              "project": {
                "type": "string",
                "optional": true,
                "computed": true
              }
            }
          }
        },
        "google_pubsub_subscription": {
          "version": 0,
          "block": {
            "attributes": {
              "ack_deadline_seconds": {
                "type": "number",
                "optional": true,
                "computed": true
              },
              "id": {
                "type": "string",
                "optional": true,
                "computed": true
              },
              "labels": {
                "type": ["map", "string"],
                "optional": true
              },
              "message_retention_duration": {
                "type": "string",
                "optional": true
              },
              "name": {
                "type": "string",
                "required": true
              },
              "path": {
                "type": "string",
                "computed": true
              },
              "project": {
                "type": "string",
                "optional": true,
                "computed": true
              },
              "retain_acked_messages": {
                "type": "bool",
                "optional": true
              },
              "topic": {
                "type": "string",
                "required": true
              }
            },
            "block_types": {
              "expiration_policy": {
                "nesting_mode": "list",
                "block": {
                  "attributes": {
                    "ttl": {
                      "type": "string",
                      "optional": true
                    }
                  }
                },
                "max_items": 1
              },
              "push_config": {
                "nesting_mode": "list",
                "block": {
                  "attributes": {
                    "attributes": {
                      "type": ["map", "string"],
                      "optional": true
                    },
                    "push_endpoint": {
                      "type": "string",
                      "required": true
                    }
                  }
                },
                "max_items": 1
              },
              "timeouts": {
                "nesting_mode": "single",
                "block": {
                  "attributes": {
                    "create": {
                      "type": "string",
                      "optional": true
                    },
                    "delete": {
                      "type": "string",
                      "optional": true
                    },
                    "update": {
                      "type": "string",
                      "optional": true
                    }
                  }
                }
              }
            }
          }
        },
        "google_pubsub_subscription_iam_binding": {
          "version": 0,
          "block": {
            "attributes": {
              "etag": {
                "type": "string",
                "computed": true
              },
              "id": {
                "type": "string",
                "optional": true,
                "computed": true
              },
              "members": {
                "type": ["set", "string"],
                "required": true
              },
              "project": {
                "type": "string",
                "optional": true,
                "computed": true
              },
              "role": {
                "type": "string",
                "required": true
              },
              "subscription": {
                "type": "string",
                "required": true
              }
            }
          }
        },
        "google_pubsub_subscription_iam_member": {
          "version": 0,
          "block": {
            "attributes": {
              "etag": {
                "type": "string",
                "computed": true
              },
              "id": {
                "type": "string",
                "optional": true,
                "computed": true
              },
              "member": {
                "type": "string",
                "required": true
              },
              "project": {
                "type": "string",
                "optional": true,
                "computed": true
              },
              "role": {
                "type": "string",
                "required": true
              },
              "subscription": {
                "type": "string",
                "required": true
              }
            }
          }
        },
        "google_pubsub_subscription_iam_policy": {
          "version": 0,
          "block": {
            "attributes": {
              "etag": {
                "type": "string",
                "computed": true
              },
              "id": {
                "type": "string",
                "optional": true,
                "computed": true
              },
              "policy_data": {
                "type": "string",
                "required": true
              },
              "project": {
                "type": "string",
                "optional": true,
                "computed": true
              },
              "subscription": {
                "type": "string",
                "required": true
              }
            }
          }
        },
        "google_pubsub_topic": {
          "version": 0,
          "block": {
            "attributes": {
              "id": {
                "type": "string",
                "optional": true,
                "computed": true
              },
              "kms_key_name": {
                "type": "string",
                "optional": true
              },
              "labels": {
                "type": ["map", "string"],
                "optional": true
              },
              "name": {
                "type": "string",
                "required": true
              },
              "project": {
                "type": "string",
                "optional": true,
                "computed": true
              }
            },
            "block_types": {
              "message_storage_policy": {
                "nesting_mode": "list",
                "block": {
                  "attributes": {
                    "allowed_persistence_regions": {
                      "type": ["list", "string"],
                      "required": true
                    }
                  }
                },
                "max_items": 1
              },
              "timeouts": {
                "nesting_mode": "single",
                "block": {
                  "attributes": {
                    "create": {
                      "type": "string",
                      "optional": true
                    },
                    "delete": {
                      "type": "string",
                      "optional": true
                    },
                    "update": {
                      "type": "string",
                      "optional": true
                    }
                  }
                }
              }
            }
          }
        },
        "google_pubsub_topic_iam_binding": {
          "version": 0,
          "block": {
            "attributes": {
              "etag": {
                "type": "string",
                "computed": true
              },
              "id": {
                "type": "string",
                "optional": true,
                "computed": true
              },
              "members": {
                "type": ["set", "string"],
                "required": true
              },
              "project": {
                "type": "string",
                "optional": true,
                "computed": true
              },
              "role": {
                "type": "string",
                "required": true
              },
              "topic": {
                "type": "string",
                "required": true
              }
            }
          }
        },
        "google_pubsub_topic_iam_member": {
          "version": 0,
          "block": {
            "attributes": {
              "etag": {
                "type": "string",
                "computed": true
              },
              "id": {
                "type": "string",
                "optional": true,
                "computed": true
              },
              "member": {
                "type": "string",
                "required": true
              },
              "project": {
                "type": "string",
                "optional": true,
                "computed": true
              },
              "role": {
                "type": "string",
                "required": true
              },
              "topic": {
                "type": "string",
                "required": true
              }
            }
          }
        },
        "google_pubsub_topic_iam_policy": {
          "version": 0,
          "block": {
            "attributes": {
              "etag": {
                "type": "string",
                "computed": true
              },
              "id": {
                "type": "string",
                "optional": true,
                "computed": true
              },
              "policy_data": {
                "type": "string",
                "required": true
              },
              "project": {
                "type": "string",
                "optional": true,
                "computed": true
              },
              "topic": {
                "type": "string",
                "required": true
              }
            }
          }
        },
        "google_redis_instance": {
          "version": 0,
          "block": {
            "attributes": {
              "alternative_location_id": {
                "type": "string",
                "optional": true,
                "computed": true
              },
              "authorized_network": {
                "type": "string",
                "optional": true,
                "computed": true
              },
              "create_time": {
                "type": "string",
                "computed": true
              },
              "current_location_id": {
                "type": "string",
                "computed": true
              },
              "display_name": {
                "type": "string",
                "optional": true
              },
              "host": {
                "type": "string",
                "computed": true
              },
              "id": {
                "type": "string",
                "optional": true,
                "computed": true
              },
              "labels": {
                "type": ["map", "string"],
                "optional": true
              },
              "location_id": {
                "type": "string",
                "optional": true,
                "computed": true
              },
              "memory_size_gb": {
                "type": "number",
                "required": true
              },
              "name": {
                "type": "string",
                "required": true
              },
              "port": {
                "type": "number",
                "computed": true
              },
              "project": {
                "type": "string",
                "optional": true,
                "computed": true
              },
              "redis_configs": {
                "type": ["map", "string"],
                "optional": true
              },
              "redis_version": {
                "type": "string",
                "optional": true,
                "computed": true
              },
              "region": {
                "type": "string",
                "optional": true,
                "computed": true
              },
              "reserved_ip_range": {
                "type": "string",
                "optional": true,
                "computed": true
              },
              "tier": {
                "type": "string",
                "optional": true
              }
            },
            "block_types": {
              "timeouts": {
                "nesting_mode": "single",
                "block": {
                  "attributes": {
                    "create": {
                      "type": "string",
                      "optional": true
                    },
                    "delete": {
                      "type": "string",
                      "optional": true
                    },
                    "update": {
                      "type": "string",
                      "optional": true
                    }
                  }
                }
              }
            }
          }
        },
        "google_resource_manager_lien": {
          "version": 0,
          "block": {
            "attributes": {
              "create_time": {
                "type": "string",
                "computed": true
              },
              "id": {
                "type": "string",
                "optional": true,
                "computed": true
              },
              "name": {
                "type": "string",
                "computed": true
              },
              "origin": {
                "type": "string",
                "required": true
              },
              "parent": {
                "type": "string",
                "required": true
              },
              "reason": {
                "type": "string",
                "required": true
              },
              "restrictions": {
                "type": ["list", "string"],
                "required": true
              }
            },
            "block_types": {
              "timeouts": {
                "nesting_mode": "single",
                "block": {
                  "attributes": {
                    "create": {
                      "type": "string",
                      "optional": true
                    },
                    "delete": {
                      "type": "string",
                      "optional": true
                    }
                  }
                }
              }
            }
          }
        },
        "google_runtimeconfig_config": {
          "version": 0,
          "block": {
            "attributes": {
              "description": {
                "type": "string",
                "optional": true
              },
              "id": {
                "type": "string",
                "optional": true,
                "computed": true
              },
              "name": {
                "type": "string",
                "required": true
              },
              "project": {
                "type": "string",
                "optional": true,
                "computed": true
              }
            }
          }
        },
        "google_runtimeconfig_config_iam_binding": {
          "version": 0,
          "block": {
            "attributes": {
              "config": {
                "type": "string",
                "required": true
              },
              "etag": {
                "type": "string",
                "computed": true
              },
              "id": {
                "type": "string",
                "optional": true,
                "computed": true
              },
              "members": {
                "type": ["set", "string"],
                "required": true
              },
              "project": {
                "type": "string",
                "optional": true,
                "computed": true
              },
              "role": {
                "type": "string",
                "required": true
              }
            }
          }
        },
        "google_runtimeconfig_config_iam_member": {
          "version": 0,
          "block": {
            "attributes": {
              "config": {
                "type": "string",
                "required": true
              },
              "etag": {
                "type": "string",
                "computed": true
              },
              "id": {
                "type": "string",
                "optional": true,
                "computed": true
              },
              "member": {
                "type": "string",
                "required": true
              },
              "project": {
                "type": "string",
                "optional": true,
                "computed": true
              },
              "role": {
                "type": "string",
                "required": true
              }
            }
          }
        },
        "google_runtimeconfig_config_iam_policy": {
          "version": 0,
          "block": {
            "attributes": {
              "config": {
                "type": "string",
                "required": true
              },
              "etag": {
                "type": "string",
                "computed": true
              },
              "id": {
                "type": "string",
                "optional": true,
                "computed": true
              },
              "policy_data": {
                "type": "string",
                "required": true
              },
              "project": {
                "type": "string",
                "optional": true,
                "computed": true
              }
            }
          }
        },
        "google_runtimeconfig_variable": {
          "version": 0,
          "block": {
            "attributes": {
              "id": {
                "type": "string",
                "optional": true,
                "computed": true
              },
              "name": {
                "type": "string",
                "required": true
              },
              "parent": {
                "type": "string",
                "required": true
              },
              "project": {
                "type": "string",
                "optional": true,
                "computed": true
              },
              "text": {
                "type": "string",
                "optional": true
              },
              "update_time": {
                "type": "string",
                "computed": true
              },
              "value": {
                "type": "string",
                "optional": true
              }
            }
          }
        },
        "google_scc_source": {
          "version": 0,
          "block": {
            "attributes": {
              "description": {
                "type": "string",
                "optional": true
              },
              "display_name": {
                "type": "string",
                "required": true
              },
              "id": {
                "type": "string",
                "optional": true,
                "computed": true
              },
              "name": {
                "type": "string",
                "computed": true
              },
              "organization": {
                "type": "string",
                "required": true
              }
            },
            "block_types": {
              "timeouts": {
                "nesting_mode": "single",
                "block": {
                  "attributes": {
                    "create": {
                      "type": "string",
                      "optional": true
                    },
                    "delete": {
                      "type": "string",
                      "optional": true
                    },
                    "update": {
                      "type": "string",
                      "optional": true
                    }
                  }
                }
              }
            }
          }
        },
        "google_service_account": {
          "version": 0,
          "block": {
            "attributes": {
              "account_id": {
                "type": "string",
                "required": true
              },
              "display_name": {
                "type": "string",
                "optional": true
              },
              "email": {
                "type": "string",
                "computed": true
              },
              "id": {
                "type": "string",
                "optional": true,
                "computed": true
              },
              "name": {
                "type": "string",
                "computed": true
              },
              "policy_data": {
                "type": "string",
                "optional": true
              },
              "project": {
                "type": "string",
                "optional": true,
                "computed": true
              },
              "unique_id": {
                "type": "string",
                "computed": true
              }
            }
          }
        },
        "google_service_account_iam_binding": {
          "version": 0,
          "block": {
            "attributes": {
              "etag": {
                "type": "string",
                "computed": true
              },
              "id": {
                "type": "string",
                "optional": true,
                "computed": true
              },
              "members": {
                "type": ["set", "string"],
                "required": true
              },
              "role": {
                "type": "string",
                "required": true
              },
              "service_account_id": {
                "type": "string",
                "required": true
              }
            }
          }
        },
        "google_service_account_iam_member": {
          "version": 0,
          "block": {
            "attributes": {
              "etag": {
                "type": "string",
                "computed": true
              },
              "id": {
                "type": "string",
                "optional": true,
                "computed": true
              },
              "member": {
                "type": "string",
                "required": true
              },
              "role": {
                "type": "string",
                "required": true
              },
              "service_account_id": {
                "type": "string",
                "required": true
              }
            }
          }
        },
        "google_service_account_iam_policy": {
          "version": 0,
          "block": {
            "attributes": {
              "etag": {
                "type": "string",
                "computed": true
              },
              "id": {
                "type": "string",
                "optional": true,
                "computed": true
              },
              "policy_data": {
                "type": "string",
                "required": true
              },
              "service_account_id": {
                "type": "string",
                "required": true
              }
            }
          }
        },
        "google_service_account_key": {
          "version": 0,
          "block": {
            "attributes": {
              "id": {
                "type": "string",
                "optional": true,
                "computed": true
              },
              "key_algorithm": {
                "type": "string",
                "optional": true
              },
              "name": {
                "type": "string",
                "computed": true
              },
              "pgp_key": {
                "type": "string",
                "optional": true
              },
              "private_key": {
                "type": "string",
                "computed": true,
                "sensitive": true
              },
              "private_key_encrypted": {
                "type": "string",
                "computed": true
              },
              "private_key_fingerprint": {
                "type": "string",
                "computed": true
              },
              "private_key_type": {
                "type": "string",
                "optional": true
              },
              "public_key": {
                "type": "string",
                "computed": true
              },
              "public_key_type": {
                "type": "string",
                "optional": true
              },
              "service_account_id": {
                "type": "string",
                "required": true
              },
              "valid_after": {
                "type": "string",
                "computed": true
              },
              "valid_before": {
                "type": "string",
                "computed": true
              }
            }
          }
        },
        "google_service_networking_connection": {
          "version": 0,
          "block": {
            "attributes": {
              "id": {
                "type": "string",
                "optional": true,
                "computed": true
              },
              "network": {
                "type": "string",
                "required": true
              },
              "peering": {
                "type": "string",
                "computed": true
              },
              "reserved_peering_ranges": {
                "type": ["list", "string"],
                "required": true
              },
              "service": {
                "type": "string",
                "required": true
              }
            }
          }
        },
        "google_sourcerepo_repository": {
          "version": 0,
          "block": {
            "attributes": {
              "id": {
                "type": "string",
                "optional": true,
                "computed": true
              },
              "name": {
                "type": "string",
                "required": true
              },
              "project": {
                "type": "string",
                "optional": true,
                "computed": true
              },
              "size": {
                "type": "number",
                "computed": true
              },
              "url": {
                "type": "string",
                "computed": true
              }
            },
            "block_types": {
              "timeouts": {
                "nesting_mode": "single",
                "block": {
                  "attributes": {
                    "create": {
                      "type": "string",
                      "optional": true
                    },
                    "delete": {
                      "type": "string",
                      "optional": true
                    }
                  }
                }
              }
            }
          }
        },
        "google_sourcerepo_repository_iam_binding": {
          "version": 0,
          "block": {
            "attributes": {
              "etag": {
                "type": "string",
                "computed": true
              },
              "id": {
                "type": "string",
                "optional": true,
                "computed": true
              },
              "members": {
                "type": ["set", "string"],
                "required": true
              },
              "project": {
                "type": "string",
                "optional": true,
                "computed": true
              },
              "repository": {
                "type": "string",
                "required": true
              },
              "role": {
                "type": "string",
                "required": true
              }
            }
          }
        },
        "google_sourcerepo_repository_iam_member": {
          "version": 0,
          "block": {
            "attributes": {
              "etag": {
                "type": "string",
                "computed": true
              },
              "id": {
                "type": "string",
                "optional": true,
                "computed": true
              },
              "member": {
                "type": "string",
                "required": true
              },
              "project": {
                "type": "string",
                "optional": true,
                "computed": true
              },
              "repository": {
                "type": "string",
                "required": true
              },
              "role": {
                "type": "string",
                "required": true
              }
            }
          }
        },
        "google_sourcerepo_repository_iam_policy": {
          "version": 0,
          "block": {
            "attributes": {
              "etag": {
                "type": "string",
                "computed": true
              },
              "id": {
                "type": "string",
                "optional": true,
                "computed": true
              },
              "policy_data": {
                "type": "string",
                "required": true
              },
              "project": {
                "type": "string",
                "optional": true,
                "computed": true
              },
              "repository": {
                "type": "string",
                "required": true
              }
            }
          }
        },
        "google_spanner_database": {
          "version": 0,
          "block": {
            "attributes": {
              "ddl": {
                "type": ["list", "string"],
                "optional": true
              },
              "id": {
                "type": "string",
                "optional": true,
                "computed": true
              },
              "instance": {
                "type": "string",
                "required": true
              },
              "name": {
                "type": "string",
                "required": true
              },
              "project": {
                "type": "string",
                "optional": true,
                "computed": true
              },
              "state": {
                "type": "string",
                "computed": true
              }
            },
            "block_types": {
              "timeouts": {
                "nesting_mode": "single",
                "block": {
                  "attributes": {
                    "create": {
                      "type": "string",
                      "optional": true
                    },
                    "delete": {
                      "type": "string",
                      "optional": true
                    }
                  }
                }
              }
            }
          }
        },
        "google_spanner_database_iam_binding": {
          "version": 0,
          "block": {
            "attributes": {
              "database": {
                "type": "string",
                "required": true
              },
              "etag": {
                "type": "string",
                "computed": true
              },
              "id": {
                "type": "string",
                "optional": true,
                "computed": true
              },
              "instance": {
                "type": "string",
                "required": true
              },
              "members": {
                "type": ["set", "string"],
                "required": true
              },
              "project": {
                "type": "string",
                "optional": true,
                "computed": true
              },
              "role": {
                "type": "string",
                "required": true
              }
            }
          }
        },
        "google_spanner_database_iam_member": {
          "version": 0,
          "block": {
            "attributes": {
              "database": {
                "type": "string",
                "required": true
              },
              "etag": {
                "type": "string",
                "computed": true
              },
              "id": {
                "type": "string",
                "optional": true,
                "computed": true
              },
              "instance": {
                "type": "string",
                "required": true
              },
              "member": {
                "type": "string",
                "required": true
              },
              "project": {
                "type": "string",
                "optional": true,
                "computed": true
              },
              "role": {
                "type": "string",
                "required": true
              }
            }
          }
        },
        "google_spanner_database_iam_policy": {
          "version": 0,
          "block": {
            "attributes": {
              "database": {
                "type": "string",
                "required": true
              },
              "etag": {
                "type": "string",
                "computed": true
              },
              "id": {
                "type": "string",
                "optional": true,
                "computed": true
              },
              "instance": {
                "type": "string",
                "required": true
              },
              "policy_data": {
                "type": "string",
                "required": true
              },
              "project": {
                "type": "string",
                "optional": true,
                "computed": true
              }
            }
          }
        },
        "google_spanner_instance": {
          "version": 0,
          "block": {
            "attributes": {
              "config": {
                "type": "string",
                "required": true
              },
              "display_name": {
                "type": "string",
                "required": true
              },
              "id": {
                "type": "string",
                "optional": true,
                "computed": true
              },
              "labels": {
                "type": ["map", "string"],
                "optional": true
              },
              "name": {
                "type": "string",
                "optional": true,
                "computed": true
              },
              "num_nodes": {
                "type": "number",
                "optional": true
              },
              "project": {
                "type": "string",
                "optional": true,
                "computed": true
              },
              "state": {
                "type": "string",
                "computed": true
              }
            },
            "block_types": {
              "timeouts": {
                "nesting_mode": "single",
                "block": {
                  "attributes": {
                    "create": {
                      "type": "string",
                      "optional": true
                    },
                    "delete": {
                      "type": "string",
                      "optional": true
                    },
                    "update": {
                      "type": "string",
                      "optional": true
                    }
                  }
                }
              }
            }
          }
        },
        "google_spanner_instance_iam_binding": {
          "version": 0,
          "block": {
            "attributes": {
              "etag": {
                "type": "string",
                "computed": true
              },
              "id": {
                "type": "string",
                "optional": true,
                "computed": true
              },
              "instance": {
                "type": "string",
                "required": true
              },
              "members": {
                "type": ["set", "string"],
                "required": true
              },
              "project": {
                "type": "string",
                "optional": true,
                "computed": true
              },
              "role": {
                "type": "string",
                "required": true
              }
            }
          }
        },
        "google_spanner_instance_iam_member": {
          "version": 0,
          "block": {
            "attributes": {
              "etag": {
                "type": "string",
                "computed": true
              },
              "id": {
                "type": "string",
                "optional": true,
                "computed": true
              },
              "instance": {
                "type": "string",
                "required": true
              },
              "member": {
                "type": "string",
                "required": true
              },
              "project": {
                "type": "string",
                "optional": true,
                "computed": true
              },
              "role": {
                "type": "string",
                "required": true
              }
            }
          }
        },
        "google_spanner_instance_iam_policy": {
          "version": 0,
          "block": {
            "attributes": {
              "etag": {
                "type": "string",
                "computed": true
              },
              "id": {
                "type": "string",
                "optional": true,
                "computed": true
              },
              "instance": {
                "type": "string",
                "required": true
              },
              "policy_data": {
                "type": "string",
                "required": true
              },
              "project": {
                "type": "string",
                "optional": true,
                "computed": true
              }
            }
          }
        },
        "google_sql_database": {
          "version": 0,
          "block": {
            "attributes": {
              "charset": {
                "type": "string",
                "optional": true,
                "computed": true
              },
              "collation": {
                "type": "string",
                "optional": true,
                "computed": true
              },
              "id": {
                "type": "string",
                "optional": true,
                "computed": true
              },
              "instance": {
                "type": "string",
                "required": true
              },
              "name": {
                "type": "string",
                "required": true
              },
              "project": {
                "type": "string",
                "optional": true,
                "computed": true
              },
              "self_link": {
                "type": "string",
                "computed": true
              }
            },
            "block_types": {
              "timeouts": {
                "nesting_mode": "single",
                "block": {
                  "attributes": {
                    "create": {
                      "type": "string",
                      "optional": true
                    },
                    "delete": {
                      "type": "string",
                      "optional": true
                    },
                    "update": {
                      "type": "string",
                      "optional": true
                    }
                  }
                }
              }
            }
          }
        },
        "google_sql_database_instance": {
          "version": 0,
          "block": {
            "attributes": {
              "connection_name": {
                "type": "string",
                "computed": true
              },
              "database_version": {
                "type": "string",
                "optional": true
              },
              "first_ip_address": {
                "type": "string",
                "computed": true
              },
              "id": {
                "type": "string",
                "optional": true,
                "computed": true
              },
              "ip_address": {
                "type": ["list", ["object", {
                      "ip_address": "string",
                      "time_to_retire": "string",
                      "type": "string"
                    }
                  ]],
                "computed": true
              },
              "master_instance_name": {
                "type": "string",
                "optional": true,
                "computed": true
              },
              "name": {
                "type": "string",
                "optional": true,
                "computed": true
              },
              "private_ip_address": {
                "type": "string",
                "computed": true
              },
              "project": {
                "type": "string",
                "optional": true,
                "computed": true
              },
              "public_ip_address": {
                "type": "string",
                "computed": true
              },
              "region": {
                "type": "string",
                "optional": true,
                "computed": true
              },
              "self_link": {
                "type": "string",
                "computed": true
              },
              "server_ca_cert": {
                "type": ["list", ["object", {
                      "cert": "string",
                      "common_name": "string",
                      "create_time": "string",
                      "expiration_time": "string",
                      "sha1_fingerprint": "string"
                    }
                  ]],
                "computed": true
              },
              "service_account_email_address": {
                "type": "string",
                "computed": true
              }
            },
            "block_types": {
              "replica_configuration": {
                "nesting_mode": "list",
                "block": {
                  "attributes": {
                    "ca_certificate": {
                      "type": "string",
                      "optional": true
                    },
                    "client_certificate": {
                      "type": "string",
                      "optional": true
                    },
                    "client_key": {
                      "type": "string",
                      "optional": true
                    },
                    "connect_retry_interval": {
                      "type": "number",
                      "optional": true
                    },
                    "dump_file_path": {
                      "type": "string",
                      "optional": true
                    },
                    "failover_target": {
                      "type": "bool",
                      "optional": true
                    },
                    "master_heartbeat_period": {
                      "type": "number",
                      "optional": true
                    },
                    "password": {
                      "type": "string",
                      "optional": true,
                      "sensitive": true
                    },
                    "ssl_cipher": {
                      "type": "string",
                      "optional": true
                    },
                    "username": {
                      "type": "string",
                      "optional": true
                    },
                    "verify_server_certificate": {
                      "type": "bool",
                      "optional": true
                    }
                  }
                },
                "max_items": 1
              },
              "settings": {
                "nesting_mode": "list",
                "block": {
                  "attributes": {
                    "activation_policy": {
                      "type": "string",
                      "optional": true,
                      "computed": true
                    },
                    "authorized_gae_applications": {
                      "type": ["list", "string"],
                      "optional": true
                    },
                    "availability_type": {
                      "type": "string",
                      "optional": true,
                      "computed": true
                    },
                    "crash_safe_replication": {
                      "type": "bool",
                      "optional": true,
                      "computed": true
                    },
                    "disk_autoresize": {
                      "type": "bool",
                      "optional": true
                    },
                    "disk_size": {
                      "type": "number",
                      "optional": true,
                      "computed": true
                    },
                    "disk_type": {
                      "type": "string",
                      "optional": true,
                      "computed": true
                    },
                    "pricing_plan": {
                      "type": "string",
                      "optional": true
                    },
                    "replication_type": {
                      "type": "string",
                      "optional": true
                    },
                    "tier": {
                      "type": "string",
                      "required": true
                    },
                    "user_labels": {
                      "type": ["map", "string"],
                      "optional": true
                    },
                    "version": {
                      "type": "number",
                      "computed": true
                    }
                  },
                  "block_types": {
                    "backup_configuration": {
                      "nesting_mode": "list",
                      "block": {
                        "attributes": {
                          "binary_log_enabled": {
                            "type": "bool",
                            "optional": true
                          },
                          "enabled": {
                            "type": "bool",
                            "optional": true
                          },
                          "location": {
                            "type": "string",
                            "optional": true
                          },
                          "start_time": {
                            "type": "string",
                            "optional": true,
                            "computed": true
                          }
                        }
                      },
                      "max_items": 1
                    },
                    "database_flags": {
                      "nesting_mode": "list",
                      "block": {
                        "attributes": {
                          "name": {
                            "type": "string",
                            "optional": true
                          },
                          "value": {
                            "type": "string",
                            "optional": true
                          }
                        }
                      }
                    },
                    "ip_configuration": {
                      "nesting_mode": "list",
                      "block": {
                        "attributes": {
                          "ipv4_enabled": {
                            "type": "bool",
                            "optional": true,
                            "computed": true
                          },
                          "private_network": {
                            "type": "string",
                            "optional": true
                          },
                          "require_ssl": {
                            "type": "bool",
                            "optional": true
                          }
                        },
                        "block_types": {
                          "authorized_networks": {
                            "nesting_mode": "set",
                            "block": {
                              "attributes": {
                                "expiration_time": {
                                  "type": "string",
                                  "optional": true
                                },
                                "name": {
                                  "type": "string",
                                  "optional": true
                                },
                                "value": {
                                  "type": "string",
                                  "optional": true
                                }
                              }
                            }
                          }
                        }
                      },
                      "max_items": 1
                    },
                    "location_preference": {
                      "nesting_mode": "list",
                      "block": {
                        "attributes": {
                          "follow_gae_application": {
                            "type": "string",
                            "optional": true
                          },
                          "zone": {
                            "type": "string",
                            "optional": true
                          }
                        }
                      },
                      "max_items": 1
                    },
                    "maintenance_window": {
                      "nesting_mode": "list",
                      "block": {
                        "attributes": {
                          "day": {
                            "type": "number",
                            "optional": true
                          },
                          "hour": {
                            "type": "number",
                            "optional": true
                          },
                          "update_track": {
                            "type": "string",
                            "optional": true
                          }
                        }
                      },
                      "max_items": 1
                    }
                  }
                },
                "min_items": 1,
                "max_items": 1
              },
              "timeouts": {
                "nesting_mode": "single",
                "block": {
                  "attributes": {
                    "create": {
                      "type": "string",
                      "optional": true
                    },
                    "delete": {
                      "type": "string",
                      "optional": true
                    },
                    "update": {
                      "type": "string",
                      "optional": true
                    }
                  }
                }
              }
            }
          }
        },
        "google_sql_ssl_cert": {
          "version": 1,
          "block": {
            "attributes": {
              "cert": {
                "type": "string",
                "computed": true
              },
              "cert_serial_number": {
                "type": "string",
                "computed": true
              },
              "common_name": {
                "type": "string",
                "required": true
              },
              "create_time": {
                "type": "string",
                "computed": true
              },
              "expiration_time": {
                "type": "string",
                "computed": true
              },
              "id": {
                "type": "string",
                "optional": true,
                "computed": true
              },
              "instance": {
                "type": "string",
                "required": true
              },
              "private_key": {
                "type": "string",
                "computed": true,
                "sensitive": true
              },
              "project": {
                "type": "string",
                "optional": true,
                "computed": true
              },
              "server_ca_cert": {
                "type": "string",
                "computed": true
              },
              "sha1_fingerprint": {
                "type": "string",
                "computed": true
              }
            }
          }
        },
        "google_sql_user": {
          "version": 1,
          "block": {
            "attributes": {
              "host": {
                "type": "string",
                "optional": true
              },
              "id": {
                "type": "string",
                "optional": true,
                "computed": true
              },
              "instance": {
                "type": "string",
                "required": true
              },
              "name": {
                "type": "string",
                "required": true
              },
              "password": {
                "type": "string",
                "optional": true,
                "sensitive": true
              },
              "project": {
                "type": "string",
                "optional": true,
                "computed": true
              }
            }
          }
        },
        "google_storage_bucket": {
          "version": 0,
          "block": {
            "attributes": {
              "bucket_policy_only": {
                "type": "bool",
                "optional": true,
                "computed": true
              },
              "force_destroy": {
                "type": "bool",
                "optional": true
              },
              "id": {
                "type": "string",
                "optional": true,
                "computed": true
              },
              "labels": {
                "type": ["map", "string"],
                "optional": true
              },
              "location": {
                "type": "string",
                "optional": true
              },
              "name": {
                "type": "string",
                "required": true
              },
              "predefined_acl": {
                "type": "string",
                "optional": true
              },
              "project": {
                "type": "string",
                "optional": true,
                "computed": true
              },
              "requester_pays": {
                "type": "bool",
                "optional": true
              },
              "self_link": {
                "type": "string",
                "computed": true
              },
              "storage_class": {
                "type": "string",
                "optional": true
              },
              "url": {
                "type": "string",
                "computed": true
              }
            },
            "block_types": {
              "cors": {
                "nesting_mode": "list",
                "block": {
                  "attributes": {
                    "max_age_seconds": {
                      "type": "number",
                      "optional": true
                    },
                    "method": {
                      "type": ["list", "string"],
                      "optional": true
                    },
                    "origin": {
                      "type": ["list", "string"],
                      "optional": true
                    },
                    "response_header": {
                      "type": ["list", "string"],
                      "optional": true
                    }
                  }
                }
              },
              "encryption": {
                "nesting_mode": "list",
                "block": {
                  "attributes": {
                    "default_kms_key_name": {
                      "type": "string",
                      "required": true
                    }
                  }
                },
                "max_items": 1
              },
              "lifecycle_rule": {
                "nesting_mode": "list",
                "block": {
                  "block_types": {
                    "action": {
                      "nesting_mode": "set",
                      "block": {
                        "attributes": {
                          "storage_class": {
                            "type": "string",
                            "optional": true
                          },
                          "type": {
                            "type": "string",
                            "required": true
                          }
                        }
                      },
                      "min_items": 1,
                      "max_items": 1
                    },
                    "condition": {
                      "nesting_mode": "set",
                      "block": {
                        "attributes": {
                          "age": {
                            "type": "number",
                            "optional": true
                          },
                          "created_before": {
                            "type": "string",
                            "optional": true
                          },
                          "is_live": {
                            "type": "bool",
                            "optional": true,
                            "computed": true
                          },
                          "matches_storage_class": {
                            "type": ["list", "string"],
                            "optional": true
                          },
                          "num_newer_versions": {
                            "type": "number",
                            "optional": true
                          },
                          "with_state": {
                            "type": "string",
                            "optional": true,
                            "computed": true
                          }
                        }
                      },
                      "min_items": 1,
                      "max_items": 1
                    }
                  }
                },
                "max_items": 100
              },
              "logging": {
                "nesting_mode": "list",
                "block": {
                  "attributes": {
                    "log_bucket": {
                      "type": "string",
                      "required": true
                    },
                    "log_object_prefix": {
                      "type": "string",
                      "optional": true,
                      "computed": true
                    }
                  }
                },
                "max_items": 1
              },
              "retention_policy": {
                "nesting_mode": "list",
                "block": {
                  "attributes": {
                    "is_locked": {
                      "type": "bool",
                      "optional": true
                    },
                    "retention_period": {
                      "type": "number",
                      "required": true
                    }
                  }
                },
                "max_items": 1
              },
              "versioning": {
                "nesting_mode": "list",
                "block": {
                  "attributes": {
                    "enabled": {
                      "type": "bool",
                      "optional": true
                    }
                  }
                },
                "max_items": 1
              },
              "website": {
                "nesting_mode": "list",
                "block": {
                  "attributes": {
                    "main_page_suffix": {
                      "type": "string",
                      "optional": true
                    },
                    "not_found_page": {
                      "type": "string",
                      "optional": true
                    }
                  }
                },
                "max_items": 1
              }
            }
          }
        },
        "google_storage_bucket_access_control": {
          "version": 0,
          "block": {
            "attributes": {
              "bucket": {
                "type": "string",
                "required": true
              },
              "domain": {
                "type": "string",
                "computed": true
              },
              "email": {
                "type": "string",
                "computed": true
              },
              "entity": {
                "type": "string",
                "required": true
              },
              "id": {
                "type": "string",
                "optional": true,
                "computed": true
              },
              "role": {
                "type": "string",
                "optional": true
              }
            },
            "block_types": {
              "timeouts": {
                "nesting_mode": "single",
                "block": {
                  "attributes": {
                    "create": {
                      "type": "string",
                      "optional": true
                    },
                    "delete": {
                      "type": "string",
                      "optional": true
                    },
                    "update": {
                      "type": "string",
                      "optional": true
                    }
                  }
                }
              }
            }
          }
        },
        "google_storage_bucket_acl": {
          "version": 0,
          "block": {
            "attributes": {
              "bucket": {
                "type": "string",
                "required": true
              },
              "default_acl": {
                "type": "string",
                "optional": true
              },
              "id": {
                "type": "string",
                "optional": true,
                "computed": true
              },
              "predefined_acl": {
                "type": "string",
                "optional": true
              },
              "role_entity": {
                "type": ["list", "string"],
                "optional": true,
                "computed": true
              }
            }
          }
        },
        "google_storage_bucket_iam_binding": {
          "version": 0,
          "block": {
            "attributes": {
              "bucket": {
                "type": "string",
                "required": true
              },
              "etag": {
                "type": "string",
                "computed": true
              },
              "id": {
                "type": "string",
                "optional": true,
                "computed": true
              },
              "members": {
                "type": ["set", "string"],
                "required": true
              },
              "role": {
                "type": "string",
                "required": true
              }
            }
          }
        },
        "google_storage_bucket_iam_member": {
          "version": 0,
          "block": {
            "attributes": {
              "bucket": {
                "type": "string",
                "required": true
              },
              "etag": {
                "type": "string",
                "computed": true
              },
              "id": {
                "type": "string",
                "optional": true,
                "computed": true
              },
              "member": {
                "type": "string",
                "required": true
              },
              "role": {
                "type": "string",
                "required": true
              }
            }
          }
        },
        "google_storage_bucket_iam_policy": {
          "version": 0,
          "block": {
            "attributes": {
              "bucket": {
                "type": "string",
                "required": true
              },
              "etag": {
                "type": "string",
                "computed": true
              },
              "id": {
                "type": "string",
                "optional": true,
                "computed": true
              },
              "policy_data": {
                "type": "string",
                "required": true
              }
            }
          }
        },
        "google_storage_bucket_object": {
          "version": 0,
          "block": {
            "attributes": {
              "bucket": {
                "type": "string",
                "required": true
              },
              "cache_control": {
                "type": "string",
                "optional": true
              },
              "content": {
                "type": "string",
                "optional": true,
                "sensitive": true
              },
              "content_disposition": {
                "type": "string",
                "optional": true
              },
              "content_encoding": {
                "type": "string",
                "optional": true
              },
              "content_language": {
                "type": "string",
                "optional": true
              },
              "content_type": {
                "type": "string",
                "optional": true,
                "computed": true
              },
              "crc32c": {
                "type": "string",
                "computed": true
              },
              "detect_md5hash": {
                "type": "string",
                "optional": true
              },
              "id": {
                "type": "string",
                "optional": true,
                "computed": true
              },
              "md5hash": {
                "type": "string",
                "computed": true
              },
              "name": {
                "type": "string",
                "required": true
              },
              "output_name": {
                "type": "string",
                "computed": true
              },
              "predefined_acl": {
                "type": "string",
                "optional": true
              },
              "self_link": {
                "type": "string",
                "computed": true
              },
              "source": {
                "type": "string",
                "optional": true
              },
              "storage_class": {
                "type": "string",
                "optional": true,
                "computed": true
              }
            }
          }
        },
        "google_storage_default_object_access_control": {
          "version": 0,
          "block": {
            "attributes": {
              "bucket": {
                "type": "string",
                "required": true
              },
              "domain": {
                "type": "string",
                "computed": true
              },
              "email": {
                "type": "string",
                "computed": true
              },
              "entity": {
                "type": "string",
                "required": true
              },
              "entity_id": {
                "type": "string",
                "computed": true
              },
              "generation": {
                "type": "number",
                "computed": true
              },
              "id": {
                "type": "string",
                "optional": true,
                "computed": true
              },
              "object": {
                "type": "string",
                "optional": true
              },
              "project_team": {
                "type": ["list", ["object", {
                      "project_number": "string",
                      "team": "string"
                    }
                  ]],
                "computed": true
              },
              "role": {
                "type": "string",
                "required": true
              }
            },
            "block_types": {
              "timeouts": {
                "nesting_mode": "single",
                "block": {
                  "attributes": {
                    "create": {
                      "type": "string",
                      "optional": true
                    },
                    "delete": {
                      "type": "string",
                      "optional": true
                    },
                    "update": {
                      "type": "string",
                      "optional": true
                    }
                  }
                }
              }
            }
          }
        },
        "google_storage_default_object_acl": {
          "version": 0,
          "block": {
            "attributes": {
              "bucket": {
                "type": "string",
                "required": true
              },
              "id": {
                "type": "string",
                "optional": true,
                "computed": true
              },
              "role_entity": {
                "type": ["set", "string"],
                "optional": true,
                "computed": true
              }
            }
          }
        },
        "google_storage_notification": {
          "version": 0,
          "block": {
            "attributes": {
              "bucket": {
                "type": "string",
                "required": true
              },
              "custom_attributes": {
                "type": ["map", "string"],
                "optional": true
              },
              "event_types": {
                "type": ["set", "string"],
                "optional": true
              },
              "id": {
                "type": "string",
                "optional": true,
                "computed": true
              },
              "object_name_prefix": {
                "type": "string",
                "optional": true
              },
              "payload_format": {
                "type": "string",
                "required": true
              },
              "self_link": {
                "type": "string",
                "computed": true
              },
              "topic": {
                "type": "string",
                "required": true
              }
            }
          }
        },
        "google_storage_object_access_control": {
          "version": 0,
          "block": {
            "attributes": {
              "bucket": {
                "type": "string",
                "required": true
              },
              "domain": {
                "type": "string",
                "computed": true
              },
              "email": {
                "type": "string",
                "computed": true
              },
              "entity": {
                "type": "string",
                "required": true
              },
              "entity_id": {
                "type": "string",
                "computed": true
              },
              "generation": {
                "type": "number",
                "computed": true
              },
              "id": {
                "type": "string",
                "optional": true,
                "computed": true
              },
              "object": {
                "type": "string",
                "required": true
              },
              "project_team": {
                "type": ["list", ["object", {
                      "project_number": "string",
                      "team": "string"
                    }
                  ]],
                "computed": true
              },
              "role": {
                "type": "string",
                "required": true
              }
            },
            "block_types": {
              "timeouts": {
                "nesting_mode": "single",
                "block": {
                  "attributes": {
                    "create": {
                      "type": "string",
                      "optional": true
                    },
                    "delete": {
                      "type": "string",
                      "optional": true
                    },
                    "update": {
                      "type": "string",
                      "optional": true
                    }
                  }
                }
              }
            }
          }
        },
        "google_storage_object_acl": {
          "version": 0,
          "block": {
            "attributes": {
              "bucket": {
                "type": "string",
                "required": true
              },
              "id": {
                "type": "string",
                "optional": true,
                "computed": true
              },
              "object": {
                "type": "string",
                "required": true
              },
              "predefined_acl": {
                "type": "string",
                "optional": true
              },
              "role_entity": {
                "type": ["set", "string"],
                "optional": true,
                "computed": true
              }
            }
          }
        },
        "google_storage_transfer_job": {
          "version": 0,
          "block": {
            "attributes": {
              "creation_time": {
                "type": "string",
                "computed": true
              },
              "deletion_time": {
                "type": "string",
                "computed": true
              },
              "description": {
                "type": "string",
                "required": true
              },
              "id": {
                "type": "string",
                "optional": true,
                "computed": true
              },
              "last_modification_time": {
                "type": "string",
                "computed": true
              },
              "name": {
                "type": "string",
                "computed": true
              },
              "project": {
                "type": "string",
                "optional": true,
                "computed": true
              },
              "status": {
                "type": "string",
                "optional": true
              }
            },
            "block_types": {
              "schedule": {
                "nesting_mode": "list",
                "block": {
                  "block_types": {
                    "schedule_end_date": {
                      "nesting_mode": "list",
                      "block": {
                        "attributes": {
                          "day": {
                            "type": "number",
                            "required": true
                          },
                          "month": {
                            "type": "number",
                            "required": true
                          },
                          "year": {
                            "type": "number",
                            "required": true
                          }
                        }
                      },
                      "max_items": 1
                    },
                    "schedule_start_date": {
                      "nesting_mode": "list",
                      "block": {
                        "attributes": {
                          "day": {
                            "type": "number",
                            "required": true
                          },
                          "month": {
                            "type": "number",
                            "required": true
                          },
                          "year": {
                            "type": "number",
                            "required": true
                          }
                        }
                      },
                      "min_items": 1,
                      "max_items": 1
                    },
                    "start_time_of_day": {
                      "nesting_mode": "list",
                      "block": {
                        "attributes": {
                          "hours": {
                            "type": "number",
                            "required": true
                          },
                          "minutes": {
                            "type": "number",
                            "required": true
                          },
                          "nanos": {
                            "type": "number",
                            "required": true
                          },
                          "seconds": {
                            "type": "number",
                            "required": true
                          }
                        }
                      },
                      "max_items": 1
                    }
                  }
                },
                "min_items": 1,
                "max_items": 1
              },
              "transfer_spec": {
                "nesting_mode": "list",
                "block": {
                  "block_types": {
                    "aws_s3_data_source": {
                      "nesting_mode": "list",
                      "block": {
                        "attributes": {
                          "bucket_name": {
                            "type": "string",
                            "required": true
                          }
                        },
                        "block_types": {
                          "aws_access_key": {
                            "nesting_mode": "list",
                            "block": {
                              "attributes": {
                                "access_key_id": {
                                  "type": "string",
                                  "required": true,
                                  "sensitive": true
                                },
                                "secret_access_key": {
                                  "type": "string",
                                  "required": true,
                                  "sensitive": true
                                }
                              }
                            },
                            "min_items": 1,
                            "max_items": 1
                          }
                        }
                      },
                      "max_items": 1
                    },
                    "gcs_data_sink": {
                      "nesting_mode": "list",
                      "block": {
                        "attributes": {
                          "bucket_name": {
                            "type": "string",
                            "required": true
                          }
                        }
                      },
                      "max_items": 1
                    },
                    "gcs_data_source": {
                      "nesting_mode": "list",
                      "block": {
                        "attributes": {
                          "bucket_name": {
                            "type": "string",
                            "required": true
                          }
                        }
                      },
                      "max_items": 1
                    },
                    "http_data_source": {
                      "nesting_mode": "list",
                      "block": {
                        "attributes": {
                          "list_url": {
                            "type": "string",
                            "required": true
                          }
                        }
                      },
                      "max_items": 1
                    },
                    "object_conditions": {
                      "nesting_mode": "list",
                      "block": {
                        "attributes": {
                          "exclude_prefixes": {
                            "type": ["list", "string"],
                            "optional": true
                          },
                          "include_prefixes": {
                            "type": ["list", "string"],
                            "optional": true
                          },
                          "max_time_elapsed_since_last_modification": {
                            "type": "string",
                            "optional": true
                          },
                          "min_time_elapsed_since_last_modification": {
                            "type": "string",
                            "optional": true
                          }
                        }
                      },
                      "max_items": 1
                    },
                    "transfer_options": {
                      "nesting_mode": "list",
                      "block": {
                        "attributes": {
                          "delete_objects_from_source_after_transfer": {
                            "type": "bool",
                            "optional": true
                          },
                          "delete_objects_unique_in_sink": {
                            "type": "bool",
                            "optional": true
                          },
                          "overwrite_objects_already_existing_in_sink": {
                            "type": "bool",
                            "optional": true
                          }
                        }
                      },
                      "max_items": 1
                    }
                  }
                },
                "min_items": 1,
                "max_items": 1
              }
            }
          }
        },
        "google_tpu_node": {
          "version": 0,
          "block": {
            "attributes": {
              "accelerator_type": {
                "type": "string",
                "required": true
              },
              "cidr_block": {
                "type": "string",
                "required": true
              },
              "description": {
                "type": "string",
                "optional": true
              },
              "id": {
                "type": "string",
                "optional": true,
                "computed": true
              },
              "labels": {
                "type": ["map", "string"],
                "optional": true
              },
              "name": {
                "type": "string",
                "required": true
              },
              "network": {
                "type": "string",
                "optional": true,
                "computed": true
              },
              "network_endpoints": {
                "type": ["list", ["object", {
                      "ip_address": "string",
                      "port": "number"
                    }
                  ]],
                "computed": true
              },
              "project": {
                "type": "string",
                "optional": true,
                "computed": true
              },
              "service_account": {
                "type": "string",
                "computed": true
              },
              "tensorflow_version": {
                "type": "string",
                "required": true
              },
              "zone": {
                "type": "string",
                "required": true
              }
            },
            "block_types": {
              "scheduling_config": {
                "nesting_mode": "list",
                "block": {
                  "attributes": {
                    "preemptible": {
                      "type": "bool",
                      "optional": true
                    }
                  }
                },
                "max_items": 1
              },
              "timeouts": {
                "nesting_mode": "single",
                "block": {
                  "attributes": {
                    "create": {
                      "type": "string",
                      "optional": true
                    },
                    "delete": {
                      "type": "string",
                      "optional": true
                    },
                    "update": {
                      "type": "string",
                      "optional": true
                    }
                  }
                }
              }
            }
          }
        }
      },
      "data_source_schemas": {
        "google_active_folder": {
          "version": 0,
          "block": {
            "attributes": {
              "display_name": {
                "type": "string",
                "required": true
              },
              "id": {
                "type": "string",
                "optional": true,
                "computed": true
              },
              "name": {
                "type": "string",
                "computed": true
              },
              "parent": {
                "type": "string",
                "required": true
              }
            }
          }
        },
        "google_billing_account": {
          "version": 0,
          "block": {
            "attributes": {
              "billing_account": {
                "type": "string",
                "optional": true
              },
              "display_name": {
                "type": "string",
                "optional": true,
                "computed": true
              },
              "id": {
                "type": "string",
                "optional": true,
                "computed": true
              },
              "name": {
                "type": "string",
                "computed": true
              },
              "open": {
                "type": "bool",
                "optional": true,
                "computed": true
              },
              "project_ids": {
                "type": ["set", "string"],
                "computed": true
              }
            }
          }
        },
        "google_client_config": {
          "version": 0,
          "block": {
            "attributes": {
              "access_token": {
                "type": "string",
                "computed": true,
                "sensitive": true
              },
              "id": {
                "type": "string",
                "optional": true,
                "computed": true
              },
              "project": {
                "type": "string",
                "computed": true
              },
              "region": {
                "type": "string",
                "computed": true
              },
              "zone": {
                "type": "string",
                "computed": true
              }
            }
          }
        },
        "google_client_openid_userinfo": {
          "version": 0,
          "block": {
            "attributes": {
              "email": {
                "type": "string",
                "computed": true
              },
              "id": {
                "type": "string",
                "optional": true,
                "computed": true
              }
            }
          }
        },
        "google_cloudfunctions_function": {
          "version": 0,
          "block": {
            "attributes": {
              "available_memory_mb": {
                "type": "number",
                "computed": true
              },
              "description": {
                "type": "string",
                "computed": true
              },
              "entry_point": {
                "type": "string",
                "computed": true
              },
              "environment_variables": {
                "type": ["map", "string"],
                "computed": true
              },
              "event_trigger": {
                "type": ["list", ["object", {
                      "event_type": "string",
                      "failure_policy": ["list", ["object", {
                            "retry": "bool"
                          }
                        ]],
                      "resource": "string"
                    }
                  ]],
                "computed": true
              },
              "https_trigger_url": {
                "type": "string",
                "computed": true
              },
              "id": {
                "type": "string",
                "optional": true,
                "computed": true
              },
              "labels": {
                "type": ["map", "string"],
                "computed": true
              },
              "max_instances": {
                "type": "number",
                "computed": true
              },
              "name": {
                "type": "string",
                "required": true
              },
              "project": {
                "type": "string",
                "optional": true
              },
              "region": {
                "type": "string",
                "optional": true
              },
              "runtime": {
                "type": "string",
                "computed": true
              },
              "service_account_email": {
                "type": "string",
                "computed": true
              },
              "source_archive_bucket": {
                "type": "string",
                "computed": true
              },
              "source_archive_object": {
                "type": "string",
                "computed": true
              },
              "source_repository": {
                "type": ["list", ["object", {
                      "deployed_url": "string",
                      "url": "string"
                    }
                  ]],
                "computed": true
              },
              "timeout": {
                "type": "number",
                "computed": true
              },
              "trigger_bucket": {
                "type": "string",
                "computed": true
              },
              "trigger_http": {
                "type": "bool",
                "computed": true
              },
              "trigger_topic": {
                "type": "string",
                "computed": true
              },
              "vpc_connector": {
                "type": "string",
                "computed": true
              }
            }
          }
        },
        "google_composer_image_versions": {
          "version": 0,
          "block": {
            "attributes": {
              "id": {
                "type": "string",
                "optional": true,
                "computed": true
              },
              "image_versions": {
                "type": ["list", ["object", {
                      "image_version_id": "string",
                      "supported_python_versions": ["list", "string"]
                    }
                  ]],
                "computed": true
              },
              "project": {
                "type": "string",
                "optional": true,
                "computed": true
              },
              "region": {
                "type": "string",
                "optional": true,
                "computed": true
              }
            }
          }
        },
        "google_compute_address": {
          "version": 0,
          "block": {
            "attributes": {
              "address": {
                "type": "string",
                "computed": true
              },
              "id": {
                "type": "string",
                "optional": true,
                "computed": true
              },
              "name": {
                "type": "string",
                "required": true
              },
              "project": {
                "type": "string",
                "optional": true,
                "computed": true
              },
              "region": {
                "type": "string",
                "optional": true,
                "computed": true
              },
              "self_link": {
                "type": "string",
                "computed": true
              },
              "status": {
                "type": "string",
                "computed": true
              }
            }
          }
        },
        "google_compute_backend_service": {
          "version": 1,
          "block": {
            "attributes": {
              "affinity_cookie_ttl_sec": {
                "type": "number",
                "computed": true
              },
              "backend": {
                "type": ["set", ["object", {
                      "balancing_mode": "string",
                      "capacity_scaler": "number",
                      "description": "string",
                      "group": "string",
                      "max_connections": "number",
                      "max_connections_per_endpoint": "number",
                      "max_connections_per_instance": "number",
                      "max_rate": "number",
                      "max_rate_per_endpoint": "number",
                      "max_rate_per_instance": "number",
                      "max_utilization": "number"
                    }
                  ]],
                "computed": true
              },
              "cdn_policy": {
                "type": ["list", ["object", {
                      "cache_key_policy": ["list", ["object", {
                            "include_host": "bool",
                            "include_protocol": "bool",
                            "include_query_string": "bool",
                            "query_string_blacklist": ["set", "string"],
                            "query_string_whitelist": ["set", "string"]
                          }
                        ]],
                      "signed_url_cache_max_age_sec": "number"
                    }
                  ]],
                "computed": true
              },
              "connection_draining_timeout_sec": {
                "type": "number",
                "computed": true
              },
              "creation_timestamp": {
                "type": "string",
                "computed": true
              },
              "description": {
                "type": "string",
                "computed": true
              },
              "enable_cdn": {
                "type": "bool",
                "computed": true
              },
              "fingerprint": {
                "type": "string",
                "computed": true
              },
              "health_checks": {
                "type": ["set", "string"],
                "computed": true
              },
              "iap": {
                "type": ["list", ["object", {
                      "oauth2_client_id": "string",
                      "oauth2_client_secret": "string",
                      "oauth2_client_secret_sha256": "string"
                    }
                  ]],
                "computed": true
              },
              "id": {
                "type": "string",
                "optional": true,
                "computed": true
              },
              "load_balancing_scheme": {
                "type": "string",
                "computed": true
              },
              "name": {
                "type": "string",
                "required": true
              },
              "port_name": {
                "type": "string",
                "computed": true
              },
              "project": {
                "type": "string",
                "optional": true
              },
              "protocol": {
                "type": "string",
                "computed": true
              },
              "security_policy": {
                "type": "string",
                "computed": true
              },
              "self_link": {
                "type": "string",
                "computed": true
              },
              "session_affinity": {
                "type": "string",
                "computed": true
              },
              "timeout_sec": {
                "type": "number",
                "computed": true
              }
            }
          }
        },
        "google_compute_default_service_account": {
          "version": 0,
          "block": {
            "attributes": {
              "display_name": {
                "type": "string",
                "computed": true
              },
              "email": {
                "type": "string",
                "computed": true
              },
              "id": {
                "type": "string",
                "optional": true,
                "computed": true
              },
              "name": {
                "type": "string",
                "computed": true
              },
              "project": {
                "type": "string",
                "optional": true,
                "computed": true
              },
              "unique_id": {
                "type": "string",
                "computed": true
              }
            }
          }
        },
        "google_compute_forwarding_rule": {
          "version": 0,
          "block": {
            "attributes": {
              "backend_service": {
                "type": "string",
                "computed": true
              },
              "description": {
                "type": "string",
                "computed": true
              },
              "id": {
                "type": "string",
                "optional": true,
                "computed": true
              },
              "ip_address": {
                "type": "string",
                "computed": true
              },
              "ip_protocol": {
                "type": "string",
                "computed": true
              },
              "load_balancing_scheme": {
                "type": "string",
                "computed": true
              },
              "name": {
                "type": "string",
                "required": true
              },
              "network": {
                "type": "string",
                "computed": true
              },
              "port_range": {
                "type": "string",
                "computed": true
              },
              "ports": {
                "type": ["set", "string"],
                "computed": true
              },
              "project": {
                "type": "string",
                "optional": true,
                "computed": true
              },
              "region": {
                "type": "string",
                "optional": true,
                "computed": true
              },
              "self_link": {
                "type": "string",
                "computed": true
              },
              "subnetwork": {
                "type": "string",
                "computed": true
              },
              "target": {
                "type": "string",
                "computed": true
              }
            }
          }
        },
        "google_compute_global_address": {
          "version": 0,
          "block": {
            "attributes": {
              "address": {
                "type": "string",
                "computed": true
              },
              "id": {
                "type": "string",
                "optional": true,
                "computed": true
              },
              "name": {
                "type": "string",
                "required": true
              },
              "project": {
                "type": "string",
                "optional": true,
                "computed": true
              },
              "self_link": {
                "type": "string",
                "computed": true
              },
              "status": {
                "type": "string",
                "computed": true
              }
            }
          }
        },
        "google_compute_image": {
          "version": 0,
          "block": {
            "attributes": {
              "archive_size_bytes": {
                "type": "number",
                "computed": true
              },
              "creation_timestamp": {
                "type": "string",
                "computed": true
              },
              "description": {
                "type": "string",
                "computed": true
              },
              "disk_size_gb": {
                "type": "number",
                "computed": true
              },
              "family": {
                "type": "string",
                "optional": true,
                "computed": true
              },
              "id": {
                "type": "string",
                "optional": true,
                "computed": true
              },
              "image_encryption_key_sha256": {
                "type": "string",
                "computed": true
              },
              "image_id": {
                "type": "string",
                "computed": true
              },
              "label_fingerprint": {
                "type": "string",
                "computed": true
              },
              "labels": {
                "type": ["map", "string"],
                "computed": true
              },
              "licenses": {
                "type": ["list", "string"],
                "computed": true
              },
              "name": {
                "type": "string",
                "optional": true,
                "computed": true
              },
              "project": {
                "type": "string",
                "optional": true,
                "computed": true
              },
              "self_link": {
                "type": "string",
                "computed": true
              },
              "source_disk": {
                "type": "string",
                "computed": true
              },
              "source_disk_encryption_key_sha256": {
                "type": "string",
                "computed": true
              },
              "source_disk_id": {
                "type": "string",
                "computed": true
              },
              "source_image_id": {
                "type": "string",
                "computed": true
              },
              "status": {
                "type": "string",
                "computed": true
              }
            }
          }
        },
        "google_compute_instance": {
          "version": 6,
          "block": {
            "attributes": {
              "allow_stopping_for_update": {
                "type": "bool",
                "computed": true
              },
              "attached_disk": {
                "type": ["list", ["object", {
                      "device_name": "string",
                      "disk_encryption_key_raw": "string",
                      "disk_encryption_key_sha256": "string",
                      "kms_key_self_link": "string",
                      "mode": "string",
                      "source": "string"
                    }
                  ]],
                "computed": true
              },
              "boot_disk": {
                "type": ["list", ["object", {
                      "auto_delete": "bool",
                      "device_name": "string",
                      "disk_encryption_key_raw": "string",
                      "disk_encryption_key_sha256": "string",
                      "initialize_params": ["list", ["object", {
                            "image": "string",
                            "labels": ["map", "string"],
                            "size": "number",
                            "type": "string"
                          }
                        ]],
                      "kms_key_self_link": "string",
                      "mode": "string",
                      "source": "string"
                    }
                  ]],
                "computed": true
              },
              "can_ip_forward": {
                "type": "bool",
                "computed": true
              },
              "cpu_platform": {
                "type": "string",
                "computed": true
              },
              "deletion_protection": {
                "type": "bool",
                "computed": true
              },
              "description": {
                "type": "string",
                "computed": true
              },
              "disk": {
                "type": ["list", ["object", {
                      "auto_delete": "bool",
                      "device_name": "string",
                      "disk": "string",
                      "disk_encryption_key_raw": "string",
                      "disk_encryption_key_sha256": "string",
                      "image": "string",
                      "scratch": "bool",
                      "size": "number",
                      "type": "string"
                    }
                  ]],
                "computed": true
              },
              "guest_accelerator": {
                "type": ["list", ["object", {
                      "count": "number",
                      "type": "string"
                    }
                  ]],
                "computed": true
              },
              "hostname": {
                "type": "string",
                "computed": true
              },
              "id": {
                "type": "string",
                "optional": true,
                "computed": true
              },
              "instance_id": {
                "type": "string",
                "computed": true
              },
              "label_fingerprint": {
                "type": "string",
                "computed": true
              },
              "labels": {
                "type": ["map", "string"],
                "computed": true
              },
              "machine_type": {
                "type": "string",
                "computed": true
              },
              "metadata": {
                "type": ["map", "string"],
                "computed": true
              },
              "metadata_fingerprint": {
                "type": "string",
                "computed": true
              },
              "metadata_startup_script": {
                "type": "string",
                "computed": true
              },
              "min_cpu_platform": {
                "type": "string",
                "computed": true
              },
              "name": {
                "type": "string",
                "optional": true
              },
              "network_interface": {
                "type": ["list", ["object", {
                      "access_config": ["list", ["object", {
                            "assigned_nat_ip": "string",
                            "nat_ip": "string",
                            "network_tier": "string",
                            "public_ptr_domain_name": "string"
                          }
                        ]],
                      "address": "string",
                      "alias_ip_range": ["list", ["object", {
                            "ip_cidr_range": "string",
                            "subnetwork_range_name": "string"
                          }
                        ]],
                      "name": "string",
                      "network": "string",
                      "network_ip": "string",
                      "subnetwork": "string",
                      "subnetwork_project": "string"
                    }
                  ]],
                "computed": true
              },
              "project": {
                "type": "string",
                "optional": true
              },
              "scheduling": {
                "type": ["list", ["object", {
                      "automatic_restart": "bool",
                      "node_affinities": ["set", ["object", {
                            "key": "string",
                            "operator": "string",
                            "values": ["set", "string"]
                          }
                        ]],
                      "on_host_maintenance": "string",
                      "preemptible": "bool"
                    }
                  ]],
                "computed": true
              },
              "scratch_disk": {
                "type": ["list", ["object", {
                      "interface": "string"
                    }
                  ]],
                "computed": true
              },
              "self_link": {
                "type": "string",
                "optional": true
              },
              "service_account": {
                "type": ["list", ["object", {
                      "email": "string",
                      "scopes": ["set", "string"]
                    }
                  ]],
                "computed": true
              },
              "shielded_instance_config": {
                "type": ["list", ["object", {
                      "enable_integrity_monitoring": "bool",
                      "enable_secure_boot": "bool",
                      "enable_vtpm": "bool"
                    }
                  ]],
                "computed": true
              },
              "tags": {
                "type": ["set", "string"],
                "computed": true
              },
              "tags_fingerprint": {
                "type": "string",
                "computed": true
              },
              "zone": {
                "type": "string",
                "optional": true
              }
            }
          }
        },
        "google_compute_instance_group": {
          "version": 2,
          "block": {
            "attributes": {
              "description": {
                "type": "string",
                "computed": true
              },
              "id": {
                "type": "string",
                "optional": true,
                "computed": true
              },
              "instances": {
                "type": ["set", "string"],
                "computed": true
              },
              "name": {
                "type": "string",
                "optional": true
              },
              "named_port": {
                "type": ["list", ["object", {
                      "name": "string",
                      "port": "number"
                    }
                  ]],
                "computed": true
              },
              "network": {
                "type": "string",
                "computed": true
              },
              "project": {
                "type": "string",
                "optional": true,
                "computed": true
              },
              "self_link": {
                "type": "string",
                "optional": true,
                "computed": true
              },
              "size": {
                "type": "number",
                "computed": true
              },
              "zone": {
                "type": "string",
                "optional": true,
                "computed": true
              }
            }
          }
        },
        "google_compute_lb_ip_ranges": {
          "version": 0,
          "block": {
            "attributes": {
              "http_ssl_tcp_internal": {
                "type": ["list", "string"],
                "computed": true
              },
              "id": {
                "type": "string",
                "optional": true,
                "computed": true
              },
              "network": {
                "type": ["list", "string"],
                "computed": true
              }
            }
          }
        },
        "google_compute_network": {
          "version": 0,
          "block": {
            "attributes": {
              "description": {
                "type": "string",
                "computed": true
              },
              "gateway_ipv4": {
                "type": "string",
                "computed": true
              },
              "id": {
                "type": "string",
                "optional": true,
                "computed": true
              },
              "name": {
                "type": "string",
                "required": true
              },
              "project": {
                "type": "string",
                "optional": true
              },
              "self_link": {
                "type": "string",
                "computed": true
              },
              "subnetworks_self_links": {
                "type": ["list", "string"],
                "computed": true
              }
            }
          }
        },
        "google_compute_network_endpoint_group": {
          "version": 0,
          "block": {
            "attributes": {
              "default_port": {
                "type": "number",
                "computed": true
              },
              "description": {
                "type": "string",
                "computed": true
              },
              "id": {
                "type": "string",
                "optional": true,
                "computed": true
              },
              "name": {
                "type": "string",
                "optional": true
              },
              "network": {
                "type": "string",
                "computed": true
              },
              "network_endpoint_type": {
                "type": "string",
                "computed": true
              },
              "project": {
                "type": "string",
                "computed": true
              },
              "self_link": {
                "type": "string",
                "optional": true
              },
              "size": {
                "type": "number",
                "computed": true
              },
              "subnetwork": {
                "type": "string",
                "computed": true
              },
              "zone": {
                "type": "string",
                "optional": true
              }
            }
          }
        },
        "google_compute_node_types": {
          "version": 0,
          "block": {
            "attributes": {
              "id": {
                "type": "string",
                "optional": true,
                "computed": true
              },
              "names": {
                "type": ["list", "string"],
                "computed": true
              },
              "project": {
                "type": "string",
                "optional": true,
                "computed": true
              },
              "zone": {
                "type": "string",
                "optional": true,
                "computed": true
              }
            }
          }
        },
        "google_compute_region_instance_group": {
          "version": 0,
          "block": {
            "attributes": {
              "id": {
                "type": "string",
                "optional": true,
                "computed": true
              },
              "instances": {
                "type": ["list", ["object", {
                      "instance": "string",
                      "named_ports": ["list", ["object", {
                            "name": "string",
                            "port": "number"
                          }
                        ]],
                      "status": "string"
                    }
                  ]],
                "computed": true
              },
              "name": {
                "type": "string",
                "optional": true,
                "computed": true
              },
              "project": {
                "type": "string",
                "optional": true,
                "computed": true
              },
              "region": {
                "type": "string",
                "optional": true,
                "computed": true
              },
              "self_link": {
                "type": "string",
                "optional": true,
                "computed": true
              },
              "size": {
                "type": "number",
                "computed": true
              }
            }
          }
        },
        "google_compute_regions": {
          "version": 0,
          "block": {
            "attributes": {
              "id": {
                "type": "string",
                "optional": true,
                "computed": true
              },
              "names": {
                "type": ["list", "string"],
                "computed": true
              },
              "project": {
                "type": "string",
                "optional": true,
                "computed": true
              },
              "status": {
                "type": "string",
                "optional": true
              }
            }
          }
        },
        "google_compute_ssl_certificate": {
          "version": 0,
          "block": {
            "attributes": {
              "certificate": {
                "type": "string",
                "computed": true
              },
              "certificate_id": {
                "type": "number",
                "computed": true
              },
              "creation_timestamp": {
                "type": "string",
                "computed": true
              },
              "description": {
                "type": "string",
                "computed": true
              },
              "id": {
                "type": "string",
                "optional": true,
                "computed": true
              },
              "name": {
                "type": "string",
                "required": true
              },
              "name_prefix": {
                "type": "string",
                "computed": true
              },
              "private_key": {
                "type": "string",
                "computed": true
              },
              "project": {
                "type": "string",
                "optional": true
              },
              "self_link": {
                "type": "string",
                "computed": true
              }
            }
          }
        },
        "google_compute_ssl_policy": {
          "version": 0,
          "block": {
            "attributes": {
              "creation_timestamp": {
                "type": "string",
                "computed": true
              },
              "custom_features": {
                "type": ["set", "string"],
                "computed": true
              },
              "description": {
                "type": "string",
                "computed": true
              },
              "enabled_features": {
                "type": ["set", "string"],
                "computed": true
              },
              "fingerprint": {
                "type": "string",
                "computed": true
              },
              "id": {
                "type": "string",
                "optional": true,
                "computed": true
              },
              "min_tls_version": {
                "type": "string",
                "computed": true
              },
              "name": {
                "type": "string",
                "required": true
              },
              "profile": {
                "type": "string",
                "computed": true
              },
              "project": {
                "type": "string",
                "optional": true
              },
              "self_link": {
                "type": "string",
                "computed": true
              }
            }
          }
        },
        "google_compute_subnetwork": {
          "version": 0,
          "block": {
            "attributes": {
              "description": {
                "type": "string",
                "computed": true
              },
              "gateway_address": {
                "type": "string",
                "computed": true
              },
              "id": {
                "type": "string",
                "optional": true,
                "computed": true
              },
              "ip_cidr_range": {
                "type": "string",
                "computed": true
              },
              "name": {
                "type": "string",
                "optional": true
              },
              "network": {
                "type": "string",
                "computed": true
              },
              "private_ip_google_access": {
                "type": "bool",
                "computed": true
              },
              "project": {
                "type": "string",
                "optional": true,
                "computed": true
              },
              "region": {
                "type": "string",
                "optional": true,
                "computed": true
              },
              "secondary_ip_range": {
                "type": ["list", ["object", {
                      "ip_cidr_range": "string",
                      "range_name": "string"
                    }
                  ]],
                "computed": true
              },
              "self_link": {
                "type": "string",
                "optional": true,
                "computed": true
              }
            }
          }
        },
        "google_compute_vpn_gateway": {
          "version": 0,
          "block": {
            "attributes": {
              "description": {
                "type": "string",
                "computed": true
              },
              "id": {
                "type": "string",
                "optional": true,
                "computed": true
              },
              "name": {
                "type": "string",
                "required": true
              },
              "network": {
                "type": "string",
                "computed": true
              },
              "project": {
                "type": "string",
                "optional": true,
                "computed": true
              },
              "region": {
                "type": "string",
                "optional": true,
                "computed": true
              },
              "self_link": {
                "type": "string",
                "computed": true
              }
            }
          }
        },
        "google_compute_zones": {
          "version": 0,
          "block": {
            "attributes": {
              "id": {
                "type": "string",
                "optional": true,
                "computed": true
              },
              "names": {
                "type": ["list", "string"],
                "computed": true
              },
              "project": {
                "type": "string",
                "optional": true,
                "computed": true
              },
              "region": {
                "type": "string",
                "optional": true
              },
              "status": {
                "type": "string",
                "optional": true
              }
            }
          }
        },
        "google_container_cluster": {
          "version": 1,
          "block": {
            "attributes": {
              "additional_zones": {
                "type": ["set", "string"],
                "computed": true
              },
              "addons_config": {
                "type": ["list", ["object", {
                      "horizontal_pod_autoscaling": ["list", ["object", {
                            "disabled": "bool"
                          }
                        ]],
                      "http_load_balancing": ["list", ["object", {
                            "disabled": "bool"
                          }
                        ]],
                      "kubernetes_dashboard": ["list", ["object", {
                            "disabled": "bool"
                          }
                        ]],
                      "network_policy_config": ["list", ["object", {
                            "disabled": "bool"
                          }
                        ]]
                    }
                  ]],
                "computed": true
              },
              "cluster_autoscaling": {
                "type": ["list", ["object", {
                      "enabled": "bool",
                      "resource_limits": ["list", ["object", {
                            "maximum": "number",
                            "minimum": "number",
                            "resource_type": "string"
                          }
                        ]]
                    }
                  ]],
                "computed": true
              },
              "cluster_ipv4_cidr": {
                "type": "string",
                "computed": true
              },
              "default_max_pods_per_node": {
                "type": "number",
                "computed": true
              },
              "description": {
                "type": "string",
                "computed": true
              },
              "enable_binary_authorization": {
                "type": "bool",
                "computed": true
              },
              "enable_intranode_visibility": {
                "type": "bool",
                "computed": true
              },
              "enable_kubernetes_alpha": {
                "type": "bool",
                "computed": true
              },
              "enable_legacy_abac": {
                "type": "bool",
                "computed": true
              },
              "enable_tpu": {
                "type": "bool",
                "computed": true
              },
              "endpoint": {
                "type": "string",
                "computed": true
              },
              "id": {
                "type": "string",
                "optional": true,
                "computed": true
              },
              "initial_node_count": {
                "type": "number",
                "computed": true
              },
              "instance_group_urls": {
                "type": ["list", "string"],
                "computed": true
              },
              "ip_allocation_policy": {
                "type": ["list", ["object", {
                      "cluster_ipv4_cidr_block": "string",
                      "cluster_secondary_range_name": "string",
                      "create_subnetwork": "bool",
                      "node_ipv4_cidr_block": "string",
                      "services_ipv4_cidr_block": "string",
                      "services_secondary_range_name": "string",
                      "subnetwork_name": "string",
                      "use_ip_aliases": "bool"
                    }
                  ]],
                "computed": true
              },
              "location": {
                "type": "string",
                "optional": true
              },
              "logging_service": {
                "type": "string",
                "computed": true
              },
              "maintenance_policy": {
                "type": ["list", ["object", {
                      "daily_maintenance_window": ["list", ["object", {
                            "duration": "string",
                            "start_time": "string"
                          }
                        ]]
                    }
                  ]],
                "computed": true
              },
              "master_auth": {
                "type": ["list", ["object", {
                      "client_certificate": "string",
                      "client_certificate_config": ["list", ["object", {
                            "issue_client_certificate": "bool"
                          }
                        ]],
                      "client_key": "string",
                      "cluster_ca_certificate": "string",
                      "password": "string",
                      "username": "string"
                    }
                  ]],
                "computed": true
              },
              "master_authorized_networks_config": {
                "type": ["list", ["object", {
                      "cidr_blocks": ["set", ["object", {
                            "cidr_block": "string",
                            "display_name": "string"
                          }
                        ]]
                    }
                  ]],
                "computed": true
              },
              "master_version": {
                "type": "string",
                "computed": true
              },
              "min_master_version": {
                "type": "string",
                "computed": true
              },
              "monitoring_service": {
                "type": "string",
                "computed": true
              },
              "name": {
                "type": "string",
                "required": true
              },
              "network": {
                "type": "string",
                "computed": true
              },
              "network_policy": {
                "type": ["list", ["object", {
                      "enabled": "bool",
                      "provider": "string"
                    }
                  ]],
                "computed": true
              },
              "node_config": {
                "type": ["list", ["object", {
                      "disk_size_gb": "number",
                      "disk_type": "string",
                      "guest_accelerator": ["list", ["object", {
                            "count": "number",
                            "type": "string"
                          }
                        ]],
                      "image_type": "string",
                      "labels": ["map", "string"],
                      "local_ssd_count": "number",
                      "machine_type": "string",
                      "metadata": ["map", "string"],
                      "min_cpu_platform": "string",
                      "oauth_scopes": ["set", "string"],
                      "preemptible": "bool",
                      "sandbox_config": ["list", ["object", {
                            "sandbox_type": "string"
                          }
                        ]],
                      "service_account": "string",
                      "shielded_instance_config": ["list", ["object", {
                            "enable_integrity_monitoring": "bool",
                            "enable_secure_boot": "bool"
                          }
                        ]],
                      "tags": ["list", "string"],
                      "taint": ["list", ["object", {
                            "effect": "string",
                            "key": "string",
                            "value": "string"
                          }
                        ]],
                      "workload_metadata_config": ["list", ["object", {
                            "node_metadata": "string"
                          }
                        ]]
                    }
                  ]],
                "computed": true
              },
              "node_locations": {
                "type": ["set", "string"],
                "computed": true
              },
              "node_pool": {
                "type": ["list", ["object", {
                      "autoscaling": ["list", ["object", {
                            "max_node_count": "number",
                            "min_node_count": "number"
                          }
                        ]],
                      "initial_node_count": "number",
                      "instance_group_urls": ["list", "string"],
                      "management": ["list", ["object", {
                            "auto_repair": "bool",
                            "auto_upgrade": "bool"
                          }
                        ]],
                      "max_pods_per_node": "number",
                      "name": "string",
                      "name_prefix": "string",
                      "node_config": ["list", ["object", {
                            "disk_size_gb": "number",
                            "disk_type": "string",
                            "guest_accelerator": ["list", ["object", {
                                  "count": "number",
                                  "type": "string"
                                }
                              ]],
                            "image_type": "string",
                            "labels": ["map", "string"],
                            "local_ssd_count": "number",
                            "machine_type": "string",
                            "metadata": ["map", "string"],
                            "min_cpu_platform": "string",
                            "oauth_scopes": ["set", "string"],
                            "preemptible": "bool",
                            "sandbox_config": ["list", ["object", {
                                  "sandbox_type": "string"
                                }
                              ]],
                            "service_account": "string",
                            "shielded_instance_config": ["list", ["object", {
                                  "enable_integrity_monitoring": "bool",
                                  "enable_secure_boot": "bool"
                                }
                              ]],
                            "tags": ["list", "string"],
                            "taint": ["list", ["object", {
                                  "effect": "string",
                                  "key": "string",
                                  "value": "string"
                                }
                              ]],
                            "workload_metadata_config": ["list", ["object", {
                                  "node_metadata": "string"
                                }
                              ]]
                          }
                        ]],
                      "node_count": "number",
                      "version": "string"
                    }
                  ]],
                "computed": true
              },
              "node_version": {
                "type": "string",
                "computed": true
              },
              "pod_security_policy_config": {
                "type": ["list", ["object", {
                      "enabled": "bool"
                    }
                  ]],
                "computed": true
              },
              "private_cluster_config": {
                "type": ["list", ["object", {
                      "enable_private_endpoint": "bool",
                      "enable_private_nodes": "bool",
                      "master_ipv4_cidr_block": "string",
                      "private_endpoint": "string",
                      "public_endpoint": "string"
                    }
                  ]],
                "computed": true
              },
              "project": {
                "type": "string",
                "optional": true
              },
              "region": {
                "type": "string",
                "optional": true
              },
              "remove_default_node_pool": {
                "type": "bool",
                "computed": true
              },
              "resource_labels": {
                "type": ["map", "string"],
                "computed": true
              },
              "services_ipv4_cidr": {
                "type": "string",
                "computed": true
              },
              "subnetwork": {
                "type": "string",
                "computed": true
              },
              "zone": {
                "type": "string",
                "optional": true
              }
            }
          }
        },
        "google_container_engine_versions": {
          "version": 0,
          "block": {
            "attributes": {
              "default_cluster_version": {
                "type": "string",
                "computed": true
              },
              "id": {
                "type": "string",
                "optional": true,
                "computed": true
              },
              "latest_master_version": {
                "type": "string",
                "computed": true
              },
              "latest_node_version": {
                "type": "string",
                "computed": true
              },
              "location": {
                "type": "string",
                "optional": true
              },
              "project": {
                "type": "string",
                "optional": true
              },
              "region": {
                "type": "string",
                "optional": true
              },
              "valid_master_versions": {
                "type": ["list", "string"],
                "computed": true
              },
              "valid_node_versions": {
                "type": ["list", "string"],
                "computed": true
              },
              "version_prefix": {
                "type": "string",
                "optional": true
              },
              "zone": {
                "type": "string",
                "optional": true
              }
            }
          }
        },
        "google_container_registry_image": {
          "version": 0,
          "block": {
            "attributes": {
              "digest": {
                "type": "string",
                "optional": true
              },
              "id": {
                "type": "string",
                "optional": true,
                "computed": true
              },
              "image_url": {
                "type": "string",
                "computed": true
              },
              "name": {
                "type": "string",
                "required": true
              },
              "project": {
                "type": "string",
                "optional": true,
                "computed": true
              },
              "region": {
                "type": "string",
                "optional": true
              },
              "tag": {
                "type": "string",
                "optional": true
              }
            }
          }
        },
        "google_container_registry_repository": {
          "version": 0,
          "block": {
            "attributes": {
              "id": {
                "type": "string",
                "optional": true,
                "computed": true
              },
              "project": {
                "type": "string",
                "optional": true,
                "computed": true
              },
              "region": {
                "type": "string",
                "optional": true
              },
              "repository_url": {
                "type": "string",
                "computed": true
              }
            }
          }
        },
        "google_dns_managed_zone": {
          "version": 0,
          "block": {
            "attributes": {
              "description": {
                "type": "string",
                "computed": true
              },
              "dns_name": {
                "type": "string",
                "computed": true
              },
              "id": {
                "type": "string",
                "optional": true,
                "computed": true
              },
              "name": {
                "type": "string",
                "required": true
              },
              "name_servers": {
                "type": ["set", "string"],
                "computed": true
              },
              "project": {
                "type": "string",
                "optional": true
              }
            }
          }
        },
        "google_folder": {
          "version": 0,
          "block": {
            "attributes": {
              "create_time": {
                "type": "string",
                "computed": true
              },
              "display_name": {
                "type": "string",
                "computed": true
              },
              "folder": {
                "type": "string",
                "required": true
              },
              "id": {
                "type": "string",
                "optional": true,
                "computed": true
              },
              "lifecycle_state": {
                "type": "string",
                "computed": true
              },
              "lookup_organization": {
                "type": "bool",
                "optional": true
              },
              "name": {
                "type": "string",
                "computed": true
              },
              "organization": {
                "type": "string",
                "computed": true
              },
              "parent": {
                "type": "string",
                "computed": true
              }
            }
          }
        },
        "google_folder_organization_policy": {
          "version": 0,
          "block": {
            "attributes": {
              "boolean_policy": {
                "type": ["list", ["object", {
                      "enforced": "bool"
                    }
                  ]],
                "computed": true
              },
              "constraint": {
                "type": "string",
                "required": true
              },
              "etag": {
                "type": "string",
                "computed": true
              },
              "folder": {
                "type": "string",
                "required": true
              },
              "id": {
                "type": "string",
                "optional": true,
                "computed": true
              },
              "list_policy": {
                "type": ["list", ["object", {
                      "allow": ["list", ["object", {
                            "all": "bool",
                            "values": ["set", "string"]
                          }
                        ]],
                      "deny": ["list", ["object", {
                            "all": "bool",
                            "values": ["set", "string"]
                          }
                        ]],
                      "inherit_from_parent": "bool",
                      "suggested_value": "string"
                    }
                  ]],
                "computed": true
              },
              "restore_policy": {
                "type": ["list", ["object", {
                      "default": "bool"
                    }
                  ]],
                "computed": true
              },
              "update_time": {
                "type": "string",
                "computed": true
              },
              "version": {
                "type": "number",
                "computed": true
              }
            }
          }
        },
        "google_iam_policy": {
          "version": 0,
          "block": {
            "attributes": {
              "id": {
                "type": "string",
                "optional": true,
                "computed": true
              },
              "policy_data": {
                "type": "string",
                "computed": true
              }
            },
            "block_types": {
              "audit_config": {
                "nesting_mode": "set",
                "block": {
                  "attributes": {
                    "service": {
                      "type": "string",
                      "required": true
                    }
                  },
                  "block_types": {
                    "audit_log_configs": {
                      "nesting_mode": "set",
                      "block": {
                        "attributes": {
                          "exempted_members": {
                            "type": ["set", "string"],
                            "optional": true
                          },
                          "log_type": {
                            "type": "string",
                            "required": true
                          }
                        }
                      },
                      "min_items": 1
                    }
                  }
                }
              },
              "binding": {
                "nesting_mode": "set",
                "block": {
                  "attributes": {
                    "members": {
                      "type": ["set", "string"],
                      "required": true
                    },
                    "role": {
                      "type": "string",
                      "required": true
                    }
                  }
                },
                "min_items": 1
              }
            }
          }
        },
        "google_iam_role": {
          "version": 0,
          "block": {
            "attributes": {
              "id": {
                "type": "string",
                "optional": true,
                "computed": true
              },
              "included_permissions": {
                "type": ["list", "string"],
                "computed": true
              },
              "name": {
                "type": "string",
                "required": true
              },
              "stage": {
                "type": "string",
                "computed": true
              },
              "title": {
                "type": "string",
                "computed": true
              }
            }
          }
        },
        "google_kms_crypto_key": {
          "version": 1,
          "block": {
            "attributes": {
              "id": {
                "type": "string",
                "optional": true,
                "computed": true
              },
              "key_ring": {
                "type": "string",
                "required": true
              },
              "labels": {
                "type": ["map", "string"],
                "computed": true
              },
              "name": {
                "type": "string",
                "required": true
              },
              "purpose": {
                "type": "string",
                "computed": true
              },
              "rotation_period": {
                "type": "string",
                "computed": true
              },
              "self_link": {
                "type": "string",
                "computed": true
              },
              "version_template": {
                "type": ["list", ["object", {
                      "algorithm": "string",
                      "protection_level": "string"
                    }
                  ]],
                "computed": true
              }
            }
          }
        },
        "google_kms_crypto_key_version": {
          "version": 0,
          "block": {
            "attributes": {
              "algorithm": {
                "type": "string",
                "computed": true
              },
              "crypto_key": {
                "type": "string",
                "required": true
              },
              "id": {
                "type": "string",
                "optional": true,
                "computed": true
              },
              "protection_level": {
                "type": "string",
                "computed": true
              },
              "state": {
                "type": "string",
                "computed": true
              },
              "version": {
                "type": "number",
                "optional": true
              }
            },
            "block_types": {
              "public_key": {
                "nesting_mode": "list",
                "block": {
                  "attributes": {
                    "algorithm": {
                      "type": "string",
                      "computed": true
                    },
                    "pem": {
                      "type": "string",
                      "computed": true
                    }
                  }
                },
                "max_items": 1
              }
            }
          }
        },
        "google_kms_key_ring": {
          "version": 0,
          "block": {
            "attributes": {
              "id": {
                "type": "string",
                "optional": true,
                "computed": true
              },
              "location": {
                "type": "string",
                "required": true
              },
              "name": {
                "type": "string",
                "required": true
              },
              "project": {
                "type": "string",
                "optional": true
              },
              "self_link": {
                "type": "string",
                "computed": true
              }
            }
          }
        },
        "google_kms_secret": {
          "version": 0,
          "block": {
            "attributes": {
              "ciphertext": {
                "type": "string",
                "required": true
              },
              "crypto_key": {
                "type": "string",
                "required": true
              },
              "id": {
                "type": "string",
                "optional": true,
                "computed": true
              },
              "plaintext": {
                "type": "string",
                "computed": true,
                "sensitive": true
              }
            }
          }
        },
        "google_kms_secret_ciphertext": {
          "version": 0,
          "block": {
            "attributes": {
              "ciphertext": {
                "type": "string",
                "computed": true
              },
              "crypto_key": {
                "type": "string",
                "required": true
              },
              "id": {
                "type": "string",
                "optional": true,
                "computed": true
              },
              "plaintext": {
                "type": "string",
                "required": true,
                "sensitive": true
              }
            }
          }
        },
        "google_netblock_ip_ranges": {
          "version": 0,
          "block": {
            "attributes": {
              "cidr_blocks": {
                "type": ["list", "string"],
                "computed": true
              },
              "cidr_blocks_ipv4": {
                "type": ["list", "string"],
                "computed": true
              },
              "cidr_blocks_ipv6": {
                "type": ["list", "string"],
                "computed": true
              },
              "id": {
                "type": "string",
                "optional": true,
                "computed": true
              },
              "range_type": {
                "type": "string",
                "optional": true
              }
            }
          }
        },
        "google_organization": {
          "version": 0,
          "block": {
            "attributes": {
              "create_time": {
                "type": "string",
                "computed": true
              },
              "directory_customer_id": {
                "type": "string",
                "computed": true
              },
              "domain": {
                "type": "string",
                "optional": true,
                "computed": true
              },
              "id": {
                "type": "string",
                "optional": true,
                "computed": true
              },
              "lifecycle_state": {
                "type": "string",
                "computed": true
              },
              "name": {
                "type": "string",
                "computed": true
              },
              "organization": {
                "type": "string",
                "optional": true
              }
            }
          }
        },
        "google_project": {
          "version": 1,
          "block": {
            "attributes": {
              "app_engine": {
                "type": ["list", ["object", {
                      "auth_domain": "string",
                      "code_bucket": "string",
                      "default_bucket": "string",
                      "default_hostname": "string",
                      "feature_settings": ["list", ["object", {
                            "split_health_checks": "bool"
                          }
                        ]],
                      "gcr_domain": "string",
                      "location_id": "string",
                      "name": "string",
                      "serving_status": "string",
                      "url_dispatch_rule": ["list", ["object", {
                            "domain": "string",
                            "path": "string",
                            "service": "string"
                          }
                        ]]
                    }
                  ]],
                "computed": true
              },
              "auto_create_network": {
                "type": "bool",
                "computed": true
              },
              "billing_account": {
                "type": "string",
                "computed": true
              },
              "folder_id": {
                "type": "string",
                "computed": true
              },
              "id": {
                "type": "string",
                "optional": true,
                "computed": true
              },
              "labels": {
                "type": ["map", "string"],
                "computed": true
              },
              "name": {
                "type": "string",
                "computed": true
              },
              "number": {
                "type": "string",
                "computed": true
              },
              "org_id": {
                "type": "string",
                "computed": true
              },
              "policy_data": {
                "type": "string",
                "computed": true
              },
              "policy_etag": {
                "type": "string",
                "computed": true
              },
              "project_id": {
                "type": "string",
                "optional": true
              },
              "skip_delete": {
                "type": "bool",
                "computed": true
              }
            }
          }
        },
        "google_project_organization_policy": {
          "version": 0,
          "block": {
            "attributes": {
              "boolean_policy": {
                "type": ["list", ["object", {
                      "enforced": "bool"
                    }
                  ]],
                "computed": true
              },
              "constraint": {
                "type": "string",
                "required": true
              },
              "etag": {
                "type": "string",
                "computed": true
              },
              "id": {
                "type": "string",
                "optional": true,
                "computed": true
              },
              "list_policy": {
                "type": ["list", ["object", {
                      "allow": ["list", ["object", {
                            "all": "bool",
                            "values": ["set", "string"]
                          }
                        ]],
                      "deny": ["list", ["object", {
                            "all": "bool",
                            "values": ["set", "string"]
                          }
                        ]],
                      "inherit_from_parent": "bool",
                      "suggested_value": "string"
                    }
                  ]],
                "computed": true
              },
              "project": {
                "type": "string",
                "required": true
              },
              "restore_policy": {
                "type": ["list", ["object", {
                      "default": "bool"
                    }
                  ]],
                "computed": true
              },
              "update_time": {
                "type": "string",
                "computed": true
              },
              "version": {
                "type": "number",
                "computed": true
              }
            }
          }
        },
        "google_project_services": {
          "version": 0,
          "block": {
            "attributes": {
              "disable_on_destroy": {
                "type": "bool",
                "computed": true
              },
              "id": {
                "type": "string",
                "optional": true,
                "computed": true
              },
              "project": {
                "type": "string",
                "optional": true
              },
              "services": {
                "type": ["set", "string"],
                "computed": true
              }
            }
          }
        },
        "google_projects": {
          "version": 0,
          "block": {
            "attributes": {
              "filter": {
                "type": "string",
                "required": true
              },
              "id": {
                "type": "string",
                "optional": true,
                "computed": true
              },
              "projects": {
                "type": ["list", ["object", {
                      "project_id": "string"
                    }
                  ]],
                "computed": true
              }
            }
          }
        },
        "google_service_account": {
          "version": 0,
          "block": {
            "attributes": {
              "account_id": {
                "type": "string",
                "required": true
              },
              "display_name": {
                "type": "string",
                "computed": true
              },
              "email": {
                "type": "string",
                "computed": true
              },
              "id": {
                "type": "string",
                "optional": true,
                "computed": true
              },
              "name": {
                "type": "string",
                "computed": true
              },
              "project": {
                "type": "string",
                "optional": true
              },
              "unique_id": {
                "type": "string",
                "computed": true
              }
            }
          }
        },
        "google_service_account_access_token": {
          "version": 0,
          "block": {
            "attributes": {
              "access_token": {
                "type": "string",
                "computed": true,
                "sensitive": true
              },
              "delegates": {
                "type": ["set", "string"],
                "optional": true
              },
              "id": {
                "type": "string",
                "optional": true,
                "computed": true
              },
              "lifetime": {
                "type": "string",
                "optional": true
              },
              "scopes": {
                "type": ["set", "string"],
                "required": true
              },
              "target_service_account": {
                "type": "string",
                "required": true
              }
            }
          }
        },
        "google_service_account_key": {
          "version": 0,
          "block": {
            "attributes": {
              "id": {
                "type": "string",
                "optional": true,
                "computed": true
              },
              "key_algorithm": {
                "type": "string",
                "computed": true
              },
              "name": {
                "type": "string",
                "required": true
              },
              "project": {
                "type": "string",
                "optional": true
              },
              "public_key": {
                "type": "string",
                "computed": true
              },
              "public_key_type": {
                "type": "string",
                "optional": true
              },
              "service_account_id": {
                "type": "string",
                "optional": true,
                "computed": true
              }
            }
          }
        },
        "google_storage_bucket_object": {
          "version": 0,
          "block": {
            "attributes": {
              "bucket": {
                "type": "string",
                "optional": true
              },
              "cache_control": {
                "type": "string",
                "computed": true
              },
              "content": {
                "type": "string",
                "computed": true
              },
              "content_disposition": {
                "type": "string",
                "computed": true
              },
              "content_encoding": {
                "type": "string",
                "computed": true
              },
              "content_language": {
                "type": "string",
                "computed": true
              },
              "content_type": {
                "type": "string",
                "computed": true
              },
              "crc32c": {
                "type": "string",
                "computed": true
              },
              "detect_md5hash": {
                "type": "string",
                "computed": true
              },
              "id": {
                "type": "string",
                "optional": true,
                "computed": true
              },
              "md5hash": {
                "type": "string",
                "computed": true
              },
              "name": {
                "type": "string",
                "optional": true
              },
              "output_name": {
                "type": "string",
                "computed": true
              },
              "predefined_acl": {
                "type": "string",
                "computed": true
              },
              "self_link": {
                "type": "string",
                "computed": true
              },
              "source": {
                "type": "string",
                "computed": true
              },
              "storage_class": {
                "type": "string",
                "computed": true
              }
            }
          }
        },
        "google_storage_object_signed_url": {
          "version": 0,
          "block": {
            "attributes": {
              "bucket": {
                "type": "string",
                "required": true
              },
              "content_md5": {
                "type": "string",
                "optional": true
              },
              "content_type": {
                "type": "string",
                "optional": true
              },
              "credentials": {
                "type": "string",
                "optional": true
              },
              "duration": {
                "type": "string",
                "optional": true
              },
              "extension_headers": {
                "type": ["map", "string"],
                "optional": true
              },
              "http_method": {
                "type": "string",
                "optional": true
              },
              "id": {
                "type": "string",
                "optional": true,
                "computed": true
              },
              "path": {
                "type": "string",
                "required": true
              },
              "signed_url": {
                "type": "string",
                "computed": true
              }
            }
          }
        },
        "google_storage_project_service_account": {
          "version": 0,
          "block": {
            "attributes": {
              "email_address": {
                "type": "string",
                "computed": true
              },
              "id": {
                "type": "string",
                "optional": true,
                "computed": true
              },
              "project": {
                "type": "string",
                "optional": true,
                "computed": true
              },
              "user_project": {
                "type": "string",
                "optional": true
              }
            }
          }
        },
        "google_storage_transfer_project_service_account": {
          "version": 0,
          "block": {
            "attributes": {
              "email": {
                "type": "string",
                "computed": true
              },
              "id": {
                "type": "string",
                "optional": true,
                "computed": true
              },
              "project": {
                "type": "string",
                "optional": true,
                "computed": true
              }
            }
          }
        },
        "google_tpu_tensorflow_versions": {
          "version": 0,
          "block": {
            "attributes": {
              "id": {
                "type": "string",
                "optional": true,
                "computed": true
              },
              "project": {
                "type": "string",
                "optional": true,
                "computed": true
              },
              "versions": {
                "type": ["list", "string"],
                "computed": true
              },
              "zone": {
                "type": "string",
                "optional": true,
                "computed": true
              }
            }
          }
        }
      }
    }
  }
}
